
Microsoft Visual Studio Solution File, Format Version 12.00
# Visual Studio Version 17
VisualStudioVersion = 17.8.34309.116
MinimumVisualStudioVersion = 10.0.40219.1
Project("{9A19103F-16F7-4668-BE54-9A1E7A4F7556}") = "EventStore.POC.ConnectedSubsystemHost", "src\EventStore.POC.ConnectedSubsystemHost\EventStore.POC.ConnectedSubsystemHost.csproj", "{47303AD6-22C5-4E32-80EB-E97729C1F86E}"
EndProject
Project("{9A19103F-16F7-4668-BE54-9A1E7A4F7556}") = "EventStore.POC.ConnectedSubsystemsPlugin", "src\EventStore.POC.ConnectedSubsystemsPlugin\EventStore.POC.ConnectedSubsystemsPlugin.csproj", "{1787B177-5AD1-449B-9207-6FBFC4B64188}"
EndProject
Project("{9A19103F-16F7-4668-BE54-9A1E7A4F7556}") = "EventStore.POC.ConnectorsEngine", "src\EventStore.POC.ConnectorsEngine\EventStore.POC.ConnectorsEngine.csproj", "{E996C989-C713-4138-AC1E-18727EB3B568}"
EndProject
Project("{9A19103F-16F7-4668-BE54-9A1E7A4F7556}") = "EventStore.POC.ConnectorsPlugin", "src\EventStore.POC.ConnectorsPlugin\EventStore.POC.ConnectorsPlugin.csproj", "{16D20F3B-EB26-426D-8E4B-1809833C47AA}"
EndProject
Project("{9A19103F-16F7-4668-BE54-9A1E7A4F7556}") = "EventStore.POC.IO.Core", "src\EventStore.POC.IO.Core\EventStore.POC.IO.Core.csproj", "{2F4848C6-06B8-4584-9844-88556FC97A1D}"
EndProject
Project("{9A19103F-16F7-4668-BE54-9A1E7A4F7556}") = "EventStore.POC.SampleReceiver", "src\EventStore.POC.SampleReceiver\EventStore.POC.SampleReceiver.csproj", "{2AA80163-A81A-4950-B764-21F2281FD63B}"
EndProject
Project("{9A19103F-16F7-4668-BE54-9A1E7A4F7556}") = "Eventstore.POC.Tests", "src\Eventstore.POC.Tests\Eventstore.POC.Tests.csproj", "{6A9EA355-18AF-41C1-977D-94D89CD45504}"
EndProject
Project("{2150E333-8FDC-42A3-9474-1A3956D46DE8}") = "Solution Items", "Solution Items", "{728F551F-136C-40A8-872D-5AB2261005DF}"
	ProjectSection(SolutionItems) = preProject
		.editorconfig = .editorconfig
		.gitattributes = .gitattributes
		.gitignore = .gitignore
		.gitmodules = .gitmodules
		src\Directory.Build.props = src\Directory.Build.props
		README.md = README.md
	EndProjectSection
EndProject
Project("{2150E333-8FDC-42A3-9474-1A3956D46DE8}") = "EventStore", "EventStore", "{5EFAE02F-844D-424F-89F4-32B3889D974B}"
EndProject
Project("{9A19103F-16F7-4668-BE54-9A1E7A4F7556}") = "EventStore.Core", "EventStore\src\EventStore.Core\EventStore.Core.csproj", "{75AA4C21-DB4D-405F-AE9D-2C0685EA4B63}"
EndProject
Project("{9A19103F-16F7-4668-BE54-9A1E7A4F7556}") = "EventStore.LogV3", "EventStore\src\EventStore.LogV3\EventStore.LogV3.csproj", "{3C6E69F0-1A66-4059-AA3A-CA873FB40280}"
EndProject
Project("{9A19103F-16F7-4668-BE54-9A1E7A4F7556}") = "EventStore.Transport.Http", "EventStore\src\EventStore.Transport.Http\EventStore.Transport.Http.csproj", "{0AB4C774-C99C-4DA6-866C-B3D123F6F3EA}"
EndProject
Project("{9A19103F-16F7-4668-BE54-9A1E7A4F7556}") = "EventStore.Transport.Tcp", "EventStore\src\EventStore.Transport.Tcp\EventStore.Transport.Tcp.csproj", "{3C889032-18C7-4ED8-B967-413FFB7E032C}"
EndProject
Project("{9A19103F-16F7-4668-BE54-9A1E7A4F7556}") = "EventStore.Native", "EventStore\src\EventStore.Native\EventStore.Native.csproj", "{03152C97-B9EE-4C89-AD3B-432A4C374FA3}"
EndProject
Project("{9A19103F-16F7-4668-BE54-9A1E7A4F7556}") = "EventStore.Common", "EventStore\src\EventStore.Common\EventStore.Common.csproj", "{090B4B83-1CCC-4E75-8E93-C153D419315E}"
EndProject
Project("{9A19103F-16F7-4668-BE54-9A1E7A4F7556}") = "EventStore.BufferManagement", "EventStore\src\EventStore.BufferManagement\EventStore.BufferManagement.csproj", "{E49B420F-A4C5-42F5-8545-38B7F98330A9}"
EndProject
Project("{9A19103F-16F7-4668-BE54-9A1E7A4F7556}") = "EventStore.LogCommon", "EventStore\src\EventStore.LogCommon\EventStore.LogCommon.csproj", "{6BC710D6-3BBE-41AE-9BCE-881A23683C05}"
EndProject
Project("{9A19103F-16F7-4668-BE54-9A1E7A4F7556}") = "EventStore.PluginHosting", "EventStore\src\EventStore.PluginHosting\EventStore.PluginHosting.csproj", "{84AEEB0F-2E65-4FA4-ACBC-E64C158E34FF}"
EndProject
Project("{9A19103F-16F7-4668-BE54-9A1E7A4F7556}") = "EventStore.NETCore.Compatibility", "EventStore\src\EventStore.NETCore.Compatibility\EventStore.NETCore.Compatibility.csproj", "{09351690-8210-4EFA-98A0-F521275BCFDC}"
EndProject
Project("{9A19103F-16F7-4668-BE54-9A1E7A4F7556}") = "EventStore.SourceGenerators", "EventStore\src\EventStore.SourceGenerators\EventStore.SourceGenerators.csproj", "{D2855FB6-05D6-448D-AB25-62D3AA5311E6}"
EndProject
Project("{9A19103F-16F7-4668-BE54-9A1E7A4F7556}") = "EventStore.TcpPlugin", "src\EventStore.TcpPlugin\EventStore.TcpPlugin.csproj", "{E910FEA1-5C8E-416E-8161-A55A4A6A0B7E}"
EndProject
Project("{9A19103F-16F7-4668-BE54-9A1E7A4F7556}") = "EventStore.TcpPlugin.Tests", "src\EventStore.TcpPlugin.Tests\EventStore.TcpPlugin.Tests.csproj", "{7DA6C019-192B-4547-9181-812769721E9F}"
EndProject
Project("{9A19103F-16F7-4668-BE54-9A1E7A4F7556}") = "EventStore.TcpUnitTestPlugin", "src\EventStore.TcpUnitTestPlugin\EventStore.TcpUnitTestPlugin.csproj", "{2FB09A97-795B-4648-9BD5-56682DF092B4}"
EndProject
Project("{9A19103F-16F7-4668-BE54-9A1E7A4F7556}") = "EventStore.Core.Tests", "EventStore\src\EventStore.Core.Tests\EventStore.Core.Tests.csproj", "{C217DDF7-B93B-4BC8-9AD5-1E372207F99A}"
EndProject
Project("{9A19103F-16F7-4668-BE54-9A1E7A4F7556}") = "EventStore.ClusterNode", "EventStore\src\EventStore.ClusterNode\EventStore.ClusterNode.csproj", "{363C989B-1D84-4F5D-B6AD-1BD0622F2449}"
EndProject
Project("{9A19103F-16F7-4668-BE54-9A1E7A4F7556}") = "EventStore.Auth.StreamPolicyPlugin", "src\EventStore.Auth.StreamPolicyPlugin\EventStore.Auth.StreamPolicyPlugin.csproj", "{ABB59F9C-BFCE-4565-AC75-B74FAEEEF354}"
EndProject
Project("{9A19103F-16F7-4668-BE54-9A1E7A4F7556}") = "EventStore.Auth.StreamPolicyPlugin.Tests", "src\EventStore.Auth.StreamPolicyPlugin.Tests\EventStore.Auth.StreamPolicyPlugin.Tests.csproj", "{41781FAD-44C9-4058-8F07-622F00FF5C67}"
EndProject
Project("{9A19103F-16F7-4668-BE54-9A1E7A4F7556}") = "EventStore.SystemRuntime", "EventStore\src\EventStore.SystemRuntime\EventStore.SystemRuntime.csproj", "{57287429-49CA-4211-9114-AF4F41C4D0D0}"
EndProject
Project("{9A19103F-16F7-4668-BE54-9A1E7A4F7556}") = "EventStore.AutoScavenge", "src\EventStore.AutoScavenge\EventStore.AutoScavenge.csproj", "{443CE92B-218D-42B2-A46F-98584242AEA7}"
EndProject
Project("{9A19103F-16F7-4668-BE54-9A1E7A4F7556}") = "EventStore.AutoScavenge.Tests", "src\EventStore.AutoScavenge.Tests\EventStore.AutoScavenge.Tests.csproj", "{37C21917-AA49-4EAA-8C8F-3BDCBF483DB7}"
EndProject
Project("{9A19103F-16F7-4668-BE54-9A1E7A4F7556}") = "EventStore.ClusterNode.Web", "EventStore\src\EventStore.ClusterNode.Web\EventStore.ClusterNode.Web.csproj", "{3958B70A-6C9B-4577-B4C3-CDE4051D4280}"
EndProject
Project("{9A19103F-16F7-4668-BE54-9A1E7A4F7556}") = "EventStore.Projections.Core", "EventStore\src\EventStore.Projections.Core\EventStore.Projections.Core.csproj", "{B2F7D61F-E9C2-4F6C-B810-DC685B5C684E}"
EndProject
Project("{9A19103F-16F7-4668-BE54-9A1E7A4F7556}") = "EventStore.Licensing", "EventStore\src\EventStore.Licensing\EventStore.Licensing.csproj", "{60B6946C-3F61-413B-9D47-A4AD5A4360AE}"
EndProject
Global
	GlobalSection(SolutionConfigurationPlatforms) = preSolution
		Debug|Any CPU = Debug|Any CPU
		Debug|ARM64 = Debug|ARM64
		Debug|x64 = Debug|x64
		Release|Any CPU = Release|Any CPU
		Release|ARM64 = Release|ARM64
		Release|x64 = Release|x64
	EndGlobalSection
	GlobalSection(ProjectConfigurationPlatforms) = postSolution
		{47303AD6-22C5-4E32-80EB-E97729C1F86E}.Debug|Any CPU.ActiveCfg = Debug|Any CPU
		{47303AD6-22C5-4E32-80EB-E97729C1F86E}.Debug|Any CPU.Build.0 = Debug|Any CPU
		{47303AD6-22C5-4E32-80EB-E97729C1F86E}.Debug|ARM64.ActiveCfg = Debug|ARM64
		{47303AD6-22C5-4E32-80EB-E97729C1F86E}.Debug|ARM64.Build.0 = Debug|ARM64
		{47303AD6-22C5-4E32-80EB-E97729C1F86E}.Debug|x64.ActiveCfg = Debug|x64
		{47303AD6-22C5-4E32-80EB-E97729C1F86E}.Debug|x64.Build.0 = Debug|x64
		{47303AD6-22C5-4E32-80EB-E97729C1F86E}.Release|Any CPU.ActiveCfg = Release|Any CPU
		{47303AD6-22C5-4E32-80EB-E97729C1F86E}.Release|Any CPU.Build.0 = Release|Any CPU
		{47303AD6-22C5-4E32-80EB-E97729C1F86E}.Release|ARM64.ActiveCfg = Release|ARM64
		{47303AD6-22C5-4E32-80EB-E97729C1F86E}.Release|ARM64.Build.0 = Release|ARM64
		{47303AD6-22C5-4E32-80EB-E97729C1F86E}.Release|x64.ActiveCfg = Release|x64
		{47303AD6-22C5-4E32-80EB-E97729C1F86E}.Release|x64.Build.0 = Release|x64
		{1787B177-5AD1-449B-9207-6FBFC4B64188}.Debug|Any CPU.ActiveCfg = Debug|Any CPU
		{1787B177-5AD1-449B-9207-6FBFC4B64188}.Debug|Any CPU.Build.0 = Debug|Any CPU
		{1787B177-5AD1-449B-9207-6FBFC4B64188}.Debug|ARM64.ActiveCfg = Debug|ARM64
		{1787B177-5AD1-449B-9207-6FBFC4B64188}.Debug|ARM64.Build.0 = Debug|ARM64
		{1787B177-5AD1-449B-9207-6FBFC4B64188}.Debug|x64.ActiveCfg = Debug|x64
		{1787B177-5AD1-449B-9207-6FBFC4B64188}.Debug|x64.Build.0 = Debug|x64
		{1787B177-5AD1-449B-9207-6FBFC4B64188}.Release|Any CPU.ActiveCfg = Release|Any CPU
		{1787B177-5AD1-449B-9207-6FBFC4B64188}.Release|Any CPU.Build.0 = Release|Any CPU
		{1787B177-5AD1-449B-9207-6FBFC4B64188}.Release|ARM64.ActiveCfg = Release|ARM64
		{1787B177-5AD1-449B-9207-6FBFC4B64188}.Release|ARM64.Build.0 = Release|ARM64
		{1787B177-5AD1-449B-9207-6FBFC4B64188}.Release|x64.ActiveCfg = Release|x64
		{1787B177-5AD1-449B-9207-6FBFC4B64188}.Release|x64.Build.0 = Release|x64
		{E996C989-C713-4138-AC1E-18727EB3B568}.Debug|Any CPU.ActiveCfg = Debug|Any CPU
		{E996C989-C713-4138-AC1E-18727EB3B568}.Debug|Any CPU.Build.0 = Debug|Any CPU
		{E996C989-C713-4138-AC1E-18727EB3B568}.Debug|ARM64.ActiveCfg = Debug|ARM64
		{E996C989-C713-4138-AC1E-18727EB3B568}.Debug|ARM64.Build.0 = Debug|ARM64
		{E996C989-C713-4138-AC1E-18727EB3B568}.Debug|x64.ActiveCfg = Debug|x64
		{E996C989-C713-4138-AC1E-18727EB3B568}.Debug|x64.Build.0 = Debug|x64
		{E996C989-C713-4138-AC1E-18727EB3B568}.Release|Any CPU.ActiveCfg = Release|Any CPU
		{E996C989-C713-4138-AC1E-18727EB3B568}.Release|Any CPU.Build.0 = Release|Any CPU
		{E996C989-C713-4138-AC1E-18727EB3B568}.Release|ARM64.ActiveCfg = Release|ARM64
		{E996C989-C713-4138-AC1E-18727EB3B568}.Release|ARM64.Build.0 = Release|ARM64
		{E996C989-C713-4138-AC1E-18727EB3B568}.Release|x64.ActiveCfg = Release|x64
		{E996C989-C713-4138-AC1E-18727EB3B568}.Release|x64.Build.0 = Release|x64
		{16D20F3B-EB26-426D-8E4B-1809833C47AA}.Debug|Any CPU.ActiveCfg = Debug|Any CPU
		{16D20F3B-EB26-426D-8E4B-1809833C47AA}.Debug|Any CPU.Build.0 = Debug|Any CPU
		{16D20F3B-EB26-426D-8E4B-1809833C47AA}.Debug|ARM64.ActiveCfg = Debug|ARM64
		{16D20F3B-EB26-426D-8E4B-1809833C47AA}.Debug|ARM64.Build.0 = Debug|ARM64
		{16D20F3B-EB26-426D-8E4B-1809833C47AA}.Debug|x64.ActiveCfg = Debug|x64
		{16D20F3B-EB26-426D-8E4B-1809833C47AA}.Debug|x64.Build.0 = Debug|x64
		{16D20F3B-EB26-426D-8E4B-1809833C47AA}.Release|Any CPU.ActiveCfg = Release|Any CPU
		{16D20F3B-EB26-426D-8E4B-1809833C47AA}.Release|Any CPU.Build.0 = Release|Any CPU
		{16D20F3B-EB26-426D-8E4B-1809833C47AA}.Release|ARM64.ActiveCfg = Release|ARM64
		{16D20F3B-EB26-426D-8E4B-1809833C47AA}.Release|ARM64.Build.0 = Release|ARM64
		{16D20F3B-EB26-426D-8E4B-1809833C47AA}.Release|x64.ActiveCfg = Release|x64
		{16D20F3B-EB26-426D-8E4B-1809833C47AA}.Release|x64.Build.0 = Release|x64
		{2F4848C6-06B8-4584-9844-88556FC97A1D}.Debug|Any CPU.ActiveCfg = Debug|Any CPU
		{2F4848C6-06B8-4584-9844-88556FC97A1D}.Debug|Any CPU.Build.0 = Debug|Any CPU
		{2F4848C6-06B8-4584-9844-88556FC97A1D}.Debug|ARM64.ActiveCfg = Debug|ARM64
		{2F4848C6-06B8-4584-9844-88556FC97A1D}.Debug|ARM64.Build.0 = Debug|ARM64
		{2F4848C6-06B8-4584-9844-88556FC97A1D}.Debug|x64.ActiveCfg = Debug|x64
		{2F4848C6-06B8-4584-9844-88556FC97A1D}.Debug|x64.Build.0 = Debug|x64
		{2F4848C6-06B8-4584-9844-88556FC97A1D}.Release|Any CPU.ActiveCfg = Release|Any CPU
		{2F4848C6-06B8-4584-9844-88556FC97A1D}.Release|Any CPU.Build.0 = Release|Any CPU
		{2F4848C6-06B8-4584-9844-88556FC97A1D}.Release|ARM64.ActiveCfg = Release|ARM64
		{2F4848C6-06B8-4584-9844-88556FC97A1D}.Release|ARM64.Build.0 = Release|ARM64
		{2F4848C6-06B8-4584-9844-88556FC97A1D}.Release|x64.ActiveCfg = Release|x64
		{2F4848C6-06B8-4584-9844-88556FC97A1D}.Release|x64.Build.0 = Release|x64
		{2AA80163-A81A-4950-B764-21F2281FD63B}.Debug|Any CPU.ActiveCfg = Debug|Any CPU
		{2AA80163-A81A-4950-B764-21F2281FD63B}.Debug|Any CPU.Build.0 = Debug|Any CPU
		{2AA80163-A81A-4950-B764-21F2281FD63B}.Debug|ARM64.ActiveCfg = Debug|ARM64
		{2AA80163-A81A-4950-B764-21F2281FD63B}.Debug|ARM64.Build.0 = Debug|ARM64
		{2AA80163-A81A-4950-B764-21F2281FD63B}.Debug|x64.ActiveCfg = Debug|x64
		{2AA80163-A81A-4950-B764-21F2281FD63B}.Debug|x64.Build.0 = Debug|x64
		{2AA80163-A81A-4950-B764-21F2281FD63B}.Release|Any CPU.ActiveCfg = Release|Any CPU
		{2AA80163-A81A-4950-B764-21F2281FD63B}.Release|Any CPU.Build.0 = Release|Any CPU
		{2AA80163-A81A-4950-B764-21F2281FD63B}.Release|ARM64.ActiveCfg = Release|ARM64
		{2AA80163-A81A-4950-B764-21F2281FD63B}.Release|ARM64.Build.0 = Release|ARM64
		{2AA80163-A81A-4950-B764-21F2281FD63B}.Release|x64.ActiveCfg = Release|x64
		{2AA80163-A81A-4950-B764-21F2281FD63B}.Release|x64.Build.0 = Release|x64
		{6A9EA355-18AF-41C1-977D-94D89CD45504}.Debug|Any CPU.ActiveCfg = Debug|Any CPU
		{6A9EA355-18AF-41C1-977D-94D89CD45504}.Debug|Any CPU.Build.0 = Debug|Any CPU
		{6A9EA355-18AF-41C1-977D-94D89CD45504}.Debug|ARM64.ActiveCfg = Debug|ARM64
		{6A9EA355-18AF-41C1-977D-94D89CD45504}.Debug|ARM64.Build.0 = Debug|ARM64
		{6A9EA355-18AF-41C1-977D-94D89CD45504}.Debug|x64.ActiveCfg = Debug|x64
		{6A9EA355-18AF-41C1-977D-94D89CD45504}.Debug|x64.Build.0 = Debug|x64
		{6A9EA355-18AF-41C1-977D-94D89CD45504}.Release|Any CPU.ActiveCfg = Release|Any CPU
		{6A9EA355-18AF-41C1-977D-94D89CD45504}.Release|Any CPU.Build.0 = Release|Any CPU
		{6A9EA355-18AF-41C1-977D-94D89CD45504}.Release|ARM64.ActiveCfg = Release|ARM64
		{6A9EA355-18AF-41C1-977D-94D89CD45504}.Release|ARM64.Build.0 = Release|ARM64
		{6A9EA355-18AF-41C1-977D-94D89CD45504}.Release|x64.ActiveCfg = Release|x64
		{6A9EA355-18AF-41C1-977D-94D89CD45504}.Release|x64.Build.0 = Release|x64
		{75AA4C21-DB4D-405F-AE9D-2C0685EA4B63}.Debug|Any CPU.ActiveCfg = Debug|Any CPU
		{75AA4C21-DB4D-405F-AE9D-2C0685EA4B63}.Debug|Any CPU.Build.0 = Debug|Any CPU
		{75AA4C21-DB4D-405F-AE9D-2C0685EA4B63}.Debug|ARM64.ActiveCfg = Debug|ARM64
		{75AA4C21-DB4D-405F-AE9D-2C0685EA4B63}.Debug|ARM64.Build.0 = Debug|ARM64
		{75AA4C21-DB4D-405F-AE9D-2C0685EA4B63}.Debug|x64.ActiveCfg = Debug|x64
		{75AA4C21-DB4D-405F-AE9D-2C0685EA4B63}.Debug|x64.Build.0 = Debug|x64
		{75AA4C21-DB4D-405F-AE9D-2C0685EA4B63}.Release|Any CPU.ActiveCfg = Release|Any CPU
		{75AA4C21-DB4D-405F-AE9D-2C0685EA4B63}.Release|Any CPU.Build.0 = Release|Any CPU
		{75AA4C21-DB4D-405F-AE9D-2C0685EA4B63}.Release|ARM64.ActiveCfg = Release|ARM64
		{75AA4C21-DB4D-405F-AE9D-2C0685EA4B63}.Release|ARM64.Build.0 = Release|ARM64
		{75AA4C21-DB4D-405F-AE9D-2C0685EA4B63}.Release|x64.ActiveCfg = Release|x64
		{75AA4C21-DB4D-405F-AE9D-2C0685EA4B63}.Release|x64.Build.0 = Release|x64
		{3C6E69F0-1A66-4059-AA3A-CA873FB40280}.Debug|Any CPU.ActiveCfg = Debug|Any CPU
		{3C6E69F0-1A66-4059-AA3A-CA873FB40280}.Debug|Any CPU.Build.0 = Debug|Any CPU
		{3C6E69F0-1A66-4059-AA3A-CA873FB40280}.Debug|ARM64.ActiveCfg = Debug|ARM64
		{3C6E69F0-1A66-4059-AA3A-CA873FB40280}.Debug|ARM64.Build.0 = Debug|ARM64
		{3C6E69F0-1A66-4059-AA3A-CA873FB40280}.Debug|x64.ActiveCfg = Debug|x64
		{3C6E69F0-1A66-4059-AA3A-CA873FB40280}.Debug|x64.Build.0 = Debug|x64
		{3C6E69F0-1A66-4059-AA3A-CA873FB40280}.Release|Any CPU.ActiveCfg = Release|Any CPU
		{3C6E69F0-1A66-4059-AA3A-CA873FB40280}.Release|Any CPU.Build.0 = Release|Any CPU
		{3C6E69F0-1A66-4059-AA3A-CA873FB40280}.Release|ARM64.ActiveCfg = Release|ARM64
		{3C6E69F0-1A66-4059-AA3A-CA873FB40280}.Release|ARM64.Build.0 = Release|ARM64
		{3C6E69F0-1A66-4059-AA3A-CA873FB40280}.Release|x64.ActiveCfg = Release|x64
		{3C6E69F0-1A66-4059-AA3A-CA873FB40280}.Release|x64.Build.0 = Release|x64
		{0AB4C774-C99C-4DA6-866C-B3D123F6F3EA}.Debug|Any CPU.ActiveCfg = Debug|Any CPU
		{0AB4C774-C99C-4DA6-866C-B3D123F6F3EA}.Debug|Any CPU.Build.0 = Debug|Any CPU
		{0AB4C774-C99C-4DA6-866C-B3D123F6F3EA}.Debug|ARM64.ActiveCfg = Debug|ARM64
		{0AB4C774-C99C-4DA6-866C-B3D123F6F3EA}.Debug|ARM64.Build.0 = Debug|ARM64
		{0AB4C774-C99C-4DA6-866C-B3D123F6F3EA}.Debug|x64.ActiveCfg = Debug|x64
		{0AB4C774-C99C-4DA6-866C-B3D123F6F3EA}.Debug|x64.Build.0 = Debug|x64
		{0AB4C774-C99C-4DA6-866C-B3D123F6F3EA}.Release|Any CPU.ActiveCfg = Release|Any CPU
		{0AB4C774-C99C-4DA6-866C-B3D123F6F3EA}.Release|Any CPU.Build.0 = Release|Any CPU
		{0AB4C774-C99C-4DA6-866C-B3D123F6F3EA}.Release|ARM64.ActiveCfg = Release|ARM64
		{0AB4C774-C99C-4DA6-866C-B3D123F6F3EA}.Release|ARM64.Build.0 = Release|ARM64
		{0AB4C774-C99C-4DA6-866C-B3D123F6F3EA}.Release|x64.ActiveCfg = Release|x64
		{0AB4C774-C99C-4DA6-866C-B3D123F6F3EA}.Release|x64.Build.0 = Release|x64
		{3C889032-18C7-4ED8-B967-413FFB7E032C}.Debug|Any CPU.ActiveCfg = Debug|Any CPU
		{3C889032-18C7-4ED8-B967-413FFB7E032C}.Debug|Any CPU.Build.0 = Debug|Any CPU
		{3C889032-18C7-4ED8-B967-413FFB7E032C}.Debug|ARM64.ActiveCfg = Debug|ARM64
		{3C889032-18C7-4ED8-B967-413FFB7E032C}.Debug|ARM64.Build.0 = Debug|ARM64
		{3C889032-18C7-4ED8-B967-413FFB7E032C}.Debug|x64.ActiveCfg = Debug|x64
		{3C889032-18C7-4ED8-B967-413FFB7E032C}.Debug|x64.Build.0 = Debug|x64
		{3C889032-18C7-4ED8-B967-413FFB7E032C}.Release|Any CPU.ActiveCfg = Release|Any CPU
		{3C889032-18C7-4ED8-B967-413FFB7E032C}.Release|Any CPU.Build.0 = Release|Any CPU
		{3C889032-18C7-4ED8-B967-413FFB7E032C}.Release|ARM64.ActiveCfg = Release|ARM64
		{3C889032-18C7-4ED8-B967-413FFB7E032C}.Release|ARM64.Build.0 = Release|ARM64
		{3C889032-18C7-4ED8-B967-413FFB7E032C}.Release|x64.ActiveCfg = Release|x64
		{3C889032-18C7-4ED8-B967-413FFB7E032C}.Release|x64.Build.0 = Release|x64
		{03152C97-B9EE-4C89-AD3B-432A4C374FA3}.Debug|Any CPU.ActiveCfg = Debug|Any CPU
		{03152C97-B9EE-4C89-AD3B-432A4C374FA3}.Debug|Any CPU.Build.0 = Debug|Any CPU
		{03152C97-B9EE-4C89-AD3B-432A4C374FA3}.Debug|ARM64.ActiveCfg = Debug|ARM64
		{03152C97-B9EE-4C89-AD3B-432A4C374FA3}.Debug|ARM64.Build.0 = Debug|ARM64
		{03152C97-B9EE-4C89-AD3B-432A4C374FA3}.Debug|x64.ActiveCfg = Debug|x64
		{03152C97-B9EE-4C89-AD3B-432A4C374FA3}.Debug|x64.Build.0 = Debug|x64
		{03152C97-B9EE-4C89-AD3B-432A4C374FA3}.Release|Any CPU.ActiveCfg = Release|Any CPU
		{03152C97-B9EE-4C89-AD3B-432A4C374FA3}.Release|Any CPU.Build.0 = Release|Any CPU
		{03152C97-B9EE-4C89-AD3B-432A4C374FA3}.Release|ARM64.ActiveCfg = Release|ARM64
		{03152C97-B9EE-4C89-AD3B-432A4C374FA3}.Release|ARM64.Build.0 = Release|ARM64
		{03152C97-B9EE-4C89-AD3B-432A4C374FA3}.Release|x64.ActiveCfg = Release|x64
		{03152C97-B9EE-4C89-AD3B-432A4C374FA3}.Release|x64.Build.0 = Release|x64
		{090B4B83-1CCC-4E75-8E93-C153D419315E}.Debug|Any CPU.ActiveCfg = Debug|Any CPU
		{090B4B83-1CCC-4E75-8E93-C153D419315E}.Debug|Any CPU.Build.0 = Debug|Any CPU
		{090B4B83-1CCC-4E75-8E93-C153D419315E}.Debug|ARM64.ActiveCfg = Debug|ARM64
		{090B4B83-1CCC-4E75-8E93-C153D419315E}.Debug|ARM64.Build.0 = Debug|ARM64
		{090B4B83-1CCC-4E75-8E93-C153D419315E}.Debug|x64.ActiveCfg = Debug|x64
		{090B4B83-1CCC-4E75-8E93-C153D419315E}.Debug|x64.Build.0 = Debug|x64
		{090B4B83-1CCC-4E75-8E93-C153D419315E}.Release|Any CPU.ActiveCfg = Release|Any CPU
		{090B4B83-1CCC-4E75-8E93-C153D419315E}.Release|Any CPU.Build.0 = Release|Any CPU
		{090B4B83-1CCC-4E75-8E93-C153D419315E}.Release|ARM64.ActiveCfg = Release|ARM64
		{090B4B83-1CCC-4E75-8E93-C153D419315E}.Release|ARM64.Build.0 = Release|ARM64
		{090B4B83-1CCC-4E75-8E93-C153D419315E}.Release|x64.ActiveCfg = Release|x64
		{090B4B83-1CCC-4E75-8E93-C153D419315E}.Release|x64.Build.0 = Release|x64
		{E49B420F-A4C5-42F5-8545-38B7F98330A9}.Debug|Any CPU.ActiveCfg = Debug|Any CPU
		{E49B420F-A4C5-42F5-8545-38B7F98330A9}.Debug|Any CPU.Build.0 = Debug|Any CPU
		{E49B420F-A4C5-42F5-8545-38B7F98330A9}.Debug|ARM64.ActiveCfg = Debug|ARM64
		{E49B420F-A4C5-42F5-8545-38B7F98330A9}.Debug|ARM64.Build.0 = Debug|ARM64
		{E49B420F-A4C5-42F5-8545-38B7F98330A9}.Debug|x64.ActiveCfg = Debug|x64
		{E49B420F-A4C5-42F5-8545-38B7F98330A9}.Debug|x64.Build.0 = Debug|x64
		{E49B420F-A4C5-42F5-8545-38B7F98330A9}.Release|Any CPU.ActiveCfg = Release|Any CPU
		{E49B420F-A4C5-42F5-8545-38B7F98330A9}.Release|Any CPU.Build.0 = Release|Any CPU
		{E49B420F-A4C5-42F5-8545-38B7F98330A9}.Release|ARM64.ActiveCfg = Release|ARM64
		{E49B420F-A4C5-42F5-8545-38B7F98330A9}.Release|ARM64.Build.0 = Release|ARM64
		{E49B420F-A4C5-42F5-8545-38B7F98330A9}.Release|x64.ActiveCfg = Release|x64
		{E49B420F-A4C5-42F5-8545-38B7F98330A9}.Release|x64.Build.0 = Release|x64
		{6BC710D6-3BBE-41AE-9BCE-881A23683C05}.Debug|Any CPU.ActiveCfg = Debug|Any CPU
		{6BC710D6-3BBE-41AE-9BCE-881A23683C05}.Debug|Any CPU.Build.0 = Debug|Any CPU
		{6BC710D6-3BBE-41AE-9BCE-881A23683C05}.Debug|ARM64.ActiveCfg = Debug|ARM64
		{6BC710D6-3BBE-41AE-9BCE-881A23683C05}.Debug|ARM64.Build.0 = Debug|ARM64
		{6BC710D6-3BBE-41AE-9BCE-881A23683C05}.Debug|x64.ActiveCfg = Debug|x64
		{6BC710D6-3BBE-41AE-9BCE-881A23683C05}.Debug|x64.Build.0 = Debug|x64
		{6BC710D6-3BBE-41AE-9BCE-881A23683C05}.Release|Any CPU.ActiveCfg = Release|Any CPU
		{6BC710D6-3BBE-41AE-9BCE-881A23683C05}.Release|Any CPU.Build.0 = Release|Any CPU
		{6BC710D6-3BBE-41AE-9BCE-881A23683C05}.Release|ARM64.ActiveCfg = Release|ARM64
		{6BC710D6-3BBE-41AE-9BCE-881A23683C05}.Release|ARM64.Build.0 = Release|ARM64
		{6BC710D6-3BBE-41AE-9BCE-881A23683C05}.Release|x64.ActiveCfg = Release|x64
		{6BC710D6-3BBE-41AE-9BCE-881A23683C05}.Release|x64.Build.0 = Release|x64
		{84AEEB0F-2E65-4FA4-ACBC-E64C158E34FF}.Debug|Any CPU.ActiveCfg = Debug|Any CPU
		{84AEEB0F-2E65-4FA4-ACBC-E64C158E34FF}.Debug|Any CPU.Build.0 = Debug|Any CPU
		{84AEEB0F-2E65-4FA4-ACBC-E64C158E34FF}.Debug|ARM64.ActiveCfg = Debug|ARM64
		{84AEEB0F-2E65-4FA4-ACBC-E64C158E34FF}.Debug|ARM64.Build.0 = Debug|ARM64
		{84AEEB0F-2E65-4FA4-ACBC-E64C158E34FF}.Debug|x64.ActiveCfg = Debug|x64
		{84AEEB0F-2E65-4FA4-ACBC-E64C158E34FF}.Debug|x64.Build.0 = Debug|x64
		{84AEEB0F-2E65-4FA4-ACBC-E64C158E34FF}.Release|Any CPU.ActiveCfg = Release|Any CPU
		{84AEEB0F-2E65-4FA4-ACBC-E64C158E34FF}.Release|Any CPU.Build.0 = Release|Any CPU
		{84AEEB0F-2E65-4FA4-ACBC-E64C158E34FF}.Release|ARM64.ActiveCfg = Release|ARM64
		{84AEEB0F-2E65-4FA4-ACBC-E64C158E34FF}.Release|ARM64.Build.0 = Release|ARM64
		{84AEEB0F-2E65-4FA4-ACBC-E64C158E34FF}.Release|x64.ActiveCfg = Release|x64
		{84AEEB0F-2E65-4FA4-ACBC-E64C158E34FF}.Release|x64.Build.0 = Release|x64
		{09351690-8210-4EFA-98A0-F521275BCFDC}.Debug|Any CPU.ActiveCfg = Debug|Any CPU
		{09351690-8210-4EFA-98A0-F521275BCFDC}.Debug|Any CPU.Build.0 = Debug|Any CPU
		{09351690-8210-4EFA-98A0-F521275BCFDC}.Debug|ARM64.ActiveCfg = Debug|ARM64
		{09351690-8210-4EFA-98A0-F521275BCFDC}.Debug|ARM64.Build.0 = Debug|ARM64
		{09351690-8210-4EFA-98A0-F521275BCFDC}.Debug|x64.ActiveCfg = Debug|x64
		{09351690-8210-4EFA-98A0-F521275BCFDC}.Debug|x64.Build.0 = Debug|x64
		{09351690-8210-4EFA-98A0-F521275BCFDC}.Release|Any CPU.ActiveCfg = Release|Any CPU
		{09351690-8210-4EFA-98A0-F521275BCFDC}.Release|Any CPU.Build.0 = Release|Any CPU
		{09351690-8210-4EFA-98A0-F521275BCFDC}.Release|ARM64.ActiveCfg = Release|ARM64
		{09351690-8210-4EFA-98A0-F521275BCFDC}.Release|ARM64.Build.0 = Release|ARM64
		{09351690-8210-4EFA-98A0-F521275BCFDC}.Release|x64.ActiveCfg = Release|x64
		{09351690-8210-4EFA-98A0-F521275BCFDC}.Release|x64.Build.0 = Release|x64
		{D2855FB6-05D6-448D-AB25-62D3AA5311E6}.Debug|Any CPU.ActiveCfg = Debug|Any CPU
		{D2855FB6-05D6-448D-AB25-62D3AA5311E6}.Debug|Any CPU.Build.0 = Debug|Any CPU
		{D2855FB6-05D6-448D-AB25-62D3AA5311E6}.Debug|ARM64.ActiveCfg = Debug|ARM64
		{D2855FB6-05D6-448D-AB25-62D3AA5311E6}.Debug|ARM64.Build.0 = Debug|ARM64
		{D2855FB6-05D6-448D-AB25-62D3AA5311E6}.Debug|x64.ActiveCfg = Debug|x64
		{D2855FB6-05D6-448D-AB25-62D3AA5311E6}.Debug|x64.Build.0 = Debug|x64
		{D2855FB6-05D6-448D-AB25-62D3AA5311E6}.Release|Any CPU.ActiveCfg = Release|Any CPU
		{D2855FB6-05D6-448D-AB25-62D3AA5311E6}.Release|Any CPU.Build.0 = Release|Any CPU
		{D2855FB6-05D6-448D-AB25-62D3AA5311E6}.Release|ARM64.ActiveCfg = Release|ARM64
		{D2855FB6-05D6-448D-AB25-62D3AA5311E6}.Release|ARM64.Build.0 = Release|ARM64
		{D2855FB6-05D6-448D-AB25-62D3AA5311E6}.Release|x64.ActiveCfg = Release|x64
		{D2855FB6-05D6-448D-AB25-62D3AA5311E6}.Release|x64.Build.0 = Release|x64
		{E910FEA1-5C8E-416E-8161-A55A4A6A0B7E}.Debug|Any CPU.ActiveCfg = Debug|Any CPU
		{E910FEA1-5C8E-416E-8161-A55A4A6A0B7E}.Debug|Any CPU.Build.0 = Debug|Any CPU
		{E910FEA1-5C8E-416E-8161-A55A4A6A0B7E}.Debug|ARM64.ActiveCfg = Debug|ARM64
		{E910FEA1-5C8E-416E-8161-A55A4A6A0B7E}.Debug|ARM64.Build.0 = Debug|ARM64
		{E910FEA1-5C8E-416E-8161-A55A4A6A0B7E}.Debug|x64.ActiveCfg = Debug|x64
		{E910FEA1-5C8E-416E-8161-A55A4A6A0B7E}.Debug|x64.Build.0 = Debug|x64
		{E910FEA1-5C8E-416E-8161-A55A4A6A0B7E}.Release|Any CPU.ActiveCfg = Release|Any CPU
		{E910FEA1-5C8E-416E-8161-A55A4A6A0B7E}.Release|Any CPU.Build.0 = Release|Any CPU
		{E910FEA1-5C8E-416E-8161-A55A4A6A0B7E}.Release|ARM64.ActiveCfg = Release|ARM64
		{E910FEA1-5C8E-416E-8161-A55A4A6A0B7E}.Release|ARM64.Build.0 = Release|ARM64
		{E910FEA1-5C8E-416E-8161-A55A4A6A0B7E}.Release|x64.ActiveCfg = Release|x64
		{E910FEA1-5C8E-416E-8161-A55A4A6A0B7E}.Release|x64.Build.0 = Release|x64
		{7DA6C019-192B-4547-9181-812769721E9F}.Debug|Any CPU.ActiveCfg = Debug|Any CPU
		{7DA6C019-192B-4547-9181-812769721E9F}.Debug|Any CPU.Build.0 = Debug|Any CPU
		{7DA6C019-192B-4547-9181-812769721E9F}.Debug|ARM64.ActiveCfg = Debug|ARM64
		{7DA6C019-192B-4547-9181-812769721E9F}.Debug|ARM64.Build.0 = Debug|ARM64
		{7DA6C019-192B-4547-9181-812769721E9F}.Debug|x64.ActiveCfg = Debug|x64
		{7DA6C019-192B-4547-9181-812769721E9F}.Debug|x64.Build.0 = Debug|x64
		{7DA6C019-192B-4547-9181-812769721E9F}.Release|Any CPU.ActiveCfg = Release|Any CPU
		{7DA6C019-192B-4547-9181-812769721E9F}.Release|Any CPU.Build.0 = Release|Any CPU
		{7DA6C019-192B-4547-9181-812769721E9F}.Release|ARM64.ActiveCfg = Release|ARM64
		{7DA6C019-192B-4547-9181-812769721E9F}.Release|ARM64.Build.0 = Release|ARM64
		{7DA6C019-192B-4547-9181-812769721E9F}.Release|x64.ActiveCfg = Release|x64
		{7DA6C019-192B-4547-9181-812769721E9F}.Release|x64.Build.0 = Release|x64
		{2FB09A97-795B-4648-9BD5-56682DF092B4}.Debug|Any CPU.ActiveCfg = Debug|Any CPU
		{2FB09A97-795B-4648-9BD5-56682DF092B4}.Debug|Any CPU.Build.0 = Debug|Any CPU
		{2FB09A97-795B-4648-9BD5-56682DF092B4}.Debug|ARM64.ActiveCfg = Debug|ARM64
		{2FB09A97-795B-4648-9BD5-56682DF092B4}.Debug|ARM64.Build.0 = Debug|ARM64
		{2FB09A97-795B-4648-9BD5-56682DF092B4}.Debug|x64.ActiveCfg = Debug|x64
		{2FB09A97-795B-4648-9BD5-56682DF092B4}.Debug|x64.Build.0 = Debug|x64
		{2FB09A97-795B-4648-9BD5-56682DF092B4}.Release|Any CPU.ActiveCfg = Release|Any CPU
		{2FB09A97-795B-4648-9BD5-56682DF092B4}.Release|Any CPU.Build.0 = Release|Any CPU
		{2FB09A97-795B-4648-9BD5-56682DF092B4}.Release|ARM64.ActiveCfg = Release|ARM64
		{2FB09A97-795B-4648-9BD5-56682DF092B4}.Release|ARM64.Build.0 = Release|ARM64
		{2FB09A97-795B-4648-9BD5-56682DF092B4}.Release|x64.ActiveCfg = Release|x64
		{2FB09A97-795B-4648-9BD5-56682DF092B4}.Release|x64.Build.0 = Release|x64
		{C217DDF7-B93B-4BC8-9AD5-1E372207F99A}.Debug|Any CPU.ActiveCfg = Debug|Any CPU
		{C217DDF7-B93B-4BC8-9AD5-1E372207F99A}.Debug|Any CPU.Build.0 = Debug|Any CPU
		{C217DDF7-B93B-4BC8-9AD5-1E372207F99A}.Debug|ARM64.ActiveCfg = Debug|ARM64
		{C217DDF7-B93B-4BC8-9AD5-1E372207F99A}.Debug|ARM64.Build.0 = Debug|ARM64
		{C217DDF7-B93B-4BC8-9AD5-1E372207F99A}.Debug|x64.ActiveCfg = Debug|x64
		{C217DDF7-B93B-4BC8-9AD5-1E372207F99A}.Debug|x64.Build.0 = Debug|x64
		{C217DDF7-B93B-4BC8-9AD5-1E372207F99A}.Release|Any CPU.ActiveCfg = Release|Any CPU
		{C217DDF7-B93B-4BC8-9AD5-1E372207F99A}.Release|Any CPU.Build.0 = Release|Any CPU
		{C217DDF7-B93B-4BC8-9AD5-1E372207F99A}.Release|ARM64.ActiveCfg = Release|ARM64
		{C217DDF7-B93B-4BC8-9AD5-1E372207F99A}.Release|ARM64.Build.0 = Release|ARM64
		{C217DDF7-B93B-4BC8-9AD5-1E372207F99A}.Release|x64.ActiveCfg = Release|x64
		{C217DDF7-B93B-4BC8-9AD5-1E372207F99A}.Release|x64.Build.0 = Release|x64
		{363C989B-1D84-4F5D-B6AD-1BD0622F2449}.Debug|Any CPU.ActiveCfg = Debug|Any CPU
		{363C989B-1D84-4F5D-B6AD-1BD0622F2449}.Debug|Any CPU.Build.0 = Debug|Any CPU
		{363C989B-1D84-4F5D-B6AD-1BD0622F2449}.Debug|ARM64.ActiveCfg = Debug|ARM64
		{363C989B-1D84-4F5D-B6AD-1BD0622F2449}.Debug|ARM64.Build.0 = Debug|ARM64
		{363C989B-1D84-4F5D-B6AD-1BD0622F2449}.Debug|x64.ActiveCfg = Debug|x64
		{363C989B-1D84-4F5D-B6AD-1BD0622F2449}.Debug|x64.Build.0 = Debug|x64
		{363C989B-1D84-4F5D-B6AD-1BD0622F2449}.Release|Any CPU.ActiveCfg = Release|Any CPU
		{363C989B-1D84-4F5D-B6AD-1BD0622F2449}.Release|Any CPU.Build.0 = Release|Any CPU
		{363C989B-1D84-4F5D-B6AD-1BD0622F2449}.Release|ARM64.ActiveCfg = Release|ARM64
		{363C989B-1D84-4F5D-B6AD-1BD0622F2449}.Release|ARM64.Build.0 = Release|ARM64
		{363C989B-1D84-4F5D-B6AD-1BD0622F2449}.Release|x64.ActiveCfg = Release|x64
		{363C989B-1D84-4F5D-B6AD-1BD0622F2449}.Release|x64.Build.0 = Release|x64
		{ABB59F9C-BFCE-4565-AC75-B74FAEEEF354}.Debug|Any CPU.ActiveCfg = Debug|Any CPU
		{ABB59F9C-BFCE-4565-AC75-B74FAEEEF354}.Debug|Any CPU.Build.0 = Debug|Any CPU
		{ABB59F9C-BFCE-4565-AC75-B74FAEEEF354}.Debug|ARM64.ActiveCfg = Debug|ARM64
		{ABB59F9C-BFCE-4565-AC75-B74FAEEEF354}.Debug|ARM64.Build.0 = Debug|ARM64
		{ABB59F9C-BFCE-4565-AC75-B74FAEEEF354}.Debug|x64.ActiveCfg = Debug|x64
		{ABB59F9C-BFCE-4565-AC75-B74FAEEEF354}.Debug|x64.Build.0 = Debug|x64
		{ABB59F9C-BFCE-4565-AC75-B74FAEEEF354}.Release|Any CPU.ActiveCfg = Release|Any CPU
		{ABB59F9C-BFCE-4565-AC75-B74FAEEEF354}.Release|Any CPU.Build.0 = Release|Any CPU
		{ABB59F9C-BFCE-4565-AC75-B74FAEEEF354}.Release|ARM64.ActiveCfg = Release|ARM64
		{ABB59F9C-BFCE-4565-AC75-B74FAEEEF354}.Release|ARM64.Build.0 = Release|ARM64
		{ABB59F9C-BFCE-4565-AC75-B74FAEEEF354}.Release|x64.ActiveCfg = Release|x64
		{ABB59F9C-BFCE-4565-AC75-B74FAEEEF354}.Release|x64.Build.0 = Release|x64
		{41781FAD-44C9-4058-8F07-622F00FF5C67}.Debug|Any CPU.ActiveCfg = Debug|Any CPU
		{41781FAD-44C9-4058-8F07-622F00FF5C67}.Debug|Any CPU.Build.0 = Debug|Any CPU
		{41781FAD-44C9-4058-8F07-622F00FF5C67}.Debug|ARM64.ActiveCfg = Debug|ARM64
		{41781FAD-44C9-4058-8F07-622F00FF5C67}.Debug|ARM64.Build.0 = Debug|ARM64
		{41781FAD-44C9-4058-8F07-622F00FF5C67}.Debug|x64.ActiveCfg = Debug|x64
		{41781FAD-44C9-4058-8F07-622F00FF5C67}.Debug|x64.Build.0 = Debug|x64
		{41781FAD-44C9-4058-8F07-622F00FF5C67}.Release|Any CPU.ActiveCfg = Release|Any CPU
		{41781FAD-44C9-4058-8F07-622F00FF5C67}.Release|Any CPU.Build.0 = Release|Any CPU
		{41781FAD-44C9-4058-8F07-622F00FF5C67}.Release|ARM64.ActiveCfg = Release|ARM64
		{41781FAD-44C9-4058-8F07-622F00FF5C67}.Release|ARM64.Build.0 = Release|ARM64
		{41781FAD-44C9-4058-8F07-622F00FF5C67}.Release|x64.ActiveCfg = Release|x64
		{41781FAD-44C9-4058-8F07-622F00FF5C67}.Release|x64.Build.0 = Release|x64
		{57287429-49CA-4211-9114-AF4F41C4D0D0}.Debug|Any CPU.ActiveCfg = Debug|Any CPU
		{57287429-49CA-4211-9114-AF4F41C4D0D0}.Debug|Any CPU.Build.0 = Debug|Any CPU
		{57287429-49CA-4211-9114-AF4F41C4D0D0}.Debug|ARM64.ActiveCfg = Debug|ARM64
		{57287429-49CA-4211-9114-AF4F41C4D0D0}.Debug|ARM64.Build.0 = Debug|ARM64
		{57287429-49CA-4211-9114-AF4F41C4D0D0}.Debug|x64.ActiveCfg = Debug|x64
		{57287429-49CA-4211-9114-AF4F41C4D0D0}.Debug|x64.Build.0 = Debug|x64
		{57287429-49CA-4211-9114-AF4F41C4D0D0}.Release|Any CPU.ActiveCfg = Release|Any CPU
		{57287429-49CA-4211-9114-AF4F41C4D0D0}.Release|Any CPU.Build.0 = Release|Any CPU
		{57287429-49CA-4211-9114-AF4F41C4D0D0}.Release|ARM64.ActiveCfg = Release|ARM64
		{57287429-49CA-4211-9114-AF4F41C4D0D0}.Release|ARM64.Build.0 = Release|ARM64
		{57287429-49CA-4211-9114-AF4F41C4D0D0}.Release|x64.ActiveCfg = Release|x64
		{57287429-49CA-4211-9114-AF4F41C4D0D0}.Release|x64.Build.0 = Release|x64
		{443CE92B-218D-42B2-A46F-98584242AEA7}.Debug|Any CPU.ActiveCfg = Debug|Any CPU
		{443CE92B-218D-42B2-A46F-98584242AEA7}.Debug|Any CPU.Build.0 = Debug|Any CPU
		{443CE92B-218D-42B2-A46F-98584242AEA7}.Debug|ARM64.ActiveCfg = Debug|ARM64
		{443CE92B-218D-42B2-A46F-98584242AEA7}.Debug|ARM64.Build.0 = Debug|ARM64
		{443CE92B-218D-42B2-A46F-98584242AEA7}.Debug|x64.ActiveCfg = Debug|x64
		{443CE92B-218D-42B2-A46F-98584242AEA7}.Debug|x64.Build.0 = Debug|x64
		{443CE92B-218D-42B2-A46F-98584242AEA7}.Release|Any CPU.ActiveCfg = Release|Any CPU
		{443CE92B-218D-42B2-A46F-98584242AEA7}.Release|Any CPU.Build.0 = Release|Any CPU
		{443CE92B-218D-42B2-A46F-98584242AEA7}.Release|ARM64.ActiveCfg = Release|ARM64
		{443CE92B-218D-42B2-A46F-98584242AEA7}.Release|ARM64.Build.0 = Release|ARM64
		{443CE92B-218D-42B2-A46F-98584242AEA7}.Release|x64.ActiveCfg = Release|x64
		{443CE92B-218D-42B2-A46F-98584242AEA7}.Release|x64.Build.0 = Release|x64
		{37C21917-AA49-4EAA-8C8F-3BDCBF483DB7}.Debug|Any CPU.ActiveCfg = Debug|Any CPU
		{37C21917-AA49-4EAA-8C8F-3BDCBF483DB7}.Debug|Any CPU.Build.0 = Debug|Any CPU
		{37C21917-AA49-4EAA-8C8F-3BDCBF483DB7}.Debug|ARM64.ActiveCfg = Debug|ARM64
		{37C21917-AA49-4EAA-8C8F-3BDCBF483DB7}.Debug|ARM64.Build.0 = Debug|ARM64
		{37C21917-AA49-4EAA-8C8F-3BDCBF483DB7}.Debug|x64.ActiveCfg = Debug|x64
		{37C21917-AA49-4EAA-8C8F-3BDCBF483DB7}.Debug|x64.Build.0 = Debug|x64
		{37C21917-AA49-4EAA-8C8F-3BDCBF483DB7}.Release|Any CPU.ActiveCfg = Release|Any CPU
		{37C21917-AA49-4EAA-8C8F-3BDCBF483DB7}.Release|Any CPU.Build.0 = Release|Any CPU
		{37C21917-AA49-4EAA-8C8F-3BDCBF483DB7}.Release|ARM64.ActiveCfg = Release|ARM64
		{37C21917-AA49-4EAA-8C8F-3BDCBF483DB7}.Release|ARM64.Build.0 = Release|ARM64
		{37C21917-AA49-4EAA-8C8F-3BDCBF483DB7}.Release|x64.ActiveCfg = Release|x64
		{37C21917-AA49-4EAA-8C8F-3BDCBF483DB7}.Release|x64.Build.0 = Release|x64
		{3958B70A-6C9B-4577-B4C3-CDE4051D4280}.Debug|Any CPU.ActiveCfg = Debug|Any CPU
		{3958B70A-6C9B-4577-B4C3-CDE4051D4280}.Debug|Any CPU.Build.0 = Debug|Any CPU
		{3958B70A-6C9B-4577-B4C3-CDE4051D4280}.Debug|ARM64.ActiveCfg = Debug|ARM64
		{3958B70A-6C9B-4577-B4C3-CDE4051D4280}.Debug|ARM64.Build.0 = Debug|ARM64
		{3958B70A-6C9B-4577-B4C3-CDE4051D4280}.Debug|x64.ActiveCfg = Debug|x64
		{3958B70A-6C9B-4577-B4C3-CDE4051D4280}.Debug|x64.Build.0 = Debug|x64
		{3958B70A-6C9B-4577-B4C3-CDE4051D4280}.Release|Any CPU.ActiveCfg = Release|Any CPU
		{3958B70A-6C9B-4577-B4C3-CDE4051D4280}.Release|Any CPU.Build.0 = Release|Any CPU
		{3958B70A-6C9B-4577-B4C3-CDE4051D4280}.Release|ARM64.ActiveCfg = Release|ARM64
		{3958B70A-6C9B-4577-B4C3-CDE4051D4280}.Release|ARM64.Build.0 = Release|ARM64
		{3958B70A-6C9B-4577-B4C3-CDE4051D4280}.Release|x64.ActiveCfg = Release|x64
		{3958B70A-6C9B-4577-B4C3-CDE4051D4280}.Release|x64.Build.0 = Release|x64
		{B2F7D61F-E9C2-4F6C-B810-DC685B5C684E}.Debug|Any CPU.ActiveCfg = Debug|Any CPU
		{B2F7D61F-E9C2-4F6C-B810-DC685B5C684E}.Debug|Any CPU.Build.0 = Debug|Any CPU
		{B2F7D61F-E9C2-4F6C-B810-DC685B5C684E}.Debug|ARM64.ActiveCfg = Debug|ARM64
		{B2F7D61F-E9C2-4F6C-B810-DC685B5C684E}.Debug|ARM64.Build.0 = Debug|ARM64
		{B2F7D61F-E9C2-4F6C-B810-DC685B5C684E}.Debug|x64.ActiveCfg = Debug|x64
		{B2F7D61F-E9C2-4F6C-B810-DC685B5C684E}.Debug|x64.Build.0 = Debug|x64
		{B2F7D61F-E9C2-4F6C-B810-DC685B5C684E}.Release|Any CPU.ActiveCfg = Release|Any CPU
		{B2F7D61F-E9C2-4F6C-B810-DC685B5C684E}.Release|Any CPU.Build.0 = Release|Any CPU
		{B2F7D61F-E9C2-4F6C-B810-DC685B5C684E}.Release|ARM64.ActiveCfg = Release|ARM64
		{B2F7D61F-E9C2-4F6C-B810-DC685B5C684E}.Release|ARM64.Build.0 = Release|ARM64
		{B2F7D61F-E9C2-4F6C-B810-DC685B5C684E}.Release|x64.ActiveCfg = Release|x64
		{B2F7D61F-E9C2-4F6C-B810-DC685B5C684E}.Release|x64.Build.0 = Release|x64
		{60B6946C-3F61-413B-9D47-A4AD5A4360AE}.Debug|Any CPU.ActiveCfg = Debug|Any CPU
		{60B6946C-3F61-413B-9D47-A4AD5A4360AE}.Debug|Any CPU.Build.0 = Debug|Any CPU
		{60B6946C-3F61-413B-9D47-A4AD5A4360AE}.Debug|ARM64.ActiveCfg = Debug|ARM64
		{60B6946C-3F61-413B-9D47-A4AD5A4360AE}.Debug|ARM64.Build.0 = Debug|ARM64
		{60B6946C-3F61-413B-9D47-A4AD5A4360AE}.Debug|x64.ActiveCfg = Debug|x64
		{60B6946C-3F61-413B-9D47-A4AD5A4360AE}.Debug|x64.Build.0 = Debug|x64
		{60B6946C-3F61-413B-9D47-A4AD5A4360AE}.Release|Any CPU.ActiveCfg = Release|Any CPU
		{60B6946C-3F61-413B-9D47-A4AD5A4360AE}.Release|Any CPU.Build.0 = Release|Any CPU
		{60B6946C-3F61-413B-9D47-A4AD5A4360AE}.Release|ARM64.ActiveCfg = Release|ARM64
		{60B6946C-3F61-413B-9D47-A4AD5A4360AE}.Release|ARM64.Build.0 = Release|ARM64
		{60B6946C-3F61-413B-9D47-A4AD5A4360AE}.Release|x64.ActiveCfg = Release|x64
		{60B6946C-3F61-413B-9D47-A4AD5A4360AE}.Release|x64.Build.0 = Release|x64
	EndGlobalSection
	GlobalSection(SolutionProperties) = preSolution
		HideSolutionNode = FALSE
	EndGlobalSection
	GlobalSection(NestedProjects) = preSolution
		{75AA4C21-DB4D-405F-AE9D-2C0685EA4B63} = {5EFAE02F-844D-424F-89F4-32B3889D974B}
		{3C6E69F0-1A66-4059-AA3A-CA873FB40280} = {5EFAE02F-844D-424F-89F4-32B3889D974B}
		{0AB4C774-C99C-4DA6-866C-B3D123F6F3EA} = {5EFAE02F-844D-424F-89F4-32B3889D974B}
		{3C889032-18C7-4ED8-B967-413FFB7E032C} = {5EFAE02F-844D-424F-89F4-32B3889D974B}
		{03152C97-B9EE-4C89-AD3B-432A4C374FA3} = {5EFAE02F-844D-424F-89F4-32B3889D974B}
		{090B4B83-1CCC-4E75-8E93-C153D419315E} = {5EFAE02F-844D-424F-89F4-32B3889D974B}
		{E49B420F-A4C5-42F5-8545-38B7F98330A9} = {5EFAE02F-844D-424F-89F4-32B3889D974B}
		{6BC710D6-3BBE-41AE-9BCE-881A23683C05} = {5EFAE02F-844D-424F-89F4-32B3889D974B}
		{84AEEB0F-2E65-4FA4-ACBC-E64C158E34FF} = {5EFAE02F-844D-424F-89F4-32B3889D974B}
		{09351690-8210-4EFA-98A0-F521275BCFDC} = {5EFAE02F-844D-424F-89F4-32B3889D974B}
		{D2855FB6-05D6-448D-AB25-62D3AA5311E6} = {5EFAE02F-844D-424F-89F4-32B3889D974B}
		{C217DDF7-B93B-4BC8-9AD5-1E372207F99A} = {5EFAE02F-844D-424F-89F4-32B3889D974B}
		{363C989B-1D84-4F5D-B6AD-1BD0622F2449} = {5EFAE02F-844D-424F-89F4-32B3889D974B}
		{3958B70A-6C9B-4577-B4C3-CDE4051D4280} = {5EFAE02F-844D-424F-89F4-32B3889D974B}
		{B2F7D61F-E9C2-4F6C-B810-DC685B5C684E} = {5EFAE02F-844D-424F-89F4-32B3889D974B}
		{60B6946C-3F61-413B-9D47-A4AD5A4360AE} = {5EFAE02F-844D-424F-89F4-32B3889D974B}
	EndGlobalSection
	GlobalSection(ExtensibilityGlobals) = postSolution
		SolutionGuid = {A2C6FB5E-6715-4F60-81AE-9DAB6F73564D}
	EndGlobalSection
EndGlobal
