
Microsoft Visual Studio Solution File, Format Version 12.00
Project("{FAE04EC0-301F-11D3-BF4B-00C04F79EFBC}") = "EventStore.Toolkit.Testing", "tests\EventStore.Toolkit.Testing\EventStore.Toolkit.Testing.csproj", "{19448357-ECD8-407A-9E22-F06F860A0881}"
EndProject
Project("{FAE04EC0-301F-11D3-BF4B-00C04F79EFBC}") = "EventStore.Extensions.Connectors.Tests", "tests\EventStore.Extensions.Connectors.Tests\EventStore.Extensions.Connectors.Tests.csproj", "{803CE3CA-C382-436B-B6DE-87B604F2DD78}"
EndProject
Project("{2150E333-8FDC-42A3-9474-1A3956D46DE8}") = "SubModules", "SubModules", "{B4DAA225-6158-4BB6-9426-242032A94EA7}"
EndProject
Project("{FAE04EC0-301F-11D3-BF4B-00C04F79EFBC}") = "EventStore.Extensions.Connectors.Contracts", "src\EventStore.Extensions.Connectors.Contracts\EventStore.Extensions.Connectors.Contracts.csproj", "{B47150EA-CCB0-420B-8B14-32764A3A505C}"
EndProject
Project("{FAE04EC0-301F-11D3-BF4B-00C04F79EFBC}") = "EventStore.Plugins.Connectors", "src\EventStore.Plugins.Connectors\EventStore.Plugins.Connectors.csproj", "{CC2602A2-26ED-41B6-8D5B-FF65EE6C672C}"
EndProject
Project("{FAE04EC0-301F-11D3-BF4B-00C04F79EFBC}") = "EventStore.Core", "submodules\EventStore\src\EventStore.Core\EventStore.Core.csproj", "{FB61A539-41C9-4D94-B1DA-6DFB1CFC3C6D}"
EndProject
Project("{FAE04EC0-301F-11D3-BF4B-00C04F79EFBC}") = "EventStore.Common", "submodules\EventStore\src\EventStore.Common\EventStore.Common.csproj", "{59EA8715-7438-4759-8595-67E3DB43CACA}"
EndProject
Project("{FAE04EC0-301F-11D3-BF4B-00C04F79EFBC}") = "EventStore.ClusterNode", "submodules\EventStore\src\EventStore.ClusterNode\EventStore.ClusterNode.csproj", "{364A4857-CA50-45D9-BDFD-78DB07BEB9DD}"
EndProject
Project("{FAE04EC0-301F-11D3-BF4B-00C04F79EFBC}") = "EventStore.BufferManagement", "submodules\EventStore\src\EventStore.BufferManagement\EventStore.BufferManagement.csproj", "{06B86DA9-B8BB-4A98-B363-7284350BB89A}"
EndProject
Project("{FAE04EC0-301F-11D3-BF4B-00C04F79EFBC}") = "EventStore.LogCommon", "submodules\EventStore\src\EventStore.LogCommon\EventStore.LogCommon.csproj", "{CAE9117B-A60A-4B9A-9D70-301A911AA7FA}"
EndProject
Project("{FAE04EC0-301F-11D3-BF4B-00C04F79EFBC}") = "EventStore.LogV3", "submodules\EventStore\src\EventStore.LogV3\EventStore.LogV3.csproj", "{4E2176ED-943C-4374-AB08-852E236F03E4}"
EndProject
Project("{FAE04EC0-301F-11D3-BF4B-00C04F79EFBC}") = "EventStore.Native", "submodules\EventStore\src\EventStore.Native\EventStore.Native.csproj", "{EA4EBE37-D701-4EFC-9A90-F87D59162058}"
EndProject
Project("{FAE04EC0-301F-11D3-BF4B-00C04F79EFBC}") = "EventStore.NETCore.Compatibility", "submodules\EventStore\src\EventStore.NETCore.Compatibility\EventStore.NETCore.Compatibility.csproj", "{066C5422-DDE8-4FCA-8BB3-476C4C6ADD82}"
EndProject
Project("{FAE04EC0-301F-11D3-BF4B-00C04F79EFBC}") = "EventStore.PluginHosting", "submodules\EventStore\src\EventStore.PluginHosting\EventStore.PluginHosting.csproj", "{CA40D99D-B785-4FC8-AA3A-B6C6B3E95A43}"
EndProject
Project("{FAE04EC0-301F-11D3-BF4B-00C04F79EFBC}") = "EventStore.Projections.Core", "submodules\EventStore\src\EventStore.Projections.Core\EventStore.Projections.Core.csproj", "{ACBD118F-DFAA-4873-9BCB-971884DB18BF}"
EndProject
Project("{FAE04EC0-301F-11D3-BF4B-00C04F79EFBC}") = "EventStore.SourceGenerators", "submodules\EventStore\src\EventStore.SourceGenerators\EventStore.SourceGenerators.csproj", "{E524B822-8AFA-4655-AE1E-BFBFADF3491A}"
EndProject
Project("{FAE04EC0-301F-11D3-BF4B-00C04F79EFBC}") = "EventStore.SystemRuntime", "submodules\EventStore\src\EventStore.SystemRuntime\EventStore.SystemRuntime.csproj", "{66F1C202-415D-4F06-AD27-E5D795793CD4}"
EndProject
Project("{FAE04EC0-301F-11D3-BF4B-00C04F79EFBC}") = "EventStore.Transport.Http", "submodules\EventStore\src\EventStore.Transport.Http\EventStore.Transport.Http.csproj", "{65A7F6F0-D40B-492E-B910-E61ED1230907}"
EndProject
Project("{FAE04EC0-301F-11D3-BF4B-00C04F79EFBC}") = "EventStore.Transport.Tcp", "submodules\EventStore\src\EventStore.Transport.Tcp\EventStore.Transport.Tcp.csproj", "{12359767-A6E6-480E-A3A8-3278D4E2C6B7}"
EndProject
Project("{FAE04EC0-301F-11D3-BF4B-00C04F79EFBC}") = "EventStore.ClusterNode.Web", "submodules\EventStore\src\EventStore.ClusterNode.Web\EventStore.ClusterNode.Web.csproj", "{CD083432-EE0C-41F9-870E-33F2FA9E2579}"
EndProject
Project("{2150E333-8FDC-42A3-9474-1A3956D46DE8}") = "EventStore", "EventStore", "{1FFE9B22-1994-47B1-814E-7DCB8E838D10}"
EndProject
Project("{2150E333-8FDC-42A3-9474-1A3956D46DE8}") = "Experimental", "Experimental", "{A65E9833-F98F-4AB4-96E8-31D0F1106193}"
EndProject
Project("{2150E333-8FDC-42A3-9474-1A3956D46DE8}") = "Tests", "Tests", "{1D2C51BC-8126-4F7D-8720-18E1C978FF32}"
	ProjectSection(SolutionItems) = preProject
		tests\connectors-api.http = tests\connectors-api.http
		tests\connectors-http-sink.http = tests\connectors-http-sink.http
		tests\connectors-api-queries.http = tests\connectors-api-queries.http
		tests\connectors-api.serilog-sink.http = tests\connectors-api.serilog-sink.http
	EndProjectSection
EndProject
Project("{FAE04EC0-301F-11D3-BF4B-00C04F79EFBC}") = "EventStore.Extensions.Connectors", "src\EventStore.Extensions.Connectors\EventStore.Extensions.Connectors.csproj", "{157A55A0-AE97-40F9-9A38-8A756C4B4785}"
EndProject
Project("{FAE04EC0-301F-11D3-BF4B-00C04F79EFBC}") = "EventStore.Extensions.Connectors.Management.TestServer", "tests\EventStore.Extensions.Connectors.Management.TestServer\EventStore.Extensions.Connectors.Management.TestServer.csproj", "{26C2ED87-6169-4E2C-822E-756F68C95D53}"
EndProject
Project("{FAE04EC0-301F-11D3-BF4B-00C04F79EFBC}") = "EventStore.System.Testing", "tests\EventStore.System.Testing\EventStore.System.Testing.csproj", "{15C96B1A-705E-42AA-9BFB-5787545D5CA6}"
EndProject
Project("{FAE04EC0-301F-11D3-BF4B-00C04F79EFBC}") = "EventStore.Toolkit.Testing.Http", "tests\EventStore.Toolkit.Testing.Http\EventStore.Toolkit.Testing.Http.csproj", "{17EAAB91-0F33-4439-A94D-4E87610388AB}"
EndProject
Project("{2150E333-8FDC-42A3-9474-1A3956D46DE8}") = "Streaming", "Streaming", "{B1CF08AB-C8C5-4272-8989-BA477346920C}"
EndProject
Project("{FAE04EC0-301F-11D3-BF4B-00C04F79EFBC}") = "HttpSinkSampleApi", "tests\HttpSinkSampleApi\HttpSinkSampleApi.csproj", "{8E27AE08-7971-4E55-84E1-02A6565D4DF1}"
EndProject
Project("{FAE04EC0-301F-11D3-BF4B-00C04F79EFBC}") = "EventStore.Licensing", "submodules\EventStore\src\EventStore.Licensing\EventStore.Licensing.csproj", "{B4A2A06C-CD00-4BF4-96EF-986F88265CF2}"
EndProject
Project("{FAE04EC0-301F-11D3-BF4B-00C04F79EFBC}") = "EventStore.Streaming", "submodules\EventStore.Streaming\src\Framework\src\EventStore.Streaming\EventStore.Streaming.csproj", "{0FD3313F-D54D-4613-A73A-509BE5F3BC1A}"
EndProject
Project("{FAE04EC0-301F-11D3-BF4B-00C04F79EFBC}") = "EventStore.Streaming.Core", "submodules\EventStore.Streaming\src\Framework\src\EventStore.Streaming.Core\EventStore.Streaming.Core.csproj", "{8909B53E-EB30-4214-9E29-D774C533F314}"
EndProject
Project("{2150E333-8FDC-42A3-9474-1A3956D46DE8}") = "Connectors", "Connectors", "{2F4C11FC-48AF-4F0A-BFD1-870CD14ED680}"
EndProject
Project("{FAE04EC0-301F-11D3-BF4B-00C04F79EFBC}") = "EventStore.Connectors.Http", "submodules\EventStore.Streaming\src\Connectors\src\EventStore.Connectors.Http\EventStore.Connectors.Http.csproj", "{5753F00A-2418-4CA1-9BEE-0107D8E6CA5C}"
EndProject
Project("{FAE04EC0-301F-11D3-BF4B-00C04F79EFBC}") = "EventStore.Connectors.EventStoreDB", "submodules\EventStore.Streaming\src\Connectors\src\EventStore.Connectors.EventStoreDB\EventStore.Connectors.EventStoreDB.csproj", "{DC1FDCC2-3598-4DCC-A2F3-88D1181EC7F1}"
EndProject
Project("{FAE04EC0-301F-11D3-BF4B-00C04F79EFBC}") = "EventStore.Connectors.Kafka", "submodules\EventStore.Streaming\src\Connectors\src\EventStore.Connectors.Kafka\EventStore.Connectors.Kafka.csproj", "{83E29DE4-F267-4891-BA34-889BD48E7867}"
EndProject
Project("{FAE04EC0-301F-11D3-BF4B-00C04F79EFBC}") = "EventStore.Connectors.MongoDB", "submodules\EventStore.Streaming\src\Connectors\src\EventStore.Connectors.MongoDB\EventStore.Connectors.MongoDB.csproj", "{B38A2C03-E3D9-48A3-9155-5461C7BA0BC7}"
EndProject
Project("{FAE04EC0-301F-11D3-BF4B-00C04F79EFBC}") = "EventStore.Connectors.RabbitMQ", "submodules\EventStore.Streaming\src\Connectors\src\EventStore.Connectors.RabbitMQ\EventStore.Connectors.RabbitMQ.csproj", "{5A5C804B-7FF7-4CD3-9CB2-0602AE3700A8}"
EndProject
Project("{2150E333-8FDC-42A3-9474-1A3956D46DE8}") = "Toolkit", "Toolkit", "{8F26CC73-FED3-4909-90E4-3C58C9969568}"
EndProject
Project("{FAE04EC0-301F-11D3-BF4B-00C04F79EFBC}") = "EventStore.Toolkit", "submodules\EventStore.Streaming\src\Toolkit\src\EventStore.Toolkit\EventStore.Toolkit.csproj", "{96D07673-9E19-4AF3-B3BE-76537EC07714}"
EndProject
Project("{FAE04EC0-301F-11D3-BF4B-00C04F79EFBC}") = "EventStore.Connectors.Elasticsearch", "submodules\EventStore.Streaming\src\Connectors\src\EventStore.Connectors.Elasticsearch\EventStore.Connectors.Elasticsearch.csproj", "{B94006C9-C0A7-4186-B30C-6651C9EE3192}"
EndProject
Global
	GlobalSection(SolutionConfigurationPlatforms) = preSolution
		Debug|Any CPU = Debug|Any CPU
		Release|Any CPU = Release|Any CPU
	EndGlobalSection
	GlobalSection(ProjectConfigurationPlatforms) = postSolution
		{19448357-ECD8-407A-9E22-F06F860A0881}.Debug|Any CPU.ActiveCfg = Debug|Any CPU
		{19448357-ECD8-407A-9E22-F06F860A0881}.Debug|Any CPU.Build.0 = Debug|Any CPU
		{19448357-ECD8-407A-9E22-F06F860A0881}.Release|Any CPU.ActiveCfg = Release|Any CPU
		{19448357-ECD8-407A-9E22-F06F860A0881}.Release|Any CPU.Build.0 = Release|Any CPU
		{803CE3CA-C382-436B-B6DE-87B604F2DD78}.Debug|Any CPU.ActiveCfg = Debug|Any CPU
		{803CE3CA-C382-436B-B6DE-87B604F2DD78}.Debug|Any CPU.Build.0 = Debug|Any CPU
		{803CE3CA-C382-436B-B6DE-87B604F2DD78}.Release|Any CPU.ActiveCfg = Release|Any CPU
		{803CE3CA-C382-436B-B6DE-87B604F2DD78}.Release|Any CPU.Build.0 = Release|Any CPU
		{B47150EA-CCB0-420B-8B14-32764A3A505C}.Debug|Any CPU.ActiveCfg = Debug|Any CPU
		{B47150EA-CCB0-420B-8B14-32764A3A505C}.Debug|Any CPU.Build.0 = Debug|Any CPU
		{B47150EA-CCB0-420B-8B14-32764A3A505C}.Release|Any CPU.ActiveCfg = Release|Any CPU
		{B47150EA-CCB0-420B-8B14-32764A3A505C}.Release|Any CPU.Build.0 = Release|Any CPU
		{CC2602A2-26ED-41B6-8D5B-FF65EE6C672C}.Debug|Any CPU.ActiveCfg = Debug|Any CPU
		{CC2602A2-26ED-41B6-8D5B-FF65EE6C672C}.Debug|Any CPU.Build.0 = Debug|Any CPU
		{CC2602A2-26ED-41B6-8D5B-FF65EE6C672C}.Release|Any CPU.ActiveCfg = Release|Any CPU
		{CC2602A2-26ED-41B6-8D5B-FF65EE6C672C}.Release|Any CPU.Build.0 = Release|Any CPU
		{FB61A539-41C9-4D94-B1DA-6DFB1CFC3C6D}.Debug|Any CPU.ActiveCfg = Debug|Any CPU
		{FB61A539-41C9-4D94-B1DA-6DFB1CFC3C6D}.Debug|Any CPU.Build.0 = Debug|Any CPU
		{FB61A539-41C9-4D94-B1DA-6DFB1CFC3C6D}.Release|Any CPU.ActiveCfg = Release|Any CPU
		{FB61A539-41C9-4D94-B1DA-6DFB1CFC3C6D}.Release|Any CPU.Build.0 = Release|Any CPU
		{59EA8715-7438-4759-8595-67E3DB43CACA}.Debug|Any CPU.ActiveCfg = Debug|Any CPU
		{59EA8715-7438-4759-8595-67E3DB43CACA}.Debug|Any CPU.Build.0 = Debug|Any CPU
		{59EA8715-7438-4759-8595-67E3DB43CACA}.Release|Any CPU.ActiveCfg = Release|Any CPU
		{59EA8715-7438-4759-8595-67E3DB43CACA}.Release|Any CPU.Build.0 = Release|Any CPU
		{364A4857-CA50-45D9-BDFD-78DB07BEB9DD}.Debug|Any CPU.ActiveCfg = Debug|Any CPU
		{364A4857-CA50-45D9-BDFD-78DB07BEB9DD}.Debug|Any CPU.Build.0 = Debug|Any CPU
		{364A4857-CA50-45D9-BDFD-78DB07BEB9DD}.Release|Any CPU.ActiveCfg = Release|Any CPU
		{364A4857-CA50-45D9-BDFD-78DB07BEB9DD}.Release|Any CPU.Build.0 = Release|Any CPU
		{06B86DA9-B8BB-4A98-B363-7284350BB89A}.Debug|Any CPU.ActiveCfg = Debug|Any CPU
		{06B86DA9-B8BB-4A98-B363-7284350BB89A}.Debug|Any CPU.Build.0 = Debug|Any CPU
		{06B86DA9-B8BB-4A98-B363-7284350BB89A}.Release|Any CPU.ActiveCfg = Release|Any CPU
		{06B86DA9-B8BB-4A98-B363-7284350BB89A}.Release|Any CPU.Build.0 = Release|Any CPU
		{CAE9117B-A60A-4B9A-9D70-301A911AA7FA}.Debug|Any CPU.ActiveCfg = Debug|Any CPU
		{CAE9117B-A60A-4B9A-9D70-301A911AA7FA}.Debug|Any CPU.Build.0 = Debug|Any CPU
		{CAE9117B-A60A-4B9A-9D70-301A911AA7FA}.Release|Any CPU.ActiveCfg = Release|Any CPU
		{CAE9117B-A60A-4B9A-9D70-301A911AA7FA}.Release|Any CPU.Build.0 = Release|Any CPU
		{4E2176ED-943C-4374-AB08-852E236F03E4}.Debug|Any CPU.ActiveCfg = Debug|Any CPU
		{4E2176ED-943C-4374-AB08-852E236F03E4}.Debug|Any CPU.Build.0 = Debug|Any CPU
		{4E2176ED-943C-4374-AB08-852E236F03E4}.Release|Any CPU.ActiveCfg = Release|Any CPU
		{4E2176ED-943C-4374-AB08-852E236F03E4}.Release|Any CPU.Build.0 = Release|Any CPU
		{EA4EBE37-D701-4EFC-9A90-F87D59162058}.Debug|Any CPU.ActiveCfg = Debug|Any CPU
		{EA4EBE37-D701-4EFC-9A90-F87D59162058}.Debug|Any CPU.Build.0 = Debug|Any CPU
		{EA4EBE37-D701-4EFC-9A90-F87D59162058}.Release|Any CPU.ActiveCfg = Release|Any CPU
		{EA4EBE37-D701-4EFC-9A90-F87D59162058}.Release|Any CPU.Build.0 = Release|Any CPU
		{066C5422-DDE8-4FCA-8BB3-476C4C6ADD82}.Debug|Any CPU.ActiveCfg = Debug|Any CPU
		{066C5422-DDE8-4FCA-8BB3-476C4C6ADD82}.Debug|Any CPU.Build.0 = Debug|Any CPU
		{066C5422-DDE8-4FCA-8BB3-476C4C6ADD82}.Release|Any CPU.ActiveCfg = Release|Any CPU
		{066C5422-DDE8-4FCA-8BB3-476C4C6ADD82}.Release|Any CPU.Build.0 = Release|Any CPU
		{CA40D99D-B785-4FC8-AA3A-B6C6B3E95A43}.Debug|Any CPU.ActiveCfg = Debug|Any CPU
		{CA40D99D-B785-4FC8-AA3A-B6C6B3E95A43}.Debug|Any CPU.Build.0 = Debug|Any CPU
		{CA40D99D-B785-4FC8-AA3A-B6C6B3E95A43}.Release|Any CPU.ActiveCfg = Release|Any CPU
		{CA40D99D-B785-4FC8-AA3A-B6C6B3E95A43}.Release|Any CPU.Build.0 = Release|Any CPU
		{ACBD118F-DFAA-4873-9BCB-971884DB18BF}.Debug|Any CPU.ActiveCfg = Debug|Any CPU
		{ACBD118F-DFAA-4873-9BCB-971884DB18BF}.Debug|Any CPU.Build.0 = Debug|Any CPU
		{ACBD118F-DFAA-4873-9BCB-971884DB18BF}.Release|Any CPU.ActiveCfg = Release|Any CPU
		{ACBD118F-DFAA-4873-9BCB-971884DB18BF}.Release|Any CPU.Build.0 = Release|Any CPU
		{E524B822-8AFA-4655-AE1E-BFBFADF3491A}.Debug|Any CPU.ActiveCfg = Debug|Any CPU
		{E524B822-8AFA-4655-AE1E-BFBFADF3491A}.Debug|Any CPU.Build.0 = Debug|Any CPU
		{E524B822-8AFA-4655-AE1E-BFBFADF3491A}.Release|Any CPU.ActiveCfg = Release|Any CPU
		{E524B822-8AFA-4655-AE1E-BFBFADF3491A}.Release|Any CPU.Build.0 = Release|Any CPU
		{66F1C202-415D-4F06-AD27-E5D795793CD4}.Debug|Any CPU.ActiveCfg = Debug|Any CPU
		{66F1C202-415D-4F06-AD27-E5D795793CD4}.Debug|Any CPU.Build.0 = Debug|Any CPU
		{66F1C202-415D-4F06-AD27-E5D795793CD4}.Release|Any CPU.ActiveCfg = Release|Any CPU
		{66F1C202-415D-4F06-AD27-E5D795793CD4}.Release|Any CPU.Build.0 = Release|Any CPU
		{65A7F6F0-D40B-492E-B910-E61ED1230907}.Debug|Any CPU.ActiveCfg = Debug|Any CPU
		{65A7F6F0-D40B-492E-B910-E61ED1230907}.Debug|Any CPU.Build.0 = Debug|Any CPU
		{65A7F6F0-D40B-492E-B910-E61ED1230907}.Release|Any CPU.ActiveCfg = Release|Any CPU
		{65A7F6F0-D40B-492E-B910-E61ED1230907}.Release|Any CPU.Build.0 = Release|Any CPU
		{12359767-A6E6-480E-A3A8-3278D4E2C6B7}.Debug|Any CPU.ActiveCfg = Debug|Any CPU
		{12359767-A6E6-480E-A3A8-3278D4E2C6B7}.Debug|Any CPU.Build.0 = Debug|Any CPU
		{12359767-A6E6-480E-A3A8-3278D4E2C6B7}.Release|Any CPU.ActiveCfg = Release|Any CPU
		{12359767-A6E6-480E-A3A8-3278D4E2C6B7}.Release|Any CPU.Build.0 = Release|Any CPU
		{CD083432-EE0C-41F9-870E-33F2FA9E2579}.Debug|Any CPU.ActiveCfg = Debug|Any CPU
		{CD083432-EE0C-41F9-870E-33F2FA9E2579}.Debug|Any CPU.Build.0 = Debug|Any CPU
		{CD083432-EE0C-41F9-870E-33F2FA9E2579}.Release|Any CPU.ActiveCfg = Release|Any CPU
		{CD083432-EE0C-41F9-870E-33F2FA9E2579}.Release|Any CPU.Build.0 = Release|Any CPU
		{157A55A0-AE97-40F9-9A38-8A756C4B4785}.Debug|Any CPU.ActiveCfg = Debug|Any CPU
		{157A55A0-AE97-40F9-9A38-8A756C4B4785}.Debug|Any CPU.Build.0 = Debug|Any CPU
		{157A55A0-AE97-40F9-9A38-8A756C4B4785}.Release|Any CPU.ActiveCfg = Release|Any CPU
		{157A55A0-AE97-40F9-9A38-8A756C4B4785}.Release|Any CPU.Build.0 = Release|Any CPU
		{26C2ED87-6169-4E2C-822E-756F68C95D53}.Debug|Any CPU.ActiveCfg = Debug|Any CPU
		{26C2ED87-6169-4E2C-822E-756F68C95D53}.Debug|Any CPU.Build.0 = Debug|Any CPU
		{26C2ED87-6169-4E2C-822E-756F68C95D53}.Release|Any CPU.ActiveCfg = Release|Any CPU
		{26C2ED87-6169-4E2C-822E-756F68C95D53}.Release|Any CPU.Build.0 = Release|Any CPU
		{15C96B1A-705E-42AA-9BFB-5787545D5CA6}.Debug|Any CPU.ActiveCfg = Debug|Any CPU
		{15C96B1A-705E-42AA-9BFB-5787545D5CA6}.Debug|Any CPU.Build.0 = Debug|Any CPU
		{15C96B1A-705E-42AA-9BFB-5787545D5CA6}.Release|Any CPU.ActiveCfg = Release|Any CPU
		{15C96B1A-705E-42AA-9BFB-5787545D5CA6}.Release|Any CPU.Build.0 = Release|Any CPU
		{17EAAB91-0F33-4439-A94D-4E87610388AB}.Debug|Any CPU.ActiveCfg = Debug|Any CPU
		{17EAAB91-0F33-4439-A94D-4E87610388AB}.Debug|Any CPU.Build.0 = Debug|Any CPU
		{17EAAB91-0F33-4439-A94D-4E87610388AB}.Release|Any CPU.ActiveCfg = Release|Any CPU
		{17EAAB91-0F33-4439-A94D-4E87610388AB}.Release|Any CPU.Build.0 = Release|Any CPU
		{8E27AE08-7971-4E55-84E1-02A6565D4DF1}.Debug|Any CPU.ActiveCfg = Debug|Any CPU
		{8E27AE08-7971-4E55-84E1-02A6565D4DF1}.Debug|Any CPU.Build.0 = Debug|Any CPU
		{8E27AE08-7971-4E55-84E1-02A6565D4DF1}.Release|Any CPU.ActiveCfg = Release|Any CPU
		{8E27AE08-7971-4E55-84E1-02A6565D4DF1}.Release|Any CPU.Build.0 = Release|Any CPU
		{B4A2A06C-CD00-4BF4-96EF-986F88265CF2}.Debug|Any CPU.ActiveCfg = Debug|Any CPU
		{B4A2A06C-CD00-4BF4-96EF-986F88265CF2}.Debug|Any CPU.Build.0 = Debug|Any CPU
		{B4A2A06C-CD00-4BF4-96EF-986F88265CF2}.Release|Any CPU.ActiveCfg = Release|Any CPU
		{B4A2A06C-CD00-4BF4-96EF-986F88265CF2}.Release|Any CPU.Build.0 = Release|Any CPU
		{0FD3313F-D54D-4613-A73A-509BE5F3BC1A}.Debug|Any CPU.ActiveCfg = Debug|Any CPU
		{0FD3313F-D54D-4613-A73A-509BE5F3BC1A}.Debug|Any CPU.Build.0 = Debug|Any CPU
		{0FD3313F-D54D-4613-A73A-509BE5F3BC1A}.Release|Any CPU.ActiveCfg = Release|Any CPU
		{0FD3313F-D54D-4613-A73A-509BE5F3BC1A}.Release|Any CPU.Build.0 = Release|Any CPU
		{8909B53E-EB30-4214-9E29-D774C533F314}.Debug|Any CPU.ActiveCfg = Debug|Any CPU
		{8909B53E-EB30-4214-9E29-D774C533F314}.Debug|Any CPU.Build.0 = Debug|Any CPU
		{8909B53E-EB30-4214-9E29-D774C533F314}.Release|Any CPU.ActiveCfg = Release|Any CPU
		{8909B53E-EB30-4214-9E29-D774C533F314}.Release|Any CPU.Build.0 = Release|Any CPU
		{5753F00A-2418-4CA1-9BEE-0107D8E6CA5C}.Debug|Any CPU.ActiveCfg = Debug|Any CPU
		{5753F00A-2418-4CA1-9BEE-0107D8E6CA5C}.Debug|Any CPU.Build.0 = Debug|Any CPU
		{5753F00A-2418-4CA1-9BEE-0107D8E6CA5C}.Release|Any CPU.ActiveCfg = Release|Any CPU
		{5753F00A-2418-4CA1-9BEE-0107D8E6CA5C}.Release|Any CPU.Build.0 = Release|Any CPU
		{DC1FDCC2-3598-4DCC-A2F3-88D1181EC7F1}.Debug|Any CPU.ActiveCfg = Debug|Any CPU
		{DC1FDCC2-3598-4DCC-A2F3-88D1181EC7F1}.Debug|Any CPU.Build.0 = Debug|Any CPU
		{DC1FDCC2-3598-4DCC-A2F3-88D1181EC7F1}.Release|Any CPU.ActiveCfg = Release|Any CPU
		{DC1FDCC2-3598-4DCC-A2F3-88D1181EC7F1}.Release|Any CPU.Build.0 = Release|Any CPU
		{83E29DE4-F267-4891-BA34-889BD48E7867}.Debug|Any CPU.ActiveCfg = Debug|Any CPU
		{83E29DE4-F267-4891-BA34-889BD48E7867}.Debug|Any CPU.Build.0 = Debug|Any CPU
		{83E29DE4-F267-4891-BA34-889BD48E7867}.Release|Any CPU.ActiveCfg = Release|Any CPU
		{83E29DE4-F267-4891-BA34-889BD48E7867}.Release|Any CPU.Build.0 = Release|Any CPU
		{B38A2C03-E3D9-48A3-9155-5461C7BA0BC7}.Debug|Any CPU.ActiveCfg = Debug|Any CPU
		{B38A2C03-E3D9-48A3-9155-5461C7BA0BC7}.Debug|Any CPU.Build.0 = Debug|Any CPU
		{B38A2C03-E3D9-48A3-9155-5461C7BA0BC7}.Release|Any CPU.ActiveCfg = Release|Any CPU
		{B38A2C03-E3D9-48A3-9155-5461C7BA0BC7}.Release|Any CPU.Build.0 = Release|Any CPU
		{5A5C804B-7FF7-4CD3-9CB2-0602AE3700A8}.Debug|Any CPU.ActiveCfg = Debug|Any CPU
		{5A5C804B-7FF7-4CD3-9CB2-0602AE3700A8}.Debug|Any CPU.Build.0 = Debug|Any CPU
		{5A5C804B-7FF7-4CD3-9CB2-0602AE3700A8}.Release|Any CPU.ActiveCfg = Release|Any CPU
		{5A5C804B-7FF7-4CD3-9CB2-0602AE3700A8}.Release|Any CPU.Build.0 = Release|Any CPU
		{96D07673-9E19-4AF3-B3BE-76537EC07714}.Debug|Any CPU.ActiveCfg = Debug|Any CPU
		{96D07673-9E19-4AF3-B3BE-76537EC07714}.Debug|Any CPU.Build.0 = Debug|Any CPU
		{96D07673-9E19-4AF3-B3BE-76537EC07714}.Release|Any CPU.ActiveCfg = Release|Any CPU
		{96D07673-9E19-4AF3-B3BE-76537EC07714}.Release|Any CPU.Build.0 = Release|Any CPU
		{B94006C9-C0A7-4186-B30C-6651C9EE3192}.Debug|Any CPU.ActiveCfg = Debug|Any CPU
		{B94006C9-C0A7-4186-B30C-6651C9EE3192}.Debug|Any CPU.Build.0 = Debug|Any CPU
		{B94006C9-C0A7-4186-B30C-6651C9EE3192}.Release|Any CPU.ActiveCfg = Release|Any CPU
		{B94006C9-C0A7-4186-B30C-6651C9EE3192}.Release|Any CPU.Build.0 = Release|Any CPU
	EndGlobalSection
	GlobalSection(NestedProjects) = preSolution
		{1FFE9B22-1994-47B1-814E-7DCB8E838D10} = {B4DAA225-6158-4BB6-9426-242032A94EA7}
		{06B86DA9-B8BB-4A98-B363-7284350BB89A} = {1FFE9B22-1994-47B1-814E-7DCB8E838D10}
		{364A4857-CA50-45D9-BDFD-78DB07BEB9DD} = {1FFE9B22-1994-47B1-814E-7DCB8E838D10}
		{CD083432-EE0C-41F9-870E-33F2FA9E2579} = {1FFE9B22-1994-47B1-814E-7DCB8E838D10}
		{59EA8715-7438-4759-8595-67E3DB43CACA} = {1FFE9B22-1994-47B1-814E-7DCB8E838D10}
		{FB61A539-41C9-4D94-B1DA-6DFB1CFC3C6D} = {1FFE9B22-1994-47B1-814E-7DCB8E838D10}
		{CAE9117B-A60A-4B9A-9D70-301A911AA7FA} = {1FFE9B22-1994-47B1-814E-7DCB8E838D10}
		{4E2176ED-943C-4374-AB08-852E236F03E4} = {1FFE9B22-1994-47B1-814E-7DCB8E838D10}
		{EA4EBE37-D701-4EFC-9A90-F87D59162058} = {1FFE9B22-1994-47B1-814E-7DCB8E838D10}
		{066C5422-DDE8-4FCA-8BB3-476C4C6ADD82} = {1FFE9B22-1994-47B1-814E-7DCB8E838D10}
		{CA40D99D-B785-4FC8-AA3A-B6C6B3E95A43} = {1FFE9B22-1994-47B1-814E-7DCB8E838D10}
		{ACBD118F-DFAA-4873-9BCB-971884DB18BF} = {1FFE9B22-1994-47B1-814E-7DCB8E838D10}
		{E524B822-8AFA-4655-AE1E-BFBFADF3491A} = {1FFE9B22-1994-47B1-814E-7DCB8E838D10}
		{66F1C202-415D-4F06-AD27-E5D795793CD4} = {1FFE9B22-1994-47B1-814E-7DCB8E838D10}
		{65A7F6F0-D40B-492E-B910-E61ED1230907} = {1FFE9B22-1994-47B1-814E-7DCB8E838D10}
		{12359767-A6E6-480E-A3A8-3278D4E2C6B7} = {1FFE9B22-1994-47B1-814E-7DCB8E838D10}
		{803CE3CA-C382-436B-B6DE-87B604F2DD78} = {1D2C51BC-8126-4F7D-8720-18E1C978FF32}
		{19448357-ECD8-407A-9E22-F06F860A0881} = {1D2C51BC-8126-4F7D-8720-18E1C978FF32}
		{26C2ED87-6169-4E2C-822E-756F68C95D53} = {1D2C51BC-8126-4F7D-8720-18E1C978FF32}
		{15C96B1A-705E-42AA-9BFB-5787545D5CA6} = {1D2C51BC-8126-4F7D-8720-18E1C978FF32}
		{17EAAB91-0F33-4439-A94D-4E87610388AB} = {1D2C51BC-8126-4F7D-8720-18E1C978FF32}
		{B1CF08AB-C8C5-4272-8989-BA477346920C} = {B4DAA225-6158-4BB6-9426-242032A94EA7}
		{8E27AE08-7971-4E55-84E1-02A6565D4DF1} = {1D2C51BC-8126-4F7D-8720-18E1C978FF32}
		{B4A2A06C-CD00-4BF4-96EF-986F88265CF2} = {1FFE9B22-1994-47B1-814E-7DCB8E838D10}
		{0FD3313F-D54D-4613-A73A-509BE5F3BC1A} = {B1CF08AB-C8C5-4272-8989-BA477346920C}
		{8909B53E-EB30-4214-9E29-D774C533F314} = {B1CF08AB-C8C5-4272-8989-BA477346920C}
		{2F4C11FC-48AF-4F0A-BFD1-870CD14ED680} = {B1CF08AB-C8C5-4272-8989-BA477346920C}
		{5753F00A-2418-4CA1-9BEE-0107D8E6CA5C} = {2F4C11FC-48AF-4F0A-BFD1-870CD14ED680}
		{DC1FDCC2-3598-4DCC-A2F3-88D1181EC7F1} = {2F4C11FC-48AF-4F0A-BFD1-870CD14ED680}
		{83E29DE4-F267-4891-BA34-889BD48E7867} = {2F4C11FC-48AF-4F0A-BFD1-870CD14ED680}
		{B38A2C03-E3D9-48A3-9155-5461C7BA0BC7} = {2F4C11FC-48AF-4F0A-BFD1-870CD14ED680}
		{5A5C804B-7FF7-4CD3-9CB2-0602AE3700A8} = {2F4C11FC-48AF-4F0A-BFD1-870CD14ED680}
		{8F26CC73-FED3-4909-90E4-3C58C9969568} = {B1CF08AB-C8C5-4272-8989-BA477346920C}
		{96D07673-9E19-4AF3-B3BE-76537EC07714} = {8F26CC73-FED3-4909-90E4-3C58C9969568}
		{B94006C9-C0A7-4186-B30C-6651C9EE3192} = {2F4C11FC-48AF-4F0A-BFD1-870CD14ED680}
	EndGlobalSection
EndGlobal
