
Microsoft Visual Studio Solution File, Format Version 12.00
# Visual Studio 2013
VisualStudioVersion = 12.0.21005.1
MinimumVisualStudioVersion = 10.0.40219.1
Project("{FAE04EC0-301F-11D3-BF4B-00C04F79EFBC}") = "EventStore.Rags", "EventStore.Rags\EventStore.Rags.csproj", "{EE5D3576-BD96-4C06-87B3-8EACD43B9719}"
EndProject
Project("{FAE04EC0-301F-11D3-BF4B-00C04F79EFBC}") = "RagsPlayground", "EventStore.RagsPlayground\RagsPlayground.csproj", "{2992D4F0-F811-442E-B399-CCC861E73E12}"
EndProject
Project("{FAE04EC0-301F-11D3-BF4B-00C04F79EFBC}") = "EventStore.Rags.Tests", "EventStore.Rags.Tests\EventStore.Rags.Tests.csproj", "{DE5DEAA4-C681-4613-A2ED-AFFC97E545FC}"
EndProject
Global
	GlobalSection(SolutionConfigurationPlatforms) = preSolution
		Debug|Any CPU = Debug|Any CPU
		Release|Any CPU = Release|Any CPU
	EndGlobalSection
	GlobalSection(ProjectConfigurationPlatforms) = postSolution
		{EE5D3576-BD96-4C06-87B3-8EACD43B9719}.Debug|Any CPU.ActiveCfg = Debug|Any CPU
		{EE5D3576-BD96-4C06-87B3-8EACD43B9719}.Debug|Any CPU.Build.0 = Debug|Any CPU
		{EE5D3576-BD96-4C06-87B3-8EACD43B9719}.Release|Any CPU.ActiveCfg = Release|Any CPU
		{EE5D3576-BD96-4C06-87B3-8EACD43B9719}.Release|Any CPU.Build.0 = Release|Any CPU
		{2992D4F0-F811-442E-B399-CCC861E73E12}.Debug|Any CPU.ActiveCfg = Debug|Any CPU
		{2992D4F0-F811-442E-B399-CCC861E73E12}.Debug|Any CPU.Build.0 = Debug|Any CPU
		{2992D4F0-F811-442E-B399-CCC861E73E12}.Release|Any CPU.ActiveCfg = Release|Any CPU
		{2992D4F0-F811-442E-B399-CCC861E73E12}.Release|Any CPU.Build.0 = Release|Any CPU
		{DE5DEAA4-C681-4613-A2ED-AFFC97E545FC}.Debug|Any CPU.ActiveCfg = Debug|Any CPU
		{DE5DEAA4-C681-4613-A2ED-AFFC97E545FC}.Debug|Any CPU.Build.0 = Debug|Any CPU
		{DE5DEAA4-C681-4613-A2ED-AFFC97E545FC}.Release|Any CPU.ActiveCfg = Release|Any CPU
		{DE5DEAA4-C681-4613-A2ED-AFFC97E545FC}.Release|Any CPU.Build.0 = Release|Any CPU
	EndGlobalSection
	GlobalSection(SolutionProperties) = preSolution
		HideSolutionNode = FALSE
	EndGlobalSection
EndGlobal
