
Microsoft Visual Studio Solution File, Format Version 12.00
# Visual Studio 2012
Project("{FAE04EC0-301F-11D3-BF4B-00C04F79EFBC}") = "EventStore.ClientAPI", "EventStore.ClientAPI\EventStore.ClientAPI.csproj", "{C7C0A3C2-A0EB-4FF4-A0CD-67EADF3F553F}"
EndProject
Global
	GlobalSection(SolutionConfigurationPlatforms) = preSolution
		Debug|Any CPU = Debug|Any CPU
		Debug|x86 = Debug|x86
		Release|Any CPU = Release|Any CPU
		Release|x86 = Release|x86
	EndGlobalSection
	GlobalSection(ProjectConfigurationPlatforms) = postSolution
		{C7C0A3C2-A0EB-4FF4-A0CD-67EADF3F553F}.Debug|Any CPU.ActiveCfg = Debug|Any CPU
		{C7C0A3C2-A0EB-4FF4-A0CD-67EADF3F553F}.Debug|Any CPU.Build.0 = Debug|Any CPU
		{C7C0A3C2-A0EB-4FF4-A0CD-67EADF3F553F}.Debug|x86.ActiveCfg = Debug|x86
		{C7C0A3C2-A0EB-4FF4-A0CD-67EADF3F553F}.Debug|x86.Build.0 = Debug|x86
		{C7C0A3C2-A0EB-4FF4-A0CD-67EADF3F553F}.Release|Any CPU.ActiveCfg = Release|Any CPU
		{C7C0A3C2-A0EB-4FF4-A0CD-67EADF3F553F}.Release|Any CPU.Build.0 = Release|Any CPU
		{C7C0A3C2-A0EB-4FF4-A0CD-67EADF3F553F}.Release|x86.ActiveCfg = Release|x86
		{C7C0A3C2-A0EB-4FF4-A0CD-67EADF3F553F}.Release|x86.Build.0 = Release|x86
	EndGlobalSection
	GlobalSection(SolutionProperties) = preSolution
		HideSolutionNode = FALSE
	EndGlobalSection
EndGlobal
