
Microsoft Visual Studio Solution File, Format Version 12.00
# Visual Studio 2012
Project("{FAE04EC0-301F-11D3-BF4B-00C04F79EFBC}") = "EventStore.BufferManagement", "EventStore.BufferManagement\EventStore.BufferManagement.csproj", "{A794D3FB-06AC-471F-AB8D-6E98CBFA0021}"
EndProject
Project("{FAE04EC0-301F-11D3-BF4B-00C04F79EFBC}") = "EventStore.Transport.Tcp", "EventStore.Transport.Tcp\EventStore.Transport.Tcp.csproj", "{A3C1CBE0-4728-451F-B709-480134432880}"
EndProject
Project("{FAE04EC0-301F-11D3-BF4B-00C04F79EFBC}") = "EventStore.Core", "EventStore.Core\EventStore.Core.csproj", "{D42A5833-4F20-4FCC-B364-6207AE016732}"
EndProject
Project("{FAE04EC0-301F-11D3-BF4B-00C04F79EFBC}") = "EventStore.Core.Tests", "EventStore.Core.Tests\EventStore.Core.Tests.csproj", "{6BC8929C-FFD0-4EE6-ACF8-BDF4A3855AF4}"
EndProject
Project("{FAE04EC0-301F-11D3-BF4B-00C04F79EFBC}") = "EventStore.Transport.Http", "EventStore.Transport.Http\EventStore.Transport.Http.csproj", "{30AF4820-DC60-4674-9E19-C4518445545A}"
EndProject
Project("{FAE04EC0-301F-11D3-BF4B-00C04F79EFBC}") = "EventStore.Common", "EventStore.Common\EventStore.Common.csproj", "{B4C9BE3D-43B1-4049-A23A-5DC53DB3F0B0}"
EndProject
Project("{FAE04EC0-301F-11D3-BF4B-00C04F79EFBC}") = "EventStore.BufferManagement.Tests", "EventStore.BufferManagement.Tests\EventStore.BufferManagement.Tests.csproj", "{05598608-CF42-49C1-A220-B1B7D1EBD83E}"
EndProject
Project("{FAE04EC0-301F-11D3-BF4B-00C04F79EFBC}") = "EventStore.Projections.Core", "EventStore.Projections.Core\EventStore.Projections.Core.csproj", "{03E02082-E179-4730-81FF-CE914749D6E3}"
	ProjectSection(ProjectDependencies) = postProject
		{A1EF4189-61D3-4B9A-8304-2F4B91C48711} = {A1EF4189-61D3-4B9A-8304-2F4B91C48711}
	EndProjectSection
EndProject
Project("{8BC9CEB8-8B4A-11D0-8D11-00A0C91BC942}") = "EventStore.Projections.v8Integration", "EventStore.Projections.v8Integration\EventStore.Projections.v8Integration.vcxproj", "{A1EF4189-61D3-4B9A-8304-2F4B91C48711}"
EndProject
Project("{FAE04EC0-301F-11D3-BF4B-00C04F79EFBC}") = "EventStore.SingleNode", "EventStore.SingleNode\EventStore.SingleNode.csproj", "{8071224E-8C49-4387-B834-801BADD4023D}"
	ProjectSection(ProjectDependencies) = postProject
		{A1EF4189-61D3-4B9A-8304-2F4B91C48711} = {A1EF4189-61D3-4B9A-8304-2F4B91C48711}
	EndProjectSection
EndProject
Project("{FAE04EC0-301F-11D3-BF4B-00C04F79EFBC}") = "EventStore.Projections.Core.Tests", "EventStore.Projections.Core.Tests\EventStore.Projections.Core.Tests.csproj", "{B3792B44-423E-4937-B065-F2D61785017F}"
EndProject
Project("{FAE04EC0-301F-11D3-BF4B-00C04F79EFBC}") = "EventStore.ClientAPI", "EventStore.ClientAPI\EventStore.ClientAPI.csproj", "{C7C0A3C2-A0EB-4FF4-A0CD-67EADF3F553F}"
EndProject
Project("{FAE04EC0-301F-11D3-BF4B-00C04F79EFBC}") = "EventStore.TestClient", "EventStore.TestClient\EventStore.TestClient.csproj", "{F5D3314D-E4B9-4D82-90C5-F1CEFA527365}"
EndProject
Project("{FAE04EC0-301F-11D3-BF4B-00C04F79EFBC}") = "EventStore.Web", "EventStore.Web\EventStore.Web.csproj", "{68065B8C-0FDC-473F-9C32-54078E32FD5C}"
EndProject
Project("{FAE04EC0-301F-11D3-BF4B-00C04F79EFBC}") = "EventStore.SingleNode.Web", "EventStore.SingleNode.Web\EventStore.SingleNode.Web.csproj", "{D597790A-0AB4-4962-B50A-B4ACA40765EB}"
EndProject
Project("{FAE04EC0-301F-11D3-BF4B-00C04F79EFBC}") = "EventStore.Padmin", "EventStore.Padmin\EventStore.Padmin.csproj", "{E4CDAFC5-CF95-4846-B3FC-FC97C2CC343F}"
EndProject
Project("{FAE04EC0-301F-11D3-BF4B-00C04F79EFBC}") = "EventStore.Web.Playground", "EventStore.Web.Playground\EventStore.Web.Playground.csproj", "{7A5DFCF1-3FFE-480F-82E4-EBE73AAE7D6A}"
EndProject
Global
	GlobalSection(SolutionConfigurationPlatforms) = preSolution
		Debug|x64 = Debug|x64
		Debug|x86 = Debug|x86
		Release|x64 = Release|x64
		Release|x86 = Release|x86
	EndGlobalSection
	GlobalSection(ProjectConfigurationPlatforms) = postSolution
		{A794D3FB-06AC-471F-AB8D-6E98CBFA0021}.Debug|x64.ActiveCfg = Debug|Any CPU
		{A794D3FB-06AC-471F-AB8D-6E98CBFA0021}.Debug|x64.Build.0 = Debug|Any CPU
		{A794D3FB-06AC-471F-AB8D-6E98CBFA0021}.Debug|x86.ActiveCfg = Debug|x86
		{A794D3FB-06AC-471F-AB8D-6E98CBFA0021}.Debug|x86.Build.0 = Debug|x86
		{A794D3FB-06AC-471F-AB8D-6E98CBFA0021}.Release|x64.ActiveCfg = Release|Any CPU
		{A794D3FB-06AC-471F-AB8D-6E98CBFA0021}.Release|x64.Build.0 = Release|Any CPU
		{A794D3FB-06AC-471F-AB8D-6E98CBFA0021}.Release|x86.ActiveCfg = Release|x86
		{A794D3FB-06AC-471F-AB8D-6E98CBFA0021}.Release|x86.Build.0 = Release|x86
		{A3C1CBE0-4728-451F-B709-480134432880}.Debug|x64.ActiveCfg = Debug|Any CPU
		{A3C1CBE0-4728-451F-B709-480134432880}.Debug|x64.Build.0 = Debug|Any CPU
		{A3C1CBE0-4728-451F-B709-480134432880}.Debug|x86.ActiveCfg = Debug|x86
		{A3C1CBE0-4728-451F-B709-480134432880}.Debug|x86.Build.0 = Debug|x86
		{A3C1CBE0-4728-451F-B709-480134432880}.Release|x64.ActiveCfg = Release|Any CPU
		{A3C1CBE0-4728-451F-B709-480134432880}.Release|x64.Build.0 = Release|Any CPU
		{A3C1CBE0-4728-451F-B709-480134432880}.Release|x86.ActiveCfg = Release|x86
		{A3C1CBE0-4728-451F-B709-480134432880}.Release|x86.Build.0 = Release|x86
		{D42A5833-4F20-4FCC-B364-6207AE016732}.Debug|x64.ActiveCfg = Debug|Any CPU
		{D42A5833-4F20-4FCC-B364-6207AE016732}.Debug|x64.Build.0 = Debug|Any CPU
		{D42A5833-4F20-4FCC-B364-6207AE016732}.Debug|x86.ActiveCfg = Debug|x86
		{D42A5833-4F20-4FCC-B364-6207AE016732}.Debug|x86.Build.0 = Debug|x86
		{D42A5833-4F20-4FCC-B364-6207AE016732}.Release|x64.ActiveCfg = Release|Any CPU
		{D42A5833-4F20-4FCC-B364-6207AE016732}.Release|x64.Build.0 = Release|Any CPU
		{D42A5833-4F20-4FCC-B364-6207AE016732}.Release|x86.ActiveCfg = Release|x86
		{D42A5833-4F20-4FCC-B364-6207AE016732}.Release|x86.Build.0 = Release|x86
		{6BC8929C-FFD0-4EE6-ACF8-BDF4A3855AF4}.Debug|x64.ActiveCfg = Debug|Any CPU
		{6BC8929C-FFD0-4EE6-ACF8-BDF4A3855AF4}.Debug|x64.Build.0 = Debug|Any CPU
		{6BC8929C-FFD0-4EE6-ACF8-BDF4A3855AF4}.Debug|x86.ActiveCfg = Debug|x86
		{6BC8929C-FFD0-4EE6-ACF8-BDF4A3855AF4}.Debug|x86.Build.0 = Debug|x86
		{6BC8929C-FFD0-4EE6-ACF8-BDF4A3855AF4}.Release|x64.ActiveCfg = Release|Any CPU
		{6BC8929C-FFD0-4EE6-ACF8-BDF4A3855AF4}.Release|x64.Build.0 = Release|Any CPU
		{6BC8929C-FFD0-4EE6-ACF8-BDF4A3855AF4}.Release|x86.ActiveCfg = Release|x86
		{6BC8929C-FFD0-4EE6-ACF8-BDF4A3855AF4}.Release|x86.Build.0 = Release|x86
		{30AF4820-DC60-4674-9E19-C4518445545A}.Debug|x64.ActiveCfg = Debug|Any CPU
		{30AF4820-DC60-4674-9E19-C4518445545A}.Debug|x64.Build.0 = Debug|Any CPU
		{30AF4820-DC60-4674-9E19-C4518445545A}.Debug|x86.ActiveCfg = Debug|x86
		{30AF4820-DC60-4674-9E19-C4518445545A}.Debug|x86.Build.0 = Debug|x86
		{30AF4820-DC60-4674-9E19-C4518445545A}.Release|x64.ActiveCfg = Release|Any CPU
		{30AF4820-DC60-4674-9E19-C4518445545A}.Release|x64.Build.0 = Release|Any CPU
		{30AF4820-DC60-4674-9E19-C4518445545A}.Release|x86.ActiveCfg = Release|x86
		{30AF4820-DC60-4674-9E19-C4518445545A}.Release|x86.Build.0 = Release|x86
		{B4C9BE3D-43B1-4049-A23A-5DC53DB3F0B0}.Debug|x64.ActiveCfg = Debug|Any CPU
		{B4C9BE3D-43B1-4049-A23A-5DC53DB3F0B0}.Debug|x64.Build.0 = Debug|Any CPU
		{B4C9BE3D-43B1-4049-A23A-5DC53DB3F0B0}.Debug|x86.ActiveCfg = Debug|x86
		{B4C9BE3D-43B1-4049-A23A-5DC53DB3F0B0}.Debug|x86.Build.0 = Debug|x86
		{B4C9BE3D-43B1-4049-A23A-5DC53DB3F0B0}.Release|x64.ActiveCfg = Release|Any CPU
		{B4C9BE3D-43B1-4049-A23A-5DC53DB3F0B0}.Release|x64.Build.0 = Release|Any CPU
		{B4C9BE3D-43B1-4049-A23A-5DC53DB3F0B0}.Release|x86.ActiveCfg = Release|x86
		{B4C9BE3D-43B1-4049-A23A-5DC53DB3F0B0}.Release|x86.Build.0 = Release|x86
		{05598608-CF42-49C1-A220-B1B7D1EBD83E}.Debug|x64.ActiveCfg = Debug|Any CPU
		{05598608-CF42-49C1-A220-B1B7D1EBD83E}.Debug|x64.Build.0 = Debug|Any CPU
		{05598608-CF42-49C1-A220-B1B7D1EBD83E}.Debug|x86.ActiveCfg = Debug|x86
		{05598608-CF42-49C1-A220-B1B7D1EBD83E}.Debug|x86.Build.0 = Debug|x86
		{05598608-CF42-49C1-A220-B1B7D1EBD83E}.Release|x64.ActiveCfg = Release|Any CPU
		{05598608-CF42-49C1-A220-B1B7D1EBD83E}.Release|x64.Build.0 = Release|Any CPU
		{05598608-CF42-49C1-A220-B1B7D1EBD83E}.Release|x86.ActiveCfg = Release|x86
		{05598608-CF42-49C1-A220-B1B7D1EBD83E}.Release|x86.Build.0 = Release|x86
		{03E02082-E179-4730-81FF-CE914749D6E3}.Debug|x64.ActiveCfg = Debug|Any CPU
		{03E02082-E179-4730-81FF-CE914749D6E3}.Debug|x64.Build.0 = Debug|Any CPU
		{03E02082-E179-4730-81FF-CE914749D6E3}.Debug|x86.ActiveCfg = Debug|x86
		{03E02082-E179-4730-81FF-CE914749D6E3}.Debug|x86.Build.0 = Debug|x86
		{03E02082-E179-4730-81FF-CE914749D6E3}.Release|x64.ActiveCfg = Release|Any CPU
		{03E02082-E179-4730-81FF-CE914749D6E3}.Release|x64.Build.0 = Release|Any CPU
		{03E02082-E179-4730-81FF-CE914749D6E3}.Release|x86.ActiveCfg = Release|x86
		{03E02082-E179-4730-81FF-CE914749D6E3}.Release|x86.Build.0 = Release|x86
		{A1EF4189-61D3-4B9A-8304-2F4B91C48711}.Debug|x64.ActiveCfg = Debug|x64
		{A1EF4189-61D3-4B9A-8304-2F4B91C48711}.Debug|x64.Build.0 = Debug|x64
		{A1EF4189-61D3-4B9A-8304-2F4B91C48711}.Debug|x86.ActiveCfg = Debug|Win32
		{A1EF4189-61D3-4B9A-8304-2F4B91C48711}.Debug|x86.Build.0 = Debug|Win32
		{A1EF4189-61D3-4B9A-8304-2F4B91C48711}.Release|x64.ActiveCfg = Release|x64
		{A1EF4189-61D3-4B9A-8304-2F4B91C48711}.Release|x64.Build.0 = Release|x64
		{A1EF4189-61D3-4B9A-8304-2F4B91C48711}.Release|x86.ActiveCfg = Release|Win32
		{A1EF4189-61D3-4B9A-8304-2F4B91C48711}.Release|x86.Build.0 = Release|Win32
		{8071224E-8C49-4387-B834-801BADD4023D}.Debug|x64.ActiveCfg = Debug|Any CPU
		{8071224E-8C49-4387-B834-801BADD4023D}.Debug|x64.Build.0 = Debug|Any CPU
		{8071224E-8C49-4387-B834-801BADD4023D}.Debug|x86.ActiveCfg = Debug|x86
		{8071224E-8C49-4387-B834-801BADD4023D}.Debug|x86.Build.0 = Debug|x86
		{8071224E-8C49-4387-B834-801BADD4023D}.Release|x64.ActiveCfg = Release|Any CPU
		{8071224E-8C49-4387-B834-801BADD4023D}.Release|x64.Build.0 = Release|Any CPU
		{8071224E-8C49-4387-B834-801BADD4023D}.Release|x86.ActiveCfg = Release|x86
		{8071224E-8C49-4387-B834-801BADD4023D}.Release|x86.Build.0 = Release|x86
		{B3792B44-423E-4937-B065-F2D61785017F}.Debug|x64.ActiveCfg = Debug|x64
		{B3792B44-423E-4937-B065-F2D61785017F}.Debug|x64.Build.0 = Debug|x64
		{B3792B44-423E-4937-B065-F2D61785017F}.Debug|x86.ActiveCfg = Debug|x86
		{B3792B44-423E-4937-B065-F2D61785017F}.Debug|x86.Build.0 = Debug|x86
		{B3792B44-423E-4937-B065-F2D61785017F}.Release|x64.ActiveCfg = Release|x64
		{B3792B44-423E-4937-B065-F2D61785017F}.Release|x64.Build.0 = Release|x64
		{B3792B44-423E-4937-B065-F2D61785017F}.Release|x86.ActiveCfg = Release|x86
		{B3792B44-423E-4937-B065-F2D61785017F}.Release|x86.Build.0 = Release|x86
		{C7C0A3C2-A0EB-4FF4-A0CD-67EADF3F553F}.Debug|x64.ActiveCfg = Debug|Any CPU
		{C7C0A3C2-A0EB-4FF4-A0CD-67EADF3F553F}.Debug|x64.Build.0 = Debug|Any CPU
		{C7C0A3C2-A0EB-4FF4-A0CD-67EADF3F553F}.Debug|x86.ActiveCfg = Debug|x86
		{C7C0A3C2-A0EB-4FF4-A0CD-67EADF3F553F}.Debug|x86.Build.0 = Debug|x86
		{C7C0A3C2-A0EB-4FF4-A0CD-67EADF3F553F}.Release|x64.ActiveCfg = Release|Any CPU
		{C7C0A3C2-A0EB-4FF4-A0CD-67EADF3F553F}.Release|x64.Build.0 = Release|Any CPU
		{C7C0A3C2-A0EB-4FF4-A0CD-67EADF3F553F}.Release|x86.ActiveCfg = Release|x86
		{C7C0A3C2-A0EB-4FF4-A0CD-67EADF3F553F}.Release|x86.Build.0 = Release|x86
		{F5D3314D-E4B9-4D82-90C5-F1CEFA527365}.Debug|x64.ActiveCfg = Debug|Any CPU
		{F5D3314D-E4B9-4D82-90C5-F1CEFA527365}.Debug|x64.Build.0 = Debug|Any CPU
		{F5D3314D-E4B9-4D82-90C5-F1CEFA527365}.Debug|x86.ActiveCfg = Debug|x86
		{F5D3314D-E4B9-4D82-90C5-F1CEFA527365}.Debug|x86.Build.0 = Debug|x86
		{F5D3314D-E4B9-4D82-90C5-F1CEFA527365}.Release|x64.ActiveCfg = Release|Any CPU
		{F5D3314D-E4B9-4D82-90C5-F1CEFA527365}.Release|x64.Build.0 = Release|Any CPU
		{F5D3314D-E4B9-4D82-90C5-F1CEFA527365}.Release|x86.ActiveCfg = Release|x86
		{F5D3314D-E4B9-4D82-90C5-F1CEFA527365}.Release|x86.Build.0 = Release|x86
		{68065B8C-0FDC-473F-9C32-54078E32FD5C}.Debug|x64.ActiveCfg = Debug|Any CPU
		{68065B8C-0FDC-473F-9C32-54078E32FD5C}.Debug|x64.Build.0 = Debug|Any CPU
		{68065B8C-0FDC-473F-9C32-54078E32FD5C}.Debug|x86.ActiveCfg = Debug|x86
		{68065B8C-0FDC-473F-9C32-54078E32FD5C}.Debug|x86.Build.0 = Debug|x86
		{68065B8C-0FDC-473F-9C32-54078E32FD5C}.Release|x64.ActiveCfg = Release|Any CPU
		{68065B8C-0FDC-473F-9C32-54078E32FD5C}.Release|x64.Build.0 = Release|Any CPU
		{68065B8C-0FDC-473F-9C32-54078E32FD5C}.Release|x86.ActiveCfg = Release|x86
		{68065B8C-0FDC-473F-9C32-54078E32FD5C}.Release|x86.Build.0 = Release|x86
		{D597790A-0AB4-4962-B50A-B4ACA40765EB}.Debug|x64.ActiveCfg = Debug|Any CPU
		{D597790A-0AB4-4962-B50A-B4ACA40765EB}.Debug|x64.Build.0 = Debug|Any CPU
		{D597790A-0AB4-4962-B50A-B4ACA40765EB}.Debug|x86.ActiveCfg = Debug|x86
		{D597790A-0AB4-4962-B50A-B4ACA40765EB}.Debug|x86.Build.0 = Debug|x86
		{D597790A-0AB4-4962-B50A-B4ACA40765EB}.Release|x64.ActiveCfg = Release|Any CPU
		{D597790A-0AB4-4962-B50A-B4ACA40765EB}.Release|x64.Build.0 = Release|Any CPU
		{D597790A-0AB4-4962-B50A-B4ACA40765EB}.Release|x86.ActiveCfg = Release|x86
		{D597790A-0AB4-4962-B50A-B4ACA40765EB}.Release|x86.Build.0 = Release|x86
		{E4CDAFC5-CF95-4846-B3FC-FC97C2CC343F}.Debug|x64.ActiveCfg = Debug|Any CPU
		{E4CDAFC5-CF95-4846-B3FC-FC97C2CC343F}.Debug|x64.Build.0 = Debug|Any CPU
		{E4CDAFC5-CF95-4846-B3FC-FC97C2CC343F}.Debug|x86.ActiveCfg = Debug|x86
		{E4CDAFC5-CF95-4846-B3FC-FC97C2CC343F}.Debug|x86.Build.0 = Debug|x86
		{E4CDAFC5-CF95-4846-B3FC-FC97C2CC343F}.Release|x64.ActiveCfg = Release|Any CPU
		{E4CDAFC5-CF95-4846-B3FC-FC97C2CC343F}.Release|x64.Build.0 = Release|Any CPU
		{E4CDAFC5-CF95-4846-B3FC-FC97C2CC343F}.Release|x86.ActiveCfg = Release|x86
		{E4CDAFC5-CF95-4846-B3FC-FC97C2CC343F}.Release|x86.Build.0 = Release|x86
		{7A5DFCF1-3FFE-480F-82E4-EBE73AAE7D6A}.Debug|x64.ActiveCfg = Debug|Any CPU
		{7A5DFCF1-3FFE-480F-82E4-EBE73AAE7D6A}.Debug|x64.Build.0 = Debug|Any CPU
		{7A5DFCF1-3FFE-480F-82E4-EBE73AAE7D6A}.Debug|x86.ActiveCfg = Debug|x86
		{7A5DFCF1-3FFE-480F-82E4-EBE73AAE7D6A}.Debug|x86.Build.0 = Debug|x86
		{7A5DFCF1-3FFE-480F-82E4-EBE73AAE7D6A}.Release|x64.ActiveCfg = Release|Any CPU
		{7A5DFCF1-3FFE-480F-82E4-EBE73AAE7D6A}.Release|x64.Build.0 = Release|Any CPU
		{7A5DFCF1-3FFE-480F-82E4-EBE73AAE7D6A}.Release|x86.ActiveCfg = Release|x86
		{7A5DFCF1-3FFE-480F-82E4-EBE73AAE7D6A}.Release|x86.Build.0 = Release|x86
	EndGlobalSection
	GlobalSection(SolutionProperties) = preSolution
		HideSolutionNode = FALSE
	EndGlobalSection
	GlobalSection(MonoDevelopProperties) = preSolution
		StartupItem = EventStore.MultiNode\EventStore.MultiNode.csproj
	EndGlobalSection
	GlobalSection(MonoDevelopProperties) = preSolution
		StartupItem = EventStore.BufferManagement\EventStore.BufferManagement.csproj
		Policies = $0
		$0.DotNetNamingPolicy = $1
		$1.DirectoryNamespaceAssociation = None
		$1.ResourceNamePolicy = FileFormatDefault
		$0.VersionControlPolicy = $2
		$2.inheritsSet = Mono
		$0.ChangeLogPolicy = $3
		$3.UpdateMode = None
		$3.MessageStyle = $4
		$4.LineAlign = 0
		$3.inheritsSet = Mono
	EndGlobalSection
EndGlobal
