
Microsoft Visual Studio Solution File, Format Version 12.00
# Visual Studio Version 17
VisualStudioVersion = 17.3.32929.385
MinimumVisualStudioVersion = 15.0.26124.0
Project("{9A19103F-16F7-4668-BE54-9A1E7A4F7556}") = "EventStore.BufferManagement", "EventStore.BufferManagement\EventStore.BufferManagement.csproj", "{C7B79854-21DB-48A9-89E3-136404F13DF5}"
EndProject
Project("{9A19103F-16F7-4668-BE54-9A1E7A4F7556}") = "EventStore.BufferManagement.Tests", "EventStore.BufferManagement.Tests\EventStore.BufferManagement.Tests.csproj", "{289B2A5C-9EC6-47C4-9C1B-15D4C2ADFDCD}"
EndProject
Project("{9A19103F-16F7-4668-BE54-9A1E7A4F7556}") = "EventStore.Projections.Core.Tests", "EventStore.Projections.Core.Tests\EventStore.Projections.Core.Tests.csproj", "{96FC74C3-8E5D-4090-B4C7-2B7ED46AE187}"
EndProject
Project("{9A19103F-16F7-4668-BE54-9A1E7A4F7556}") = "EventStore.ClusterNode.Web", "EventStore.ClusterNode.Web\EventStore.ClusterNode.Web.csproj", "{401862D3-E12F-470C-9137-B9DE10591AC6}"
EndProject
Project("{9A19103F-16F7-4668-BE54-9A1E7A4F7556}") = "EventStore.Common", "EventStore.Common\EventStore.Common.csproj", "{3F955137-DC23-4AC1-B7F8-6D0857234CCB}"
EndProject
Project("{9A19103F-16F7-4668-BE54-9A1E7A4F7556}") = "EventStore.Core.Tests", "EventStore.Core.Tests\EventStore.Core.Tests.csproj", "{F0E1719C-88FF-4E44-BCBE-8B59ADA29134}"
EndProject
Project("{9A19103F-16F7-4668-BE54-9A1E7A4F7556}") = "EventStore.Projections.Core", "EventStore.Projections.Core\EventStore.Projections.Core.csproj", "{800E7456-4BC4-49B5-940F-1D634B687C6E}"
EndProject
Project("{9A19103F-16F7-4668-BE54-9A1E7A4F7556}") = "KurrentDB.TestClient", "KurrentDB.TestClient\KurrentDB.TestClient.csproj", "{68011903-5E41-41E2-891B-2C0B3B13C189}"
EndProject
Project("{9A19103F-16F7-4668-BE54-9A1E7A4F7556}") = "EventStore.Transport.Http", "EventStore.Transport.Http\EventStore.Transport.Http.csproj", "{EB8587FE-7805-4306-AD50-EBE45AB0A189}"
EndProject
Project("{9A19103F-16F7-4668-BE54-9A1E7A4F7556}") = "EventStore.Core", "EventStore.Core\EventStore.Core.csproj", "{9957CA10-8A8A-419F-92BD-7A8BE3014345}"
EndProject
Project("{9A19103F-16F7-4668-BE54-9A1E7A4F7556}") = "EventStore.Transport.Tcp", "EventStore.Transport.Tcp\EventStore.Transport.Tcp.csproj", "{DCAD0184-4AFE-49EA-BE31-5D68CA4B59CA}"
EndProject
Project("{9A19103F-16F7-4668-BE54-9A1E7A4F7556}") = "KurrentDB", "KurrentDB\KurrentDB.csproj", "{FDFCE363-84A4-4A6F-B97C-D9F57D8D124F}"
EndProject
Project("{9A19103F-16F7-4668-BE54-9A1E7A4F7556}") = "EventStore.Native", "EventStore.Native\EventStore.Native.csproj", "{03FA0763-6D41-44C0-911D-662AE2B10084}"
EndProject
Project("{2150E333-8FDC-42A3-9474-1A3956D46DE8}") = "Solution Items", "Solution Items", "{A19631BB-65CF-4726-8732-4EFD977E9B32}"
	ProjectSection(SolutionItems) = preProject
		.editorconfig = .editorconfig
		..\.github\CODEOWNERS = ..\.github\CODEOWNERS
		Directory.Build.props = Directory.Build.props
		Directory.Build.targets = Directory.Build.targets
		..\Dockerfile = ..\Dockerfile
		..\qodana.yaml = ..\qodana.yaml
	EndProjectSection
EndProject
Project("{9A19103F-16F7-4668-BE54-9A1E7A4F7556}") = "EventStore.NETCore.Compatibility", "EventStore.NETCore.Compatibility\EventStore.NETCore.Compatibility.csproj", "{066B6514-86A0-41D8-BB6A-D9B05141D026}"
EndProject
Project("{9A19103F-16F7-4668-BE54-9A1E7A4F7556}") = "EventStore.LogV3", "EventStore.LogV3\EventStore.LogV3.csproj", "{0A8829D0-0A6F-43A5-ACD4-970690296C52}"
EndProject
Project("{9A19103F-16F7-4668-BE54-9A1E7A4F7556}") = "EventStore.LogV3.Tests", "EventStore.LogV3.Tests\EventStore.LogV3.Tests.csproj", "{97EDD08B-0E2F-4445-A4CA-36285954BBDC}"
EndProject
Project("{9A19103F-16F7-4668-BE54-9A1E7A4F7556}") = "EventStore.LogCommon", "EventStore.LogCommon\EventStore.LogCommon.csproj", "{B1185D46-45AE-49DD-99BF-602B9359BACF}"
EndProject
Project("{9A19103F-16F7-4668-BE54-9A1E7A4F7556}") = "EventStore.Core.XUnit.Tests", "EventStore.Core.XUnit.Tests\EventStore.Core.XUnit.Tests.csproj", "{101DD668-2140-4183-8C97-F641173AF736}"
EndProject
Project("{9A19103F-16F7-4668-BE54-9A1E7A4F7556}") = "EventStore.Projections.Core.Javascript.Tests", "EventStore.Projections.Core.Javascript.Tests\EventStore.Projections.Core.Javascript.Tests.csproj", "{1826D544-16E6-460F-A8F2-1D56B5041AE7}"
EndProject
Project("{9A19103F-16F7-4668-BE54-9A1E7A4F7556}") = "EventStore.MicroBenchmarks", "EventStore.MicroBenchmarks\EventStore.MicroBenchmarks.csproj", "{87F81751-192B-4263-A658-6DFC51EA557C}"
EndProject
Project("{9A19103F-16F7-4668-BE54-9A1E7A4F7556}") = "EventStore.SourceGenerators", "EventStore.SourceGenerators\EventStore.SourceGenerators.csproj", "{24BA3208-F690-4DD4-AECB-E339DEE0C69E}"
EndProject
Project("{9A19103F-16F7-4668-BE54-9A1E7A4F7556}") = "EventStore.SourceGenerators.Tests", "EventStore.SourceGenerators.Tests\EventStore.SourceGenerators.Tests.csproj", "{3C9DCA10-0006-4FA5-88CB-9CCEC1B2C522}"
EndProject
Project("{9A19103F-16F7-4668-BE54-9A1E7A4F7556}") = "EventStore.Common.Tests", "EventStore.Common.Tests\EventStore.Common.Tests.csproj", "{58219323-BD46-4F67-A83A-410F56F84EE3}"
EndProject
Project("{9A19103F-16F7-4668-BE54-9A1E7A4F7556}") = "EventStore.PluginHosting", "EventStore.PluginHosting\EventStore.PluginHosting.csproj", "{8B021F57-D4B1-47D6-85AA-DE2D20486840}"
EndProject
Project("{9A19103F-16F7-4668-BE54-9A1E7A4F7556}") = "EventStore.SystemRuntime", "EventStore.SystemRuntime\EventStore.SystemRuntime.csproj", "{8A023103-C4C8-4ECA-A78C-2D1BCF7A7BDB}"
EndProject
Project("{9A19103F-16F7-4668-BE54-9A1E7A4F7556}") = "EventStore.Projections.Core.XUnit.Tests", "EventStore.Projections.Core.XUnit.Tests\EventStore.Projections.Core.XUnit.Tests.csproj", "{41EEB66F-D77B-4FF3-BF68-DA3748C80BB5}"
EndProject
Project("{9A19103F-16F7-4668-BE54-9A1E7A4F7556}") = "EventStore.Licensing", "EventStore.Licensing\EventStore.Licensing.csproj", "{6178EDA1-DBC7-4A15-86E7-BF2B8F6681D2}"
EndProject
Project("{9A19103F-16F7-4668-BE54-9A1E7A4F7556}") = "EventStore.Licensing.Tests", "EventStore.Licensing.Tests\EventStore.Licensing.Tests.csproj", "{414B49B4-D789-4832-B257-B1F344D57C32}"
EndProject
Project("{9A19103F-16F7-4668-BE54-9A1E7A4F7556}") = "EventStore.SystemRuntime.Tests", "EventStore.SystemRuntime.Tests\EventStore.SystemRuntime.Tests.csproj", "{D6FD1EBC-53E8-442C-8E5B-815F6B527B07}"
EndProject
Project("{2150E333-8FDC-42A3-9474-1A3956D46DE8}") = "Tests", "Tests", "{CB56B2BD-5ABA-49C7-BD57-21B9CD5C3205}"
EndProject
Project("{FAE04EC0-301F-11D3-BF4B-00C04F79EFBC}") = "EventStore.OtlpExporterPlugin.Tests", "EventStore.OtlpExporterPlugin.Tests\EventStore.OtlpExporterPlugin.Tests.csproj", "{8E183DF4-F8E5-4421-AECC-B54CBA7BF138}"
EndProject
Project("{FAE04EC0-301F-11D3-BF4B-00C04F79EFBC}") = "EventStore.OtlpExporterPlugin", "EventStore.OtlpExporterPlugin\EventStore.OtlpExporterPlugin.csproj", "{D180755E-8D2A-462F-9E67-55ED985D2465}"
EndProject
Project("{FAE04EC0-301F-11D3-BF4B-00C04F79EFBC}") = "EventStore.Plugins.TestHelpers", "EventStore.Plugins.TestHelpers\EventStore.Plugins.TestHelpers.csproj", "{A93A3CAF-C3ED-4CC8-84E3-7F2641405837}"
EndProject
Global
	GlobalSection(SolutionConfigurationPlatforms) = preSolution
		Debug|Any CPU = Debug|Any CPU
		Debug|ARM64 = Debug|ARM64
		Debug|x64 = Debug|x64
		Release|Any CPU = Release|Any CPU
		Release|ARM64 = Release|ARM64
		Release|x64 = Release|x64
	EndGlobalSection
	GlobalSection(ProjectConfigurationPlatforms) = postSolution
		{C7B79854-21DB-48A9-89E3-136404F13DF5}.Debug|Any CPU.ActiveCfg = Debug|Any CPU
		{C7B79854-21DB-48A9-89E3-136404F13DF5}.Debug|Any CPU.Build.0 = Debug|Any CPU
		{C7B79854-21DB-48A9-89E3-136404F13DF5}.Debug|ARM64.ActiveCfg = Debug|ARM64
		{C7B79854-21DB-48A9-89E3-136404F13DF5}.Debug|ARM64.Build.0 = Debug|ARM64
		{C7B79854-21DB-48A9-89E3-136404F13DF5}.Debug|x64.ActiveCfg = Debug|x64
		{C7B79854-21DB-48A9-89E3-136404F13DF5}.Debug|x64.Build.0 = Debug|x64
		{C7B79854-21DB-48A9-89E3-136404F13DF5}.Release|Any CPU.ActiveCfg = Release|Any CPU
		{C7B79854-21DB-48A9-89E3-136404F13DF5}.Release|Any CPU.Build.0 = Release|Any CPU
		{C7B79854-21DB-48A9-89E3-136404F13DF5}.Release|ARM64.ActiveCfg = Release|ARM64
		{C7B79854-21DB-48A9-89E3-136404F13DF5}.Release|ARM64.Build.0 = Release|ARM64
		{C7B79854-21DB-48A9-89E3-136404F13DF5}.Release|x64.ActiveCfg = Release|x64
		{C7B79854-21DB-48A9-89E3-136404F13DF5}.Release|x64.Build.0 = Release|x64
		{289B2A5C-9EC6-47C4-9C1B-15D4C2ADFDCD}.Debug|Any CPU.ActiveCfg = Debug|Any CPU
		{289B2A5C-9EC6-47C4-9C1B-15D4C2ADFDCD}.Debug|Any CPU.Build.0 = Debug|Any CPU
		{289B2A5C-9EC6-47C4-9C1B-15D4C2ADFDCD}.Debug|ARM64.ActiveCfg = Debug|ARM64
		{289B2A5C-9EC6-47C4-9C1B-15D4C2ADFDCD}.Debug|ARM64.Build.0 = Debug|ARM64
		{289B2A5C-9EC6-47C4-9C1B-15D4C2ADFDCD}.Debug|x64.ActiveCfg = Debug|x64
		{289B2A5C-9EC6-47C4-9C1B-15D4C2ADFDCD}.Debug|x64.Build.0 = Debug|x64
		{289B2A5C-9EC6-47C4-9C1B-15D4C2ADFDCD}.Release|Any CPU.ActiveCfg = Release|Any CPU
		{289B2A5C-9EC6-47C4-9C1B-15D4C2ADFDCD}.Release|Any CPU.Build.0 = Release|Any CPU
		{289B2A5C-9EC6-47C4-9C1B-15D4C2ADFDCD}.Release|ARM64.ActiveCfg = Release|ARM64
		{289B2A5C-9EC6-47C4-9C1B-15D4C2ADFDCD}.Release|ARM64.Build.0 = Release|ARM64
		{289B2A5C-9EC6-47C4-9C1B-15D4C2ADFDCD}.Release|x64.ActiveCfg = Release|x64
		{289B2A5C-9EC6-47C4-9C1B-15D4C2ADFDCD}.Release|x64.Build.0 = Release|x64
		{96FC74C3-8E5D-4090-B4C7-2B7ED46AE187}.Debug|Any CPU.ActiveCfg = Debug|Any CPU
		{96FC74C3-8E5D-4090-B4C7-2B7ED46AE187}.Debug|Any CPU.Build.0 = Debug|Any CPU
		{96FC74C3-8E5D-4090-B4C7-2B7ED46AE187}.Debug|ARM64.ActiveCfg = Debug|ARM64
		{96FC74C3-8E5D-4090-B4C7-2B7ED46AE187}.Debug|ARM64.Build.0 = Debug|ARM64
		{96FC74C3-8E5D-4090-B4C7-2B7ED46AE187}.Debug|x64.ActiveCfg = Debug|x64
		{96FC74C3-8E5D-4090-B4C7-2B7ED46AE187}.Debug|x64.Build.0 = Debug|x64
		{96FC74C3-8E5D-4090-B4C7-2B7ED46AE187}.Release|Any CPU.ActiveCfg = Release|Any CPU
		{96FC74C3-8E5D-4090-B4C7-2B7ED46AE187}.Release|Any CPU.Build.0 = Release|Any CPU
		{96FC74C3-8E5D-4090-B4C7-2B7ED46AE187}.Release|ARM64.ActiveCfg = Release|ARM64
		{96FC74C3-8E5D-4090-B4C7-2B7ED46AE187}.Release|ARM64.Build.0 = Release|ARM64
		{96FC74C3-8E5D-4090-B4C7-2B7ED46AE187}.Release|x64.ActiveCfg = Release|x64
		{96FC74C3-8E5D-4090-B4C7-2B7ED46AE187}.Release|x64.Build.0 = Release|x64
		{401862D3-E12F-470C-9137-B9DE10591AC6}.Debug|Any CPU.ActiveCfg = Debug|Any CPU
		{401862D3-E12F-470C-9137-B9DE10591AC6}.Debug|Any CPU.Build.0 = Debug|Any CPU
		{401862D3-E12F-470C-9137-B9DE10591AC6}.Debug|ARM64.ActiveCfg = Debug|ARM64
		{401862D3-E12F-470C-9137-B9DE10591AC6}.Debug|ARM64.Build.0 = Debug|ARM64
		{401862D3-E12F-470C-9137-B9DE10591AC6}.Debug|x64.ActiveCfg = Debug|x64
		{401862D3-E12F-470C-9137-B9DE10591AC6}.Debug|x64.Build.0 = Debug|x64
		{401862D3-E12F-470C-9137-B9DE10591AC6}.Release|Any CPU.ActiveCfg = Release|Any CPU
		{401862D3-E12F-470C-9137-B9DE10591AC6}.Release|Any CPU.Build.0 = Release|Any CPU
		{401862D3-E12F-470C-9137-B9DE10591AC6}.Release|ARM64.ActiveCfg = Release|ARM64
		{401862D3-E12F-470C-9137-B9DE10591AC6}.Release|ARM64.Build.0 = Release|ARM64
		{401862D3-E12F-470C-9137-B9DE10591AC6}.Release|x64.ActiveCfg = Release|x64
		{401862D3-E12F-470C-9137-B9DE10591AC6}.Release|x64.Build.0 = Release|x64
		{3F955137-DC23-4AC1-B7F8-6D0857234CCB}.Debug|Any CPU.ActiveCfg = Debug|Any CPU
		{3F955137-DC23-4AC1-B7F8-6D0857234CCB}.Debug|Any CPU.Build.0 = Debug|Any CPU
		{3F955137-DC23-4AC1-B7F8-6D0857234CCB}.Debug|ARM64.ActiveCfg = Debug|ARM64
		{3F955137-DC23-4AC1-B7F8-6D0857234CCB}.Debug|ARM64.Build.0 = Debug|ARM64
		{3F955137-DC23-4AC1-B7F8-6D0857234CCB}.Debug|x64.ActiveCfg = Debug|x64
		{3F955137-DC23-4AC1-B7F8-6D0857234CCB}.Debug|x64.Build.0 = Debug|x64
		{3F955137-DC23-4AC1-B7F8-6D0857234CCB}.Release|Any CPU.ActiveCfg = Release|Any CPU
		{3F955137-DC23-4AC1-B7F8-6D0857234CCB}.Release|Any CPU.Build.0 = Release|Any CPU
		{3F955137-DC23-4AC1-B7F8-6D0857234CCB}.Release|ARM64.ActiveCfg = Release|ARM64
		{3F955137-DC23-4AC1-B7F8-6D0857234CCB}.Release|ARM64.Build.0 = Release|ARM64
		{3F955137-DC23-4AC1-B7F8-6D0857234CCB}.Release|x64.ActiveCfg = Release|x64
		{3F955137-DC23-4AC1-B7F8-6D0857234CCB}.Release|x64.Build.0 = Release|x64
		{F0E1719C-88FF-4E44-BCBE-8B59ADA29134}.Debug|Any CPU.ActiveCfg = Debug|Any CPU
		{F0E1719C-88FF-4E44-BCBE-8B59ADA29134}.Debug|Any CPU.Build.0 = Debug|Any CPU
		{F0E1719C-88FF-4E44-BCBE-8B59ADA29134}.Debug|ARM64.ActiveCfg = Debug|ARM64
		{F0E1719C-88FF-4E44-BCBE-8B59ADA29134}.Debug|ARM64.Build.0 = Debug|ARM64
		{F0E1719C-88FF-4E44-BCBE-8B59ADA29134}.Debug|x64.ActiveCfg = Debug|x64
		{F0E1719C-88FF-4E44-BCBE-8B59ADA29134}.Debug|x64.Build.0 = Debug|x64
		{F0E1719C-88FF-4E44-BCBE-8B59ADA29134}.Release|Any CPU.ActiveCfg = Release|Any CPU
		{F0E1719C-88FF-4E44-BCBE-8B59ADA29134}.Release|Any CPU.Build.0 = Release|Any CPU
		{F0E1719C-88FF-4E44-BCBE-8B59ADA29134}.Release|ARM64.ActiveCfg = Release|ARM64
		{F0E1719C-88FF-4E44-BCBE-8B59ADA29134}.Release|ARM64.Build.0 = Release|ARM64
		{F0E1719C-88FF-4E44-BCBE-8B59ADA29134}.Release|x64.ActiveCfg = Release|x64
		{F0E1719C-88FF-4E44-BCBE-8B59ADA29134}.Release|x64.Build.0 = Release|x64
		{800E7456-4BC4-49B5-940F-1D634B687C6E}.Debug|Any CPU.ActiveCfg = Debug|Any CPU
		{800E7456-4BC4-49B5-940F-1D634B687C6E}.Debug|Any CPU.Build.0 = Debug|Any CPU
		{800E7456-4BC4-49B5-940F-1D634B687C6E}.Debug|ARM64.ActiveCfg = Debug|ARM64
		{800E7456-4BC4-49B5-940F-1D634B687C6E}.Debug|ARM64.Build.0 = Debug|ARM64
		{800E7456-4BC4-49B5-940F-1D634B687C6E}.Debug|x64.ActiveCfg = Debug|x64
		{800E7456-4BC4-49B5-940F-1D634B687C6E}.Debug|x64.Build.0 = Debug|x64
		{800E7456-4BC4-49B5-940F-1D634B687C6E}.Release|Any CPU.ActiveCfg = Release|Any CPU
		{800E7456-4BC4-49B5-940F-1D634B687C6E}.Release|Any CPU.Build.0 = Release|Any CPU
		{800E7456-4BC4-49B5-940F-1D634B687C6E}.Release|ARM64.ActiveCfg = Release|ARM64
		{800E7456-4BC4-49B5-940F-1D634B687C6E}.Release|ARM64.Build.0 = Release|ARM64
		{800E7456-4BC4-49B5-940F-1D634B687C6E}.Release|x64.ActiveCfg = Release|x64
		{800E7456-4BC4-49B5-940F-1D634B687C6E}.Release|x64.Build.0 = Release|x64
		{68011903-5E41-41E2-891B-2C0B3B13C189}.Debug|Any CPU.ActiveCfg = Debug|Any CPU
		{68011903-5E41-41E2-891B-2C0B3B13C189}.Debug|Any CPU.Build.0 = Debug|Any CPU
		{68011903-5E41-41E2-891B-2C0B3B13C189}.Debug|ARM64.ActiveCfg = Debug|ARM64
		{68011903-5E41-41E2-891B-2C0B3B13C189}.Debug|ARM64.Build.0 = Debug|ARM64
		{68011903-5E41-41E2-891B-2C0B3B13C189}.Debug|x64.ActiveCfg = Debug|x64
		{68011903-5E41-41E2-891B-2C0B3B13C189}.Debug|x64.Build.0 = Debug|x64
		{68011903-5E41-41E2-891B-2C0B3B13C189}.Release|Any CPU.ActiveCfg = Release|Any CPU
		{68011903-5E41-41E2-891B-2C0B3B13C189}.Release|Any CPU.Build.0 = Release|Any CPU
		{68011903-5E41-41E2-891B-2C0B3B13C189}.Release|ARM64.ActiveCfg = Release|ARM64
		{68011903-5E41-41E2-891B-2C0B3B13C189}.Release|ARM64.Build.0 = Release|ARM64
		{68011903-5E41-41E2-891B-2C0B3B13C189}.Release|x64.ActiveCfg = Release|x64
		{68011903-5E41-41E2-891B-2C0B3B13C189}.Release|x64.Build.0 = Release|x64
		{EB8587FE-7805-4306-AD50-EBE45AB0A189}.Debug|Any CPU.ActiveCfg = Debug|Any CPU
		{EB8587FE-7805-4306-AD50-EBE45AB0A189}.Debug|Any CPU.Build.0 = Debug|Any CPU
		{EB8587FE-7805-4306-AD50-EBE45AB0A189}.Debug|ARM64.ActiveCfg = Debug|ARM64
		{EB8587FE-7805-4306-AD50-EBE45AB0A189}.Debug|ARM64.Build.0 = Debug|ARM64
		{EB8587FE-7805-4306-AD50-EBE45AB0A189}.Debug|x64.ActiveCfg = Debug|x64
		{EB8587FE-7805-4306-AD50-EBE45AB0A189}.Debug|x64.Build.0 = Debug|x64
		{EB8587FE-7805-4306-AD50-EBE45AB0A189}.Release|Any CPU.ActiveCfg = Release|Any CPU
		{EB8587FE-7805-4306-AD50-EBE45AB0A189}.Release|Any CPU.Build.0 = Release|Any CPU
		{EB8587FE-7805-4306-AD50-EBE45AB0A189}.Release|ARM64.ActiveCfg = Release|ARM64
		{EB8587FE-7805-4306-AD50-EBE45AB0A189}.Release|ARM64.Build.0 = Release|ARM64
		{EB8587FE-7805-4306-AD50-EBE45AB0A189}.Release|x64.ActiveCfg = Release|x64
		{EB8587FE-7805-4306-AD50-EBE45AB0A189}.Release|x64.Build.0 = Release|x64
		{9957CA10-8A8A-419F-92BD-7A8BE3014345}.Debug|Any CPU.ActiveCfg = Debug|Any CPU
		{9957CA10-8A8A-419F-92BD-7A8BE3014345}.Debug|Any CPU.Build.0 = Debug|Any CPU
		{9957CA10-8A8A-419F-92BD-7A8BE3014345}.Debug|ARM64.ActiveCfg = Debug|ARM64
		{9957CA10-8A8A-419F-92BD-7A8BE3014345}.Debug|ARM64.Build.0 = Debug|ARM64
		{9957CA10-8A8A-419F-92BD-7A8BE3014345}.Debug|x64.ActiveCfg = Debug|x64
		{9957CA10-8A8A-419F-92BD-7A8BE3014345}.Debug|x64.Build.0 = Debug|x64
		{9957CA10-8A8A-419F-92BD-7A8BE3014345}.Release|Any CPU.ActiveCfg = Release|Any CPU
		{9957CA10-8A8A-419F-92BD-7A8BE3014345}.Release|Any CPU.Build.0 = Release|Any CPU
		{9957CA10-8A8A-419F-92BD-7A8BE3014345}.Release|ARM64.ActiveCfg = Release|ARM64
		{9957CA10-8A8A-419F-92BD-7A8BE3014345}.Release|ARM64.Build.0 = Release|ARM64
		{9957CA10-8A8A-419F-92BD-7A8BE3014345}.Release|x64.ActiveCfg = Release|x64
		{9957CA10-8A8A-419F-92BD-7A8BE3014345}.Release|x64.Build.0 = Release|x64
		{DCAD0184-4AFE-49EA-BE31-5D68CA4B59CA}.Debug|Any CPU.ActiveCfg = Debug|Any CPU
		{DCAD0184-4AFE-49EA-BE31-5D68CA4B59CA}.Debug|Any CPU.Build.0 = Debug|Any CPU
		{DCAD0184-4AFE-49EA-BE31-5D68CA4B59CA}.Debug|ARM64.ActiveCfg = Debug|ARM64
		{DCAD0184-4AFE-49EA-BE31-5D68CA4B59CA}.Debug|ARM64.Build.0 = Debug|ARM64
		{DCAD0184-4AFE-49EA-BE31-5D68CA4B59CA}.Debug|x64.ActiveCfg = Debug|x64
		{DCAD0184-4AFE-49EA-BE31-5D68CA4B59CA}.Debug|x64.Build.0 = Debug|x64
		{DCAD0184-4AFE-49EA-BE31-5D68CA4B59CA}.Release|Any CPU.ActiveCfg = Release|Any CPU
		{DCAD0184-4AFE-49EA-BE31-5D68CA4B59CA}.Release|Any CPU.Build.0 = Release|Any CPU
		{DCAD0184-4AFE-49EA-BE31-5D68CA4B59CA}.Release|ARM64.ActiveCfg = Release|ARM64
		{DCAD0184-4AFE-49EA-BE31-5D68CA4B59CA}.Release|ARM64.Build.0 = Release|ARM64
		{DCAD0184-4AFE-49EA-BE31-5D68CA4B59CA}.Release|x64.ActiveCfg = Release|x64
		{DCAD0184-4AFE-49EA-BE31-5D68CA4B59CA}.Release|x64.Build.0 = Release|x64
		{FDFCE363-84A4-4A6F-B97C-D9F57D8D124F}.Debug|Any CPU.ActiveCfg = Debug|Any CPU
		{FDFCE363-84A4-4A6F-B97C-D9F57D8D124F}.Debug|Any CPU.Build.0 = Debug|Any CPU
		{FDFCE363-84A4-4A6F-B97C-D9F57D8D124F}.Debug|ARM64.ActiveCfg = Debug|ARM64
		{FDFCE363-84A4-4A6F-B97C-D9F57D8D124F}.Debug|ARM64.Build.0 = Debug|ARM64
		{FDFCE363-84A4-4A6F-B97C-D9F57D8D124F}.Debug|x64.ActiveCfg = Debug|x64
		{FDFCE363-84A4-4A6F-B97C-D9F57D8D124F}.Debug|x64.Build.0 = Debug|x64
		{FDFCE363-84A4-4A6F-B97C-D9F57D8D124F}.Release|Any CPU.ActiveCfg = Release|Any CPU
		{FDFCE363-84A4-4A6F-B97C-D9F57D8D124F}.Release|Any CPU.Build.0 = Release|Any CPU
		{FDFCE363-84A4-4A6F-B97C-D9F57D8D124F}.Release|ARM64.ActiveCfg = Release|ARM64
		{FDFCE363-84A4-4A6F-B97C-D9F57D8D124F}.Release|ARM64.Build.0 = Release|ARM64
		{FDFCE363-84A4-4A6F-B97C-D9F57D8D124F}.Release|x64.ActiveCfg = Release|x64
		{FDFCE363-84A4-4A6F-B97C-D9F57D8D124F}.Release|x64.Build.0 = Release|x64
		{03FA0763-6D41-44C0-911D-662AE2B10084}.Debug|Any CPU.ActiveCfg = Debug|Any CPU
		{03FA0763-6D41-44C0-911D-662AE2B10084}.Debug|Any CPU.Build.0 = Debug|Any CPU
		{03FA0763-6D41-44C0-911D-662AE2B10084}.Debug|ARM64.ActiveCfg = Debug|ARM64
		{03FA0763-6D41-44C0-911D-662AE2B10084}.Debug|ARM64.Build.0 = Debug|ARM64
		{03FA0763-6D41-44C0-911D-662AE2B10084}.Debug|x64.ActiveCfg = Debug|x64
		{03FA0763-6D41-44C0-911D-662AE2B10084}.Debug|x64.Build.0 = Debug|x64
		{03FA0763-6D41-44C0-911D-662AE2B10084}.Release|Any CPU.ActiveCfg = Release|Any CPU
		{03FA0763-6D41-44C0-911D-662AE2B10084}.Release|Any CPU.Build.0 = Release|Any CPU
		{03FA0763-6D41-44C0-911D-662AE2B10084}.Release|ARM64.ActiveCfg = Release|ARM64
		{03FA0763-6D41-44C0-911D-662AE2B10084}.Release|ARM64.Build.0 = Release|ARM64
		{03FA0763-6D41-44C0-911D-662AE2B10084}.Release|x64.ActiveCfg = Release|x64
		{03FA0763-6D41-44C0-911D-662AE2B10084}.Release|x64.Build.0 = Release|x64
		{066B6514-86A0-41D8-BB6A-D9B05141D026}.Debug|Any CPU.ActiveCfg = Debug|Any CPU
		{066B6514-86A0-41D8-BB6A-D9B05141D026}.Debug|Any CPU.Build.0 = Debug|Any CPU
		{066B6514-86A0-41D8-BB6A-D9B05141D026}.Debug|ARM64.ActiveCfg = Debug|ARM64
		{066B6514-86A0-41D8-BB6A-D9B05141D026}.Debug|ARM64.Build.0 = Debug|ARM64
		{066B6514-86A0-41D8-BB6A-D9B05141D026}.Debug|x64.ActiveCfg = Debug|x64
		{066B6514-86A0-41D8-BB6A-D9B05141D026}.Debug|x64.Build.0 = Debug|x64
		{066B6514-86A0-41D8-BB6A-D9B05141D026}.Release|Any CPU.ActiveCfg = Release|Any CPU
		{066B6514-86A0-41D8-BB6A-D9B05141D026}.Release|Any CPU.Build.0 = Release|Any CPU
		{066B6514-86A0-41D8-BB6A-D9B05141D026}.Release|ARM64.ActiveCfg = Release|ARM64
		{066B6514-86A0-41D8-BB6A-D9B05141D026}.Release|ARM64.Build.0 = Release|ARM64
		{066B6514-86A0-41D8-BB6A-D9B05141D026}.Release|x64.ActiveCfg = Release|x64
		{066B6514-86A0-41D8-BB6A-D9B05141D026}.Release|x64.Build.0 = Release|x64
		{0A8829D0-0A6F-43A5-ACD4-970690296C52}.Debug|Any CPU.ActiveCfg = Debug|Any CPU
		{0A8829D0-0A6F-43A5-ACD4-970690296C52}.Debug|Any CPU.Build.0 = Debug|Any CPU
		{0A8829D0-0A6F-43A5-ACD4-970690296C52}.Debug|ARM64.ActiveCfg = Debug|ARM64
		{0A8829D0-0A6F-43A5-ACD4-970690296C52}.Debug|ARM64.Build.0 = Debug|ARM64
		{0A8829D0-0A6F-43A5-ACD4-970690296C52}.Debug|x64.ActiveCfg = Debug|x64
		{0A8829D0-0A6F-43A5-ACD4-970690296C52}.Debug|x64.Build.0 = Debug|x64
		{0A8829D0-0A6F-43A5-ACD4-970690296C52}.Release|Any CPU.ActiveCfg = Release|Any CPU
		{0A8829D0-0A6F-43A5-ACD4-970690296C52}.Release|Any CPU.Build.0 = Release|Any CPU
		{0A8829D0-0A6F-43A5-ACD4-970690296C52}.Release|ARM64.ActiveCfg = Release|ARM64
		{0A8829D0-0A6F-43A5-ACD4-970690296C52}.Release|ARM64.Build.0 = Release|ARM64
		{0A8829D0-0A6F-43A5-ACD4-970690296C52}.Release|x64.ActiveCfg = Release|x64
		{0A8829D0-0A6F-43A5-ACD4-970690296C52}.Release|x64.Build.0 = Release|x64
		{97EDD08B-0E2F-4445-A4CA-36285954BBDC}.Debug|Any CPU.ActiveCfg = Debug|Any CPU
		{97EDD08B-0E2F-4445-A4CA-36285954BBDC}.Debug|Any CPU.Build.0 = Debug|Any CPU
		{97EDD08B-0E2F-4445-A4CA-36285954BBDC}.Debug|ARM64.ActiveCfg = Debug|ARM64
		{97EDD08B-0E2F-4445-A4CA-36285954BBDC}.Debug|ARM64.Build.0 = Debug|ARM64
		{97EDD08B-0E2F-4445-A4CA-36285954BBDC}.Debug|x64.ActiveCfg = Debug|x64
		{97EDD08B-0E2F-4445-A4CA-36285954BBDC}.Debug|x64.Build.0 = Debug|x64
		{97EDD08B-0E2F-4445-A4CA-36285954BBDC}.Release|Any CPU.ActiveCfg = Release|Any CPU
		{97EDD08B-0E2F-4445-A4CA-36285954BBDC}.Release|Any CPU.Build.0 = Release|Any CPU
		{97EDD08B-0E2F-4445-A4CA-36285954BBDC}.Release|ARM64.ActiveCfg = Release|ARM64
		{97EDD08B-0E2F-4445-A4CA-36285954BBDC}.Release|ARM64.Build.0 = Release|ARM64
		{97EDD08B-0E2F-4445-A4CA-36285954BBDC}.Release|x64.ActiveCfg = Release|x64
		{97EDD08B-0E2F-4445-A4CA-36285954BBDC}.Release|x64.Build.0 = Release|x64
		{B1185D46-45AE-49DD-99BF-602B9359BACF}.Debug|Any CPU.ActiveCfg = Debug|Any CPU
		{B1185D46-45AE-49DD-99BF-602B9359BACF}.Debug|Any CPU.Build.0 = Debug|Any CPU
		{B1185D46-45AE-49DD-99BF-602B9359BACF}.Debug|ARM64.ActiveCfg = Debug|ARM64
		{B1185D46-45AE-49DD-99BF-602B9359BACF}.Debug|ARM64.Build.0 = Debug|ARM64
		{B1185D46-45AE-49DD-99BF-602B9359BACF}.Debug|x64.ActiveCfg = Debug|x64
		{B1185D46-45AE-49DD-99BF-602B9359BACF}.Debug|x64.Build.0 = Debug|x64
		{B1185D46-45AE-49DD-99BF-602B9359BACF}.Release|Any CPU.ActiveCfg = Release|Any CPU
		{B1185D46-45AE-49DD-99BF-602B9359BACF}.Release|Any CPU.Build.0 = Release|Any CPU
		{B1185D46-45AE-49DD-99BF-602B9359BACF}.Release|ARM64.ActiveCfg = Release|ARM64
		{B1185D46-45AE-49DD-99BF-602B9359BACF}.Release|ARM64.Build.0 = Release|ARM64
		{B1185D46-45AE-49DD-99BF-602B9359BACF}.Release|x64.ActiveCfg = Release|x64
		{B1185D46-45AE-49DD-99BF-602B9359BACF}.Release|x64.Build.0 = Release|x64
		{101DD668-2140-4183-8C97-F641173AF736}.Debug|Any CPU.ActiveCfg = Debug|Any CPU
		{101DD668-2140-4183-8C97-F641173AF736}.Debug|Any CPU.Build.0 = Debug|Any CPU
		{101DD668-2140-4183-8C97-F641173AF736}.Debug|ARM64.ActiveCfg = Debug|ARM64
		{101DD668-2140-4183-8C97-F641173AF736}.Debug|ARM64.Build.0 = Debug|ARM64
		{101DD668-2140-4183-8C97-F641173AF736}.Debug|x64.ActiveCfg = Debug|x64
		{101DD668-2140-4183-8C97-F641173AF736}.Debug|x64.Build.0 = Debug|x64
		{101DD668-2140-4183-8C97-F641173AF736}.Release|Any CPU.ActiveCfg = Release|Any CPU
		{101DD668-2140-4183-8C97-F641173AF736}.Release|Any CPU.Build.0 = Release|Any CPU
		{101DD668-2140-4183-8C97-F641173AF736}.Release|ARM64.ActiveCfg = Release|ARM64
		{101DD668-2140-4183-8C97-F641173AF736}.Release|ARM64.Build.0 = Release|ARM64
		{101DD668-2140-4183-8C97-F641173AF736}.Release|x64.ActiveCfg = Release|x64
		{101DD668-2140-4183-8C97-F641173AF736}.Release|x64.Build.0 = Release|x64
		{1826D544-16E6-460F-A8F2-1D56B5041AE7}.Debug|Any CPU.ActiveCfg = Debug|Any CPU
		{1826D544-16E6-460F-A8F2-1D56B5041AE7}.Debug|Any CPU.Build.0 = Debug|Any CPU
		{1826D544-16E6-460F-A8F2-1D56B5041AE7}.Debug|ARM64.ActiveCfg = Debug|ARM64
		{1826D544-16E6-460F-A8F2-1D56B5041AE7}.Debug|ARM64.Build.0 = Debug|ARM64
		{1826D544-16E6-460F-A8F2-1D56B5041AE7}.Debug|x64.ActiveCfg = Debug|x64
		{1826D544-16E6-460F-A8F2-1D56B5041AE7}.Debug|x64.Build.0 = Debug|x64
		{1826D544-16E6-460F-A8F2-1D56B5041AE7}.Release|Any CPU.ActiveCfg = Release|Any CPU
		{1826D544-16E6-460F-A8F2-1D56B5041AE7}.Release|Any CPU.Build.0 = Release|Any CPU
		{1826D544-16E6-460F-A8F2-1D56B5041AE7}.Release|ARM64.ActiveCfg = Release|ARM64
		{1826D544-16E6-460F-A8F2-1D56B5041AE7}.Release|ARM64.Build.0 = Release|ARM64
		{1826D544-16E6-460F-A8F2-1D56B5041AE7}.Release|x64.ActiveCfg = Release|x64
		{1826D544-16E6-460F-A8F2-1D56B5041AE7}.Release|x64.Build.0 = Release|x64
		{87F81751-192B-4263-A658-6DFC51EA557C}.Debug|Any CPU.ActiveCfg = Debug|Any CPU
		{87F81751-192B-4263-A658-6DFC51EA557C}.Debug|Any CPU.Build.0 = Debug|Any CPU
		{87F81751-192B-4263-A658-6DFC51EA557C}.Debug|ARM64.ActiveCfg = Debug|ARM64
		{87F81751-192B-4263-A658-6DFC51EA557C}.Debug|ARM64.Build.0 = Debug|ARM64
		{87F81751-192B-4263-A658-6DFC51EA557C}.Debug|x64.ActiveCfg = Debug|x64
		{87F81751-192B-4263-A658-6DFC51EA557C}.Debug|x64.Build.0 = Debug|x64
		{87F81751-192B-4263-A658-6DFC51EA557C}.Release|Any CPU.ActiveCfg = Release|Any CPU
		{87F81751-192B-4263-A658-6DFC51EA557C}.Release|Any CPU.Build.0 = Release|Any CPU
		{87F81751-192B-4263-A658-6DFC51EA557C}.Release|ARM64.ActiveCfg = Release|ARM64
		{87F81751-192B-4263-A658-6DFC51EA557C}.Release|ARM64.Build.0 = Release|ARM64
		{87F81751-192B-4263-A658-6DFC51EA557C}.Release|x64.ActiveCfg = Release|x64
		{87F81751-192B-4263-A658-6DFC51EA557C}.Release|x64.Build.0 = Release|x64
		{24BA3208-F690-4DD4-AECB-E339DEE0C69E}.Debug|Any CPU.ActiveCfg = Debug|Any CPU
		{24BA3208-F690-4DD4-AECB-E339DEE0C69E}.Debug|Any CPU.Build.0 = Debug|Any CPU
		{24BA3208-F690-4DD4-AECB-E339DEE0C69E}.Debug|ARM64.ActiveCfg = Debug|ARM64
		{24BA3208-F690-4DD4-AECB-E339DEE0C69E}.Debug|ARM64.Build.0 = Debug|ARM64
		{24BA3208-F690-4DD4-AECB-E339DEE0C69E}.Debug|x64.ActiveCfg = Debug|x64
		{24BA3208-F690-4DD4-AECB-E339DEE0C69E}.Debug|x64.Build.0 = Debug|x64
		{24BA3208-F690-4DD4-AECB-E339DEE0C69E}.Release|Any CPU.ActiveCfg = Release|Any CPU
		{24BA3208-F690-4DD4-AECB-E339DEE0C69E}.Release|Any CPU.Build.0 = Release|Any CPU
		{24BA3208-F690-4DD4-AECB-E339DEE0C69E}.Release|ARM64.ActiveCfg = Release|ARM64
		{24BA3208-F690-4DD4-AECB-E339DEE0C69E}.Release|ARM64.Build.0 = Release|ARM64
		{24BA3208-F690-4DD4-AECB-E339DEE0C69E}.Release|x64.ActiveCfg = Release|x64
		{24BA3208-F690-4DD4-AECB-E339DEE0C69E}.Release|x64.Build.0 = Release|x64
		{3C9DCA10-0006-4FA5-88CB-9CCEC1B2C522}.Debug|Any CPU.ActiveCfg = Debug|Any CPU
		{3C9DCA10-0006-4FA5-88CB-9CCEC1B2C522}.Debug|Any CPU.Build.0 = Debug|Any CPU
		{3C9DCA10-0006-4FA5-88CB-9CCEC1B2C522}.Debug|ARM64.ActiveCfg = Debug|ARM64
		{3C9DCA10-0006-4FA5-88CB-9CCEC1B2C522}.Debug|ARM64.Build.0 = Debug|ARM64
		{3C9DCA10-0006-4FA5-88CB-9CCEC1B2C522}.Debug|x64.ActiveCfg = Debug|x64
		{3C9DCA10-0006-4FA5-88CB-9CCEC1B2C522}.Debug|x64.Build.0 = Debug|x64
		{3C9DCA10-0006-4FA5-88CB-9CCEC1B2C522}.Release|Any CPU.ActiveCfg = Release|Any CPU
		{3C9DCA10-0006-4FA5-88CB-9CCEC1B2C522}.Release|Any CPU.Build.0 = Release|Any CPU
		{3C9DCA10-0006-4FA5-88CB-9CCEC1B2C522}.Release|ARM64.ActiveCfg = Release|ARM64
		{3C9DCA10-0006-4FA5-88CB-9CCEC1B2C522}.Release|ARM64.Build.0 = Release|ARM64
		{3C9DCA10-0006-4FA5-88CB-9CCEC1B2C522}.Release|x64.ActiveCfg = Release|x64
		{3C9DCA10-0006-4FA5-88CB-9CCEC1B2C522}.Release|x64.Build.0 = Release|x64
		{58219323-BD46-4F67-A83A-410F56F84EE3}.Debug|Any CPU.ActiveCfg = Debug|Any CPU
		{58219323-BD46-4F67-A83A-410F56F84EE3}.Debug|Any CPU.Build.0 = Debug|Any CPU
		{58219323-BD46-4F67-A83A-410F56F84EE3}.Debug|ARM64.ActiveCfg = Debug|ARM64
		{58219323-BD46-4F67-A83A-410F56F84EE3}.Debug|ARM64.Build.0 = Debug|ARM64
		{58219323-BD46-4F67-A83A-410F56F84EE3}.Debug|x64.ActiveCfg = Debug|x64
		{58219323-BD46-4F67-A83A-410F56F84EE3}.Debug|x64.Build.0 = Debug|x64
		{58219323-BD46-4F67-A83A-410F56F84EE3}.Release|Any CPU.ActiveCfg = Release|Any CPU
		{58219323-BD46-4F67-A83A-410F56F84EE3}.Release|Any CPU.Build.0 = Release|Any CPU
		{58219323-BD46-4F67-A83A-410F56F84EE3}.Release|ARM64.ActiveCfg = Release|ARM64
		{58219323-BD46-4F67-A83A-410F56F84EE3}.Release|ARM64.Build.0 = Release|ARM64
		{58219323-BD46-4F67-A83A-410F56F84EE3}.Release|x64.ActiveCfg = Release|x64
		{58219323-BD46-4F67-A83A-410F56F84EE3}.Release|x64.Build.0 = Release|x64
		{8B021F57-D4B1-47D6-85AA-DE2D20486840}.Debug|Any CPU.ActiveCfg = Debug|Any CPU
		{8B021F57-D4B1-47D6-85AA-DE2D20486840}.Debug|Any CPU.Build.0 = Debug|Any CPU
		{8B021F57-D4B1-47D6-85AA-DE2D20486840}.Debug|ARM64.ActiveCfg = Debug|ARM64
		{8B021F57-D4B1-47D6-85AA-DE2D20486840}.Debug|ARM64.Build.0 = Debug|ARM64
		{8B021F57-D4B1-47D6-85AA-DE2D20486840}.Debug|x64.ActiveCfg = Debug|x64
		{8B021F57-D4B1-47D6-85AA-DE2D20486840}.Debug|x64.Build.0 = Debug|x64
		{8B021F57-D4B1-47D6-85AA-DE2D20486840}.Release|Any CPU.ActiveCfg = Release|Any CPU
		{8B021F57-D4B1-47D6-85AA-DE2D20486840}.Release|Any CPU.Build.0 = Release|Any CPU
		{8B021F57-D4B1-47D6-85AA-DE2D20486840}.Release|ARM64.ActiveCfg = Release|ARM64
		{8B021F57-D4B1-47D6-85AA-DE2D20486840}.Release|ARM64.Build.0 = Release|ARM64
		{8B021F57-D4B1-47D6-85AA-DE2D20486840}.Release|x64.ActiveCfg = Release|x64
		{8B021F57-D4B1-47D6-85AA-DE2D20486840}.Release|x64.Build.0 = Release|x64
		{8A023103-C4C8-4ECA-A78C-2D1BCF7A7BDB}.Debug|Any CPU.ActiveCfg = Debug|Any CPU
		{8A023103-C4C8-4ECA-A78C-2D1BCF7A7BDB}.Debug|Any CPU.Build.0 = Debug|Any CPU
		{8A023103-C4C8-4ECA-A78C-2D1BCF7A7BDB}.Debug|ARM64.ActiveCfg = Debug|ARM64
		{8A023103-C4C8-4ECA-A78C-2D1BCF7A7BDB}.Debug|ARM64.Build.0 = Debug|ARM64
		{8A023103-C4C8-4ECA-A78C-2D1BCF7A7BDB}.Debug|x64.ActiveCfg = Debug|x64
		{8A023103-C4C8-4ECA-A78C-2D1BCF7A7BDB}.Debug|x64.Build.0 = Debug|x64
		{8A023103-C4C8-4ECA-A78C-2D1BCF7A7BDB}.Release|Any CPU.ActiveCfg = Release|Any CPU
		{8A023103-C4C8-4ECA-A78C-2D1BCF7A7BDB}.Release|Any CPU.Build.0 = Release|Any CPU
		{8A023103-C4C8-4ECA-A78C-2D1BCF7A7BDB}.Release|ARM64.ActiveCfg = Release|ARM64
		{8A023103-C4C8-4ECA-A78C-2D1BCF7A7BDB}.Release|ARM64.Build.0 = Release|ARM64
		{8A023103-C4C8-4ECA-A78C-2D1BCF7A7BDB}.Release|x64.ActiveCfg = Release|x64
		{8A023103-C4C8-4ECA-A78C-2D1BCF7A7BDB}.Release|x64.Build.0 = Release|x64
		{41EEB66F-D77B-4FF3-BF68-DA3748C80BB5}.Debug|Any CPU.ActiveCfg = Debug|Any CPU
		{41EEB66F-D77B-4FF3-BF68-DA3748C80BB5}.Debug|Any CPU.Build.0 = Debug|Any CPU
		{41EEB66F-D77B-4FF3-BF68-DA3748C80BB5}.Debug|ARM64.ActiveCfg = Debug|ARM64
		{41EEB66F-D77B-4FF3-BF68-DA3748C80BB5}.Debug|ARM64.Build.0 = Debug|ARM64
		{41EEB66F-D77B-4FF3-BF68-DA3748C80BB5}.Debug|x64.ActiveCfg = Debug|x64
		{41EEB66F-D77B-4FF3-BF68-DA3748C80BB5}.Debug|x64.Build.0 = Debug|x64
		{41EEB66F-D77B-4FF3-BF68-DA3748C80BB5}.Release|Any CPU.ActiveCfg = Release|Any CPU
		{41EEB66F-D77B-4FF3-BF68-DA3748C80BB5}.Release|Any CPU.Build.0 = Release|Any CPU
		{41EEB66F-D77B-4FF3-BF68-DA3748C80BB5}.Release|ARM64.ActiveCfg = Release|ARM64
		{41EEB66F-D77B-4FF3-BF68-DA3748C80BB5}.Release|ARM64.Build.0 = Release|ARM64
		{41EEB66F-D77B-4FF3-BF68-DA3748C80BB5}.Release|x64.ActiveCfg = Release|x64
		{41EEB66F-D77B-4FF3-BF68-DA3748C80BB5}.Release|x64.Build.0 = Release|x64
		{6178EDA1-DBC7-4A15-86E7-BF2B8F6681D2}.Debug|Any CPU.ActiveCfg = Debug|Any CPU
		{6178EDA1-DBC7-4A15-86E7-BF2B8F6681D2}.Debug|Any CPU.Build.0 = Debug|Any CPU
		{6178EDA1-DBC7-4A15-86E7-BF2B8F6681D2}.Debug|ARM64.ActiveCfg = Debug|ARM64
		{6178EDA1-DBC7-4A15-86E7-BF2B8F6681D2}.Debug|ARM64.Build.0 = Debug|ARM64
		{6178EDA1-DBC7-4A15-86E7-BF2B8F6681D2}.Debug|x64.ActiveCfg = Debug|x64
		{6178EDA1-DBC7-4A15-86E7-BF2B8F6681D2}.Debug|x64.Build.0 = Debug|x64
		{6178EDA1-DBC7-4A15-86E7-BF2B8F6681D2}.Release|Any CPU.ActiveCfg = Release|Any CPU
		{6178EDA1-DBC7-4A15-86E7-BF2B8F6681D2}.Release|Any CPU.Build.0 = Release|Any CPU
		{6178EDA1-DBC7-4A15-86E7-BF2B8F6681D2}.Release|ARM64.ActiveCfg = Release|ARM64
		{6178EDA1-DBC7-4A15-86E7-BF2B8F6681D2}.Release|ARM64.Build.0 = Release|ARM64
		{6178EDA1-DBC7-4A15-86E7-BF2B8F6681D2}.Release|x64.ActiveCfg = Release|x64
		{6178EDA1-DBC7-4A15-86E7-BF2B8F6681D2}.Release|x64.Build.0 = Release|x64
		{414B49B4-D789-4832-B257-B1F344D57C32}.Debug|Any CPU.ActiveCfg = Debug|Any CPU
		{414B49B4-D789-4832-B257-B1F344D57C32}.Debug|Any CPU.Build.0 = Debug|Any CPU
		{414B49B4-D789-4832-B257-B1F344D57C32}.Debug|ARM64.ActiveCfg = Debug|ARM64
		{414B49B4-D789-4832-B257-B1F344D57C32}.Debug|ARM64.Build.0 = Debug|ARM64
		{414B49B4-D789-4832-B257-B1F344D57C32}.Debug|x64.ActiveCfg = Debug|x64
		{414B49B4-D789-4832-B257-B1F344D57C32}.Debug|x64.Build.0 = Debug|x64
		{414B49B4-D789-4832-B257-B1F344D57C32}.Release|Any CPU.ActiveCfg = Release|Any CPU
		{414B49B4-D789-4832-B257-B1F344D57C32}.Release|Any CPU.Build.0 = Release|Any CPU
		{414B49B4-D789-4832-B257-B1F344D57C32}.Release|ARM64.ActiveCfg = Release|ARM64
		{414B49B4-D789-4832-B257-B1F344D57C32}.Release|ARM64.Build.0 = Release|ARM64
		{414B49B4-D789-4832-B257-B1F344D57C32}.Release|x64.ActiveCfg = Release|x64
		{414B49B4-D789-4832-B257-B1F344D57C32}.Release|x64.Build.0 = Release|x64
		{D6FD1EBC-53E8-442C-8E5B-815F6B527B07}.Debug|Any CPU.ActiveCfg = Debug|Any CPU
		{D6FD1EBC-53E8-442C-8E5B-815F6B527B07}.Debug|Any CPU.Build.0 = Debug|Any CPU
		{D6FD1EBC-53E8-442C-8E5B-815F6B527B07}.Debug|ARM64.ActiveCfg = Debug|ARM64
		{D6FD1EBC-53E8-442C-8E5B-815F6B527B07}.Debug|ARM64.Build.0 = Debug|ARM64
		{D6FD1EBC-53E8-442C-8E5B-815F6B527B07}.Debug|x64.ActiveCfg = Debug|x64
		{D6FD1EBC-53E8-442C-8E5B-815F6B527B07}.Debug|x64.Build.0 = Debug|x64
		{D6FD1EBC-53E8-442C-8E5B-815F6B527B07}.Release|Any CPU.ActiveCfg = Release|Any CPU
		{D6FD1EBC-53E8-442C-8E5B-815F6B527B07}.Release|Any CPU.Build.0 = Release|Any CPU
		{D6FD1EBC-53E8-442C-8E5B-815F6B527B07}.Release|ARM64.ActiveCfg = Release|ARM64
		{D6FD1EBC-53E8-442C-8E5B-815F6B527B07}.Release|ARM64.Build.0 = Release|ARM64
		{D6FD1EBC-53E8-442C-8E5B-815F6B527B07}.Release|x64.ActiveCfg = Release|x64
		{D6FD1EBC-53E8-442C-8E5B-815F6B527B07}.Release|x64.Build.0 = Release|x64
		{8E183DF4-F8E5-4421-AECC-B54CBA7BF138}.Debug|Any CPU.ActiveCfg = Debug|Any CPU
		{8E183DF4-F8E5-4421-AECC-B54CBA7BF138}.Debug|Any CPU.Build.0 = Debug|Any CPU
		{8E183DF4-F8E5-4421-AECC-B54CBA7BF138}.Debug|ARM64.ActiveCfg = Debug|ARM64
		{8E183DF4-F8E5-4421-AECC-B54CBA7BF138}.Debug|ARM64.Build.0 = Debug|ARM64
		{8E183DF4-F8E5-4421-AECC-B54CBA7BF138}.Debug|x64.ActiveCfg = Debug|x64
		{8E183DF4-F8E5-4421-AECC-B54CBA7BF138}.Debug|x64.Build.0 = Debug|x64
		{8E183DF4-F8E5-4421-AECC-B54CBA7BF138}.Release|Any CPU.ActiveCfg = Release|Any CPU
		{8E183DF4-F8E5-4421-AECC-B54CBA7BF138}.Release|Any CPU.Build.0 = Release|Any CPU
		{8E183DF4-F8E5-4421-AECC-B54CBA7BF138}.Release|ARM64.ActiveCfg = Release|ARM64
		{8E183DF4-F8E5-4421-AECC-B54CBA7BF138}.Release|ARM64.Build.0 = Release|ARM64
		{8E183DF4-F8E5-4421-AECC-B54CBA7BF138}.Release|x64.ActiveCfg = Release|x64
		{8E183DF4-F8E5-4421-AECC-B54CBA7BF138}.Release|x64.Build.0 = Release|x64
		{D180755E-8D2A-462F-9E67-55ED985D2465}.Debug|Any CPU.ActiveCfg = Debug|Any CPU
		{D180755E-8D2A-462F-9E67-55ED985D2465}.Debug|Any CPU.Build.0 = Debug|Any CPU
		{D180755E-8D2A-462F-9E67-55ED985D2465}.Debug|ARM64.ActiveCfg = Debug|ARM64
		{D180755E-8D2A-462F-9E67-55ED985D2465}.Debug|ARM64.Build.0 = Debug|ARM64
		{D180755E-8D2A-462F-9E67-55ED985D2465}.Debug|x64.ActiveCfg = Debug|x64
		{D180755E-8D2A-462F-9E67-55ED985D2465}.Debug|x64.Build.0 = Debug|x64
		{D180755E-8D2A-462F-9E67-55ED985D2465}.Release|Any CPU.ActiveCfg = Release|Any CPU
		{D180755E-8D2A-462F-9E67-55ED985D2465}.Release|Any CPU.Build.0 = Release|Any CPU
		{D180755E-8D2A-462F-9E67-55ED985D2465}.Release|ARM64.ActiveCfg = Release|ARM64
		{D180755E-8D2A-462F-9E67-55ED985D2465}.Release|ARM64.Build.0 = Release|ARM64
		{D180755E-8D2A-462F-9E67-55ED985D2465}.Release|x64.ActiveCfg = Release|x64
		{D180755E-8D2A-462F-9E67-55ED985D2465}.Release|x64.Build.0 = Release|x64
		{A93A3CAF-C3ED-4CC8-84E3-7F2641405837}.Debug|Any CPU.ActiveCfg = Debug|Any CPU
		{A93A3CAF-C3ED-4CC8-84E3-7F2641405837}.Debug|Any CPU.Build.0 = Debug|Any CPU
		{A93A3CAF-C3ED-4CC8-84E3-7F2641405837}.Debug|ARM64.ActiveCfg = Debug|ARM64
		{A93A3CAF-C3ED-4CC8-84E3-7F2641405837}.Debug|ARM64.Build.0 = Debug|ARM64
		{A93A3CAF-C3ED-4CC8-84E3-7F2641405837}.Debug|x64.ActiveCfg = Debug|x64
		{A93A3CAF-C3ED-4CC8-84E3-7F2641405837}.Debug|x64.Build.0 = Debug|x64
		{A93A3CAF-C3ED-4CC8-84E3-7F2641405837}.Release|Any CPU.ActiveCfg = Release|Any CPU
		{A93A3CAF-C3ED-4CC8-84E3-7F2641405837}.Release|Any CPU.Build.0 = Release|Any CPU
		{A93A3CAF-C3ED-4CC8-84E3-7F2641405837}.Release|ARM64.ActiveCfg = Release|ARM64
		{A93A3CAF-C3ED-4CC8-84E3-7F2641405837}.Release|ARM64.Build.0 = Release|ARM64
		{A93A3CAF-C3ED-4CC8-84E3-7F2641405837}.Release|x64.ActiveCfg = Release|x64
		{A93A3CAF-C3ED-4CC8-84E3-7F2641405837}.Release|x64.Build.0 = Release|x64
	EndGlobalSection
	GlobalSection(SolutionProperties) = preSolution
		HideSolutionNode = FALSE
	EndGlobalSection
	GlobalSection(NestedProjects) = preSolution
		{289B2A5C-9EC6-47C4-9C1B-15D4C2ADFDCD} = {CB56B2BD-5ABA-49C7-BD57-21B9CD5C3205}
		{96FC74C3-8E5D-4090-B4C7-2B7ED46AE187} = {CB56B2BD-5ABA-49C7-BD57-21B9CD5C3205}
		{F0E1719C-88FF-4E44-BCBE-8B59ADA29134} = {CB56B2BD-5ABA-49C7-BD57-21B9CD5C3205}
		{97EDD08B-0E2F-4445-A4CA-36285954BBDC} = {CB56B2BD-5ABA-49C7-BD57-21B9CD5C3205}
		{101DD668-2140-4183-8C97-F641173AF736} = {CB56B2BD-5ABA-49C7-BD57-21B9CD5C3205}
		{1826D544-16E6-460F-A8F2-1D56B5041AE7} = {CB56B2BD-5ABA-49C7-BD57-21B9CD5C3205}
		{3C9DCA10-0006-4FA5-88CB-9CCEC1B2C522} = {CB56B2BD-5ABA-49C7-BD57-21B9CD5C3205}
		{58219323-BD46-4F67-A83A-410F56F84EE3} = {CB56B2BD-5ABA-49C7-BD57-21B9CD5C3205}
		{41EEB66F-D77B-4FF3-BF68-DA3748C80BB5} = {CB56B2BD-5ABA-49C7-BD57-21B9CD5C3205}
		{414B49B4-D789-4832-B257-B1F344D57C32} = {CB56B2BD-5ABA-49C7-BD57-21B9CD5C3205}
		{D6FD1EBC-53E8-442C-8E5B-815F6B527B07} = {CB56B2BD-5ABA-49C7-BD57-21B9CD5C3205}
		{8E183DF4-F8E5-4421-AECC-B54CBA7BF138} = {CB56B2BD-5ABA-49C7-BD57-21B9CD5C3205}
		{A93A3CAF-C3ED-4CC8-84E3-7F2641405837} = {CB56B2BD-5ABA-49C7-BD57-21B9CD5C3205}
	EndGlobalSection
	GlobalSection(ExtensibilityGlobals) = postSolution
		SolutionGuid = {CD63E89D-F4FA-42A7-A10B-50CF854078FA}
	EndGlobalSection
EndGlobal
