
Microsoft Visual Studio Solution File, Format Version 12.00
# Visual Studio 15
VisualStudioVersion = 15.0.26124.0
MinimumVisualStudioVersion = 15.0.26124.0
Project("{9A19103F-16F7-4668-BE54-9A1E7A4F7556}") = "EventStore.BufferManagement", "EventStore.BufferManagement\EventStore.BufferManagement.csproj", "{C7B79854-21DB-48A9-89E3-136404F13DF5}"
EndProject
Project("{9A19103F-16F7-4668-BE54-9A1E7A4F7556}") = "EventStore.BufferManagement.Tests", "EventStore.BufferManagement.Tests\EventStore.BufferManagement.Tests.csproj", "{289B2A5C-9EC6-47C4-9C1B-15D4C2ADFDCD}"
EndProject
Project("{9A19103F-16F7-4668-BE54-9A1E7A4F7556}") = "EventStore.Rags.Tests", "EventStore.Rags.Tests\EventStore.Rags.Tests.csproj", "{99CA3DDA-7249-4B59-8511-FCFDA995BB9E}"
EndProject
Project("{9A19103F-16F7-4668-BE54-9A1E7A4F7556}") = "EventStore.Projections.Core.Tests", "EventStore.Projections.Core.Tests\EventStore.Projections.Core.Tests.csproj", "{96FC74C3-8E5D-4090-B4C7-2B7ED46AE187}"
EndProject
Project("{9A19103F-16F7-4668-BE54-9A1E7A4F7556}") = "EventStore.ClusterNode.Web", "EventStore.ClusterNode.Web\EventStore.ClusterNode.Web.csproj", "{401862D3-E12F-470C-9137-B9DE10591AC6}"
EndProject
Project("{9A19103F-16F7-4668-BE54-9A1E7A4F7556}") = "EventStore.ClientAPI", "EventStore.ClientAPI\EventStore.ClientAPI.csproj", "{CE1876AA-FC14-451F-B52B-492260C59D7B}"
EndProject
Project("{9A19103F-16F7-4668-BE54-9A1E7A4F7556}") = "EventStore.Common", "EventStore.Common\EventStore.Common.csproj", "{3F955137-DC23-4AC1-B7F8-6D0857234CCB}"
EndProject
Project("{9A19103F-16F7-4668-BE54-9A1E7A4F7556}") = "EventStore.Core.Tests", "EventStore.Core.Tests\EventStore.Core.Tests.csproj", "{F0E1719C-88FF-4E44-BCBE-8B59ADA29134}"
EndProject
Project("{9A19103F-16F7-4668-BE54-9A1E7A4F7556}") = "EventStore.Projections.Core", "EventStore.Projections.Core\EventStore.Projections.Core.csproj", "{800E7456-4BC4-49B5-940F-1D634B687C6E}"
EndProject
Project("{9A19103F-16F7-4668-BE54-9A1E7A4F7556}") = "EventStore.TestClient", "EventStore.TestClient\EventStore.TestClient.csproj", "{68011903-5E41-41E2-891B-2C0B3B13C189}"
EndProject
Project("{9A19103F-16F7-4668-BE54-9A1E7A4F7556}") = "EventStore.Transport.Http", "EventStore.Transport.Http\EventStore.Transport.Http.csproj", "{EB8587FE-7805-4306-AD50-EBE45AB0A189}"
EndProject
Project("{9A19103F-16F7-4668-BE54-9A1E7A4F7556}") = "EventStore.Core", "EventStore.Core\EventStore.Core.csproj", "{9957CA10-8A8A-419F-92BD-7A8BE3014345}"
EndProject
Project("{9A19103F-16F7-4668-BE54-9A1E7A4F7556}") = "EventStore.Transport.Tcp", "EventStore.Transport.Tcp\EventStore.Transport.Tcp.csproj", "{DCAD0184-4AFE-49EA-BE31-5D68CA4B59CA}"
EndProject
Project("{9A19103F-16F7-4668-BE54-9A1E7A4F7556}") = "EventStore.ClusterNode", "EventStore.ClusterNode\EventStore.ClusterNode.csproj", "{FDFCE363-84A4-4A6F-B97C-D9F57D8D124F}"
EndProject
Project("{9A19103F-16F7-4668-BE54-9A1E7A4F7556}") = "EventStore.Rags", "EventStore.Rags\EventStore.Rags.csproj", "{CB561B0D-8781-4495-A8D9-71802E21C60A}"
EndProject
Project("{9A19103F-16F7-4668-BE54-9A1E7A4F7556}") = "EventStore.ClientAPI.Embedded", "EventStore.ClientAPI.Embedded\EventStore.ClientAPI.Embedded.csproj", "{C1239448-07E3-4E26-A8B2-AF9687E99E7C}"
EndProject
Project("{9A19103F-16F7-4668-BE54-9A1E7A4F7556}") = "EventStore.Native", "EventStore.Native\EventStore.Native.csproj", "{03FA0763-6D41-44C0-911D-662AE2B10084}"
EndProject
Project("{2150E333-8FDC-42A3-9474-1A3956D46DE8}") = "Solution Items", "Solution Items", "{A19631BB-65CF-4726-8732-4EFD977E9B32}"
	ProjectSection(SolutionItems) = preProject
		Directory.Build.props = Directory.Build.props
	EndProjectSection
EndProject
Project("{FAE04EC0-301F-11D3-BF4B-00C04F79EFBC}") = "EventStore.Common.Utils", "EventStore.Common.Utils\EventStore.Common.Utils.csproj", "{647867C2-54FA-4C2C-9BCD-7F85A4A8F787}"
EndProject
Global
	GlobalSection(SolutionConfigurationPlatforms) = preSolution
		Debug|Any CPU = Debug|Any CPU
		Debug|x64 = Debug|x64
		Debug|x86 = Debug|x86
		Release|Any CPU = Release|Any CPU
		Release|x64 = Release|x64
		Release|x86 = Release|x86
	EndGlobalSection
	GlobalSection(ProjectConfigurationPlatforms) = postSolution
		{C7B79854-21DB-48A9-89E3-136404F13DF5}.Debug|Any CPU.ActiveCfg = Debug|Any CPU
		{C7B79854-21DB-48A9-89E3-136404F13DF5}.Debug|Any CPU.Build.0 = Debug|Any CPU
		{C7B79854-21DB-48A9-89E3-136404F13DF5}.Debug|x64.ActiveCfg = Debug|Any CPU
		{C7B79854-21DB-48A9-89E3-136404F13DF5}.Debug|x64.Build.0 = Debug|Any CPU
		{C7B79854-21DB-48A9-89E3-136404F13DF5}.Debug|x86.ActiveCfg = Debug|Any CPU
		{C7B79854-21DB-48A9-89E3-136404F13DF5}.Debug|x86.Build.0 = Debug|Any CPU
		{C7B79854-21DB-48A9-89E3-136404F13DF5}.Release|Any CPU.ActiveCfg = Release|Any CPU
		{C7B79854-21DB-48A9-89E3-136404F13DF5}.Release|Any CPU.Build.0 = Release|Any CPU
		{C7B79854-21DB-48A9-89E3-136404F13DF5}.Release|x64.ActiveCfg = Release|Any CPU
		{C7B79854-21DB-48A9-89E3-136404F13DF5}.Release|x64.Build.0 = Release|Any CPU
		{C7B79854-21DB-48A9-89E3-136404F13DF5}.Release|x86.ActiveCfg = Release|Any CPU
		{C7B79854-21DB-48A9-89E3-136404F13DF5}.Release|x86.Build.0 = Release|Any CPU
		{289B2A5C-9EC6-47C4-9C1B-15D4C2ADFDCD}.Debug|Any CPU.ActiveCfg = Debug|Any CPU
		{289B2A5C-9EC6-47C4-9C1B-15D4C2ADFDCD}.Debug|Any CPU.Build.0 = Debug|Any CPU
		{289B2A5C-9EC6-47C4-9C1B-15D4C2ADFDCD}.Debug|x64.ActiveCfg = Debug|Any CPU
		{289B2A5C-9EC6-47C4-9C1B-15D4C2ADFDCD}.Debug|x64.Build.0 = Debug|Any CPU
		{289B2A5C-9EC6-47C4-9C1B-15D4C2ADFDCD}.Debug|x86.ActiveCfg = Debug|Any CPU
		{289B2A5C-9EC6-47C4-9C1B-15D4C2ADFDCD}.Debug|x86.Build.0 = Debug|Any CPU
		{289B2A5C-9EC6-47C4-9C1B-15D4C2ADFDCD}.Release|Any CPU.ActiveCfg = Release|Any CPU
		{289B2A5C-9EC6-47C4-9C1B-15D4C2ADFDCD}.Release|Any CPU.Build.0 = Release|Any CPU
		{289B2A5C-9EC6-47C4-9C1B-15D4C2ADFDCD}.Release|x64.ActiveCfg = Release|Any CPU
		{289B2A5C-9EC6-47C4-9C1B-15D4C2ADFDCD}.Release|x64.Build.0 = Release|Any CPU
		{289B2A5C-9EC6-47C4-9C1B-15D4C2ADFDCD}.Release|x86.ActiveCfg = Release|Any CPU
		{289B2A5C-9EC6-47C4-9C1B-15D4C2ADFDCD}.Release|x86.Build.0 = Release|Any CPU
		{99CA3DDA-7249-4B59-8511-FCFDA995BB9E}.Debug|Any CPU.ActiveCfg = Debug|Any CPU
		{99CA3DDA-7249-4B59-8511-FCFDA995BB9E}.Debug|Any CPU.Build.0 = Debug|Any CPU
		{99CA3DDA-7249-4B59-8511-FCFDA995BB9E}.Debug|x64.ActiveCfg = Debug|Any CPU
		{99CA3DDA-7249-4B59-8511-FCFDA995BB9E}.Debug|x64.Build.0 = Debug|Any CPU
		{99CA3DDA-7249-4B59-8511-FCFDA995BB9E}.Debug|x86.ActiveCfg = Debug|Any CPU
		{99CA3DDA-7249-4B59-8511-FCFDA995BB9E}.Debug|x86.Build.0 = Debug|Any CPU
		{99CA3DDA-7249-4B59-8511-FCFDA995BB9E}.Release|Any CPU.ActiveCfg = Release|Any CPU
		{99CA3DDA-7249-4B59-8511-FCFDA995BB9E}.Release|Any CPU.Build.0 = Release|Any CPU
		{99CA3DDA-7249-4B59-8511-FCFDA995BB9E}.Release|x64.ActiveCfg = Release|Any CPU
		{99CA3DDA-7249-4B59-8511-FCFDA995BB9E}.Release|x64.Build.0 = Release|Any CPU
		{99CA3DDA-7249-4B59-8511-FCFDA995BB9E}.Release|x86.ActiveCfg = Release|Any CPU
		{99CA3DDA-7249-4B59-8511-FCFDA995BB9E}.Release|x86.Build.0 = Release|Any CPU
		{96FC74C3-8E5D-4090-B4C7-2B7ED46AE187}.Debug|Any CPU.ActiveCfg = Debug|Any CPU
		{96FC74C3-8E5D-4090-B4C7-2B7ED46AE187}.Debug|Any CPU.Build.0 = Debug|Any CPU
		{96FC74C3-8E5D-4090-B4C7-2B7ED46AE187}.Debug|x64.ActiveCfg = Debug|Any CPU
		{96FC74C3-8E5D-4090-B4C7-2B7ED46AE187}.Debug|x64.Build.0 = Debug|Any CPU
		{96FC74C3-8E5D-4090-B4C7-2B7ED46AE187}.Debug|x86.ActiveCfg = Debug|Any CPU
		{96FC74C3-8E5D-4090-B4C7-2B7ED46AE187}.Debug|x86.Build.0 = Debug|Any CPU
		{96FC74C3-8E5D-4090-B4C7-2B7ED46AE187}.Release|Any CPU.ActiveCfg = Release|Any CPU
		{96FC74C3-8E5D-4090-B4C7-2B7ED46AE187}.Release|Any CPU.Build.0 = Release|Any CPU
		{96FC74C3-8E5D-4090-B4C7-2B7ED46AE187}.Release|x64.ActiveCfg = Release|Any CPU
		{96FC74C3-8E5D-4090-B4C7-2B7ED46AE187}.Release|x64.Build.0 = Release|Any CPU
		{96FC74C3-8E5D-4090-B4C7-2B7ED46AE187}.Release|x86.ActiveCfg = Release|Any CPU
		{96FC74C3-8E5D-4090-B4C7-2B7ED46AE187}.Release|x86.Build.0 = Release|Any CPU
		{401862D3-E12F-470C-9137-B9DE10591AC6}.Debug|Any CPU.ActiveCfg = Debug|Any CPU
		{401862D3-E12F-470C-9137-B9DE10591AC6}.Debug|Any CPU.Build.0 = Debug|Any CPU
		{401862D3-E12F-470C-9137-B9DE10591AC6}.Debug|x64.ActiveCfg = Debug|Any CPU
		{401862D3-E12F-470C-9137-B9DE10591AC6}.Debug|x64.Build.0 = Debug|Any CPU
		{401862D3-E12F-470C-9137-B9DE10591AC6}.Debug|x86.ActiveCfg = Debug|Any CPU
		{401862D3-E12F-470C-9137-B9DE10591AC6}.Debug|x86.Build.0 = Debug|Any CPU
		{401862D3-E12F-470C-9137-B9DE10591AC6}.Release|Any CPU.ActiveCfg = Release|Any CPU
		{401862D3-E12F-470C-9137-B9DE10591AC6}.Release|Any CPU.Build.0 = Release|Any CPU
		{401862D3-E12F-470C-9137-B9DE10591AC6}.Release|x64.ActiveCfg = Release|Any CPU
		{401862D3-E12F-470C-9137-B9DE10591AC6}.Release|x64.Build.0 = Release|Any CPU
		{401862D3-E12F-470C-9137-B9DE10591AC6}.Release|x86.ActiveCfg = Release|Any CPU
		{401862D3-E12F-470C-9137-B9DE10591AC6}.Release|x86.Build.0 = Release|Any CPU
		{CE1876AA-FC14-451F-B52B-492260C59D7B}.Debug|Any CPU.ActiveCfg = Debug|Any CPU
		{CE1876AA-FC14-451F-B52B-492260C59D7B}.Debug|Any CPU.Build.0 = Debug|Any CPU
		{CE1876AA-FC14-451F-B52B-492260C59D7B}.Debug|x64.ActiveCfg = Debug|Any CPU
		{CE1876AA-FC14-451F-B52B-492260C59D7B}.Debug|x64.Build.0 = Debug|Any CPU
		{CE1876AA-FC14-451F-B52B-492260C59D7B}.Debug|x86.ActiveCfg = Debug|Any CPU
		{CE1876AA-FC14-451F-B52B-492260C59D7B}.Debug|x86.Build.0 = Debug|Any CPU
		{CE1876AA-FC14-451F-B52B-492260C59D7B}.Release|Any CPU.ActiveCfg = Release|Any CPU
		{CE1876AA-FC14-451F-B52B-492260C59D7B}.Release|Any CPU.Build.0 = Release|Any CPU
		{CE1876AA-FC14-451F-B52B-492260C59D7B}.Release|x64.ActiveCfg = Release|Any CPU
		{CE1876AA-FC14-451F-B52B-492260C59D7B}.Release|x64.Build.0 = Release|Any CPU
		{CE1876AA-FC14-451F-B52B-492260C59D7B}.Release|x86.ActiveCfg = Release|Any CPU
		{CE1876AA-FC14-451F-B52B-492260C59D7B}.Release|x86.Build.0 = Release|Any CPU
		{3F955137-DC23-4AC1-B7F8-6D0857234CCB}.Debug|Any CPU.ActiveCfg = Debug|Any CPU
		{3F955137-DC23-4AC1-B7F8-6D0857234CCB}.Debug|Any CPU.Build.0 = Debug|Any CPU
		{3F955137-DC23-4AC1-B7F8-6D0857234CCB}.Debug|x64.ActiveCfg = Debug|Any CPU
		{3F955137-DC23-4AC1-B7F8-6D0857234CCB}.Debug|x64.Build.0 = Debug|Any CPU
		{3F955137-DC23-4AC1-B7F8-6D0857234CCB}.Debug|x86.ActiveCfg = Debug|Any CPU
		{3F955137-DC23-4AC1-B7F8-6D0857234CCB}.Debug|x86.Build.0 = Debug|Any CPU
		{3F955137-DC23-4AC1-B7F8-6D0857234CCB}.Release|Any CPU.ActiveCfg = Release|Any CPU
		{3F955137-DC23-4AC1-B7F8-6D0857234CCB}.Release|Any CPU.Build.0 = Release|Any CPU
		{3F955137-DC23-4AC1-B7F8-6D0857234CCB}.Release|x64.ActiveCfg = Release|Any CPU
		{3F955137-DC23-4AC1-B7F8-6D0857234CCB}.Release|x64.Build.0 = Release|Any CPU
		{3F955137-DC23-4AC1-B7F8-6D0857234CCB}.Release|x86.ActiveCfg = Release|Any CPU
		{3F955137-DC23-4AC1-B7F8-6D0857234CCB}.Release|x86.Build.0 = Release|Any CPU
		{F0E1719C-88FF-4E44-BCBE-8B59ADA29134}.Debug|Any CPU.ActiveCfg = Debug|Any CPU
		{F0E1719C-88FF-4E44-BCBE-8B59ADA29134}.Debug|Any CPU.Build.0 = Debug|Any CPU
		{F0E1719C-88FF-4E44-BCBE-8B59ADA29134}.Debug|x64.ActiveCfg = Debug|Any CPU
		{F0E1719C-88FF-4E44-BCBE-8B59ADA29134}.Debug|x64.Build.0 = Debug|Any CPU
		{F0E1719C-88FF-4E44-BCBE-8B59ADA29134}.Debug|x86.ActiveCfg = Debug|Any CPU
		{F0E1719C-88FF-4E44-BCBE-8B59ADA29134}.Debug|x86.Build.0 = Debug|Any CPU
		{F0E1719C-88FF-4E44-BCBE-8B59ADA29134}.Release|Any CPU.ActiveCfg = Release|Any CPU
		{F0E1719C-88FF-4E44-BCBE-8B59ADA29134}.Release|Any CPU.Build.0 = Release|Any CPU
		{F0E1719C-88FF-4E44-BCBE-8B59ADA29134}.Release|x64.ActiveCfg = Release|Any CPU
		{F0E1719C-88FF-4E44-BCBE-8B59ADA29134}.Release|x64.Build.0 = Release|Any CPU
		{F0E1719C-88FF-4E44-BCBE-8B59ADA29134}.Release|x86.ActiveCfg = Release|Any CPU
		{F0E1719C-88FF-4E44-BCBE-8B59ADA29134}.Release|x86.Build.0 = Release|Any CPU
		{800E7456-4BC4-49B5-940F-1D634B687C6E}.Debug|Any CPU.ActiveCfg = Debug|Any CPU
		{800E7456-4BC4-49B5-940F-1D634B687C6E}.Debug|Any CPU.Build.0 = Debug|Any CPU
		{800E7456-4BC4-49B5-940F-1D634B687C6E}.Debug|x64.ActiveCfg = Debug|Any CPU
		{800E7456-4BC4-49B5-940F-1D634B687C6E}.Debug|x64.Build.0 = Debug|Any CPU
		{800E7456-4BC4-49B5-940F-1D634B687C6E}.Debug|x86.ActiveCfg = Debug|Any CPU
		{800E7456-4BC4-49B5-940F-1D634B687C6E}.Debug|x86.Build.0 = Debug|Any CPU
		{800E7456-4BC4-49B5-940F-1D634B687C6E}.Release|Any CPU.ActiveCfg = Release|Any CPU
		{800E7456-4BC4-49B5-940F-1D634B687C6E}.Release|Any CPU.Build.0 = Release|Any CPU
		{800E7456-4BC4-49B5-940F-1D634B687C6E}.Release|x64.ActiveCfg = Release|Any CPU
		{800E7456-4BC4-49B5-940F-1D634B687C6E}.Release|x64.Build.0 = Release|Any CPU
		{800E7456-4BC4-49B5-940F-1D634B687C6E}.Release|x86.ActiveCfg = Release|Any CPU
		{800E7456-4BC4-49B5-940F-1D634B687C6E}.Release|x86.Build.0 = Release|Any CPU
		{68011903-5E41-41E2-891B-2C0B3B13C189}.Debug|Any CPU.ActiveCfg = Debug|Any CPU
		{68011903-5E41-41E2-891B-2C0B3B13C189}.Debug|Any CPU.Build.0 = Debug|Any CPU
		{68011903-5E41-41E2-891B-2C0B3B13C189}.Debug|x64.ActiveCfg = Debug|Any CPU
		{68011903-5E41-41E2-891B-2C0B3B13C189}.Debug|x64.Build.0 = Debug|Any CPU
		{68011903-5E41-41E2-891B-2C0B3B13C189}.Debug|x86.ActiveCfg = Debug|Any CPU
		{68011903-5E41-41E2-891B-2C0B3B13C189}.Debug|x86.Build.0 = Debug|Any CPU
		{68011903-5E41-41E2-891B-2C0B3B13C189}.Release|Any CPU.ActiveCfg = Release|Any CPU
		{68011903-5E41-41E2-891B-2C0B3B13C189}.Release|Any CPU.Build.0 = Release|Any CPU
		{68011903-5E41-41E2-891B-2C0B3B13C189}.Release|x64.ActiveCfg = Release|Any CPU
		{68011903-5E41-41E2-891B-2C0B3B13C189}.Release|x64.Build.0 = Release|Any CPU
		{68011903-5E41-41E2-891B-2C0B3B13C189}.Release|x86.ActiveCfg = Release|Any CPU
		{68011903-5E41-41E2-891B-2C0B3B13C189}.Release|x86.Build.0 = Release|Any CPU
		{EB8587FE-7805-4306-AD50-EBE45AB0A189}.Debug|Any CPU.ActiveCfg = Debug|Any CPU
		{EB8587FE-7805-4306-AD50-EBE45AB0A189}.Debug|Any CPU.Build.0 = Debug|Any CPU
		{EB8587FE-7805-4306-AD50-EBE45AB0A189}.Debug|x64.ActiveCfg = Debug|Any CPU
		{EB8587FE-7805-4306-AD50-EBE45AB0A189}.Debug|x64.Build.0 = Debug|Any CPU
		{EB8587FE-7805-4306-AD50-EBE45AB0A189}.Debug|x86.ActiveCfg = Debug|Any CPU
		{EB8587FE-7805-4306-AD50-EBE45AB0A189}.Debug|x86.Build.0 = Debug|Any CPU
		{EB8587FE-7805-4306-AD50-EBE45AB0A189}.Release|Any CPU.ActiveCfg = Release|Any CPU
		{EB8587FE-7805-4306-AD50-EBE45AB0A189}.Release|Any CPU.Build.0 = Release|Any CPU
		{EB8587FE-7805-4306-AD50-EBE45AB0A189}.Release|x64.ActiveCfg = Release|Any CPU
		{EB8587FE-7805-4306-AD50-EBE45AB0A189}.Release|x64.Build.0 = Release|Any CPU
		{EB8587FE-7805-4306-AD50-EBE45AB0A189}.Release|x86.ActiveCfg = Release|Any CPU
		{EB8587FE-7805-4306-AD50-EBE45AB0A189}.Release|x86.Build.0 = Release|Any CPU
		{9957CA10-8A8A-419F-92BD-7A8BE3014345}.Debug|Any CPU.ActiveCfg = Debug|Any CPU
		{9957CA10-8A8A-419F-92BD-7A8BE3014345}.Debug|Any CPU.Build.0 = Debug|Any CPU
		{9957CA10-8A8A-419F-92BD-7A8BE3014345}.Debug|x64.ActiveCfg = Debug|Any CPU
		{9957CA10-8A8A-419F-92BD-7A8BE3014345}.Debug|x64.Build.0 = Debug|Any CPU
		{9957CA10-8A8A-419F-92BD-7A8BE3014345}.Debug|x86.ActiveCfg = Debug|Any CPU
		{9957CA10-8A8A-419F-92BD-7A8BE3014345}.Debug|x86.Build.0 = Debug|Any CPU
		{9957CA10-8A8A-419F-92BD-7A8BE3014345}.Release|Any CPU.ActiveCfg = Release|Any CPU
		{9957CA10-8A8A-419F-92BD-7A8BE3014345}.Release|Any CPU.Build.0 = Release|Any CPU
		{9957CA10-8A8A-419F-92BD-7A8BE3014345}.Release|x64.ActiveCfg = Release|Any CPU
		{9957CA10-8A8A-419F-92BD-7A8BE3014345}.Release|x64.Build.0 = Release|Any CPU
		{9957CA10-8A8A-419F-92BD-7A8BE3014345}.Release|x86.ActiveCfg = Release|Any CPU
		{9957CA10-8A8A-419F-92BD-7A8BE3014345}.Release|x86.Build.0 = Release|Any CPU
		{DCAD0184-4AFE-49EA-BE31-5D68CA4B59CA}.Debug|Any CPU.ActiveCfg = Debug|Any CPU
		{DCAD0184-4AFE-49EA-BE31-5D68CA4B59CA}.Debug|Any CPU.Build.0 = Debug|Any CPU
		{DCAD0184-4AFE-49EA-BE31-5D68CA4B59CA}.Debug|x64.ActiveCfg = Debug|Any CPU
		{DCAD0184-4AFE-49EA-BE31-5D68CA4B59CA}.Debug|x64.Build.0 = Debug|Any CPU
		{DCAD0184-4AFE-49EA-BE31-5D68CA4B59CA}.Debug|x86.ActiveCfg = Debug|Any CPU
		{DCAD0184-4AFE-49EA-BE31-5D68CA4B59CA}.Debug|x86.Build.0 = Debug|Any CPU
		{DCAD0184-4AFE-49EA-BE31-5D68CA4B59CA}.Release|Any CPU.ActiveCfg = Release|Any CPU
		{DCAD0184-4AFE-49EA-BE31-5D68CA4B59CA}.Release|Any CPU.Build.0 = Release|Any CPU
		{DCAD0184-4AFE-49EA-BE31-5D68CA4B59CA}.Release|x64.ActiveCfg = Release|Any CPU
		{DCAD0184-4AFE-49EA-BE31-5D68CA4B59CA}.Release|x64.Build.0 = Release|Any CPU
		{DCAD0184-4AFE-49EA-BE31-5D68CA4B59CA}.Release|x86.ActiveCfg = Release|Any CPU
		{DCAD0184-4AFE-49EA-BE31-5D68CA4B59CA}.Release|x86.Build.0 = Release|Any CPU
		{FDFCE363-84A4-4A6F-B97C-D9F57D8D124F}.Debug|Any CPU.ActiveCfg = Debug|Any CPU
		{FDFCE363-84A4-4A6F-B97C-D9F57D8D124F}.Debug|Any CPU.Build.0 = Debug|Any CPU
		{FDFCE363-84A4-4A6F-B97C-D9F57D8D124F}.Debug|x64.ActiveCfg = Debug|Any CPU
		{FDFCE363-84A4-4A6F-B97C-D9F57D8D124F}.Debug|x64.Build.0 = Debug|Any CPU
		{FDFCE363-84A4-4A6F-B97C-D9F57D8D124F}.Debug|x86.ActiveCfg = Debug|Any CPU
		{FDFCE363-84A4-4A6F-B97C-D9F57D8D124F}.Debug|x86.Build.0 = Debug|Any CPU
		{FDFCE363-84A4-4A6F-B97C-D9F57D8D124F}.Release|Any CPU.ActiveCfg = Release|Any CPU
		{FDFCE363-84A4-4A6F-B97C-D9F57D8D124F}.Release|Any CPU.Build.0 = Release|Any CPU
		{FDFCE363-84A4-4A6F-B97C-D9F57D8D124F}.Release|x64.ActiveCfg = Release|Any CPU
		{FDFCE363-84A4-4A6F-B97C-D9F57D8D124F}.Release|x64.Build.0 = Release|Any CPU
		{FDFCE363-84A4-4A6F-B97C-D9F57D8D124F}.Release|x86.ActiveCfg = Release|Any CPU
		{FDFCE363-84A4-4A6F-B97C-D9F57D8D124F}.Release|x86.Build.0 = Release|Any CPU
		{CB561B0D-8781-4495-A8D9-71802E21C60A}.Debug|Any CPU.ActiveCfg = Debug|Any CPU
		{CB561B0D-8781-4495-A8D9-71802E21C60A}.Debug|Any CPU.Build.0 = Debug|Any CPU
		{CB561B0D-8781-4495-A8D9-71802E21C60A}.Debug|x64.ActiveCfg = Debug|Any CPU
		{CB561B0D-8781-4495-A8D9-71802E21C60A}.Debug|x64.Build.0 = Debug|Any CPU
		{CB561B0D-8781-4495-A8D9-71802E21C60A}.Debug|x86.ActiveCfg = Debug|Any CPU
		{CB561B0D-8781-4495-A8D9-71802E21C60A}.Debug|x86.Build.0 = Debug|Any CPU
		{CB561B0D-8781-4495-A8D9-71802E21C60A}.Release|Any CPU.ActiveCfg = Release|Any CPU
		{CB561B0D-8781-4495-A8D9-71802E21C60A}.Release|Any CPU.Build.0 = Release|Any CPU
		{CB561B0D-8781-4495-A8D9-71802E21C60A}.Release|x64.ActiveCfg = Release|Any CPU
		{CB561B0D-8781-4495-A8D9-71802E21C60A}.Release|x64.Build.0 = Release|Any CPU
		{CB561B0D-8781-4495-A8D9-71802E21C60A}.Release|x86.ActiveCfg = Release|Any CPU
		{CB561B0D-8781-4495-A8D9-71802E21C60A}.Release|x86.Build.0 = Release|Any CPU
		{C1239448-07E3-4E26-A8B2-AF9687E99E7C}.Debug|Any CPU.ActiveCfg = Debug|Any CPU
		{C1239448-07E3-4E26-A8B2-AF9687E99E7C}.Debug|Any CPU.Build.0 = Debug|Any CPU
		{C1239448-07E3-4E26-A8B2-AF9687E99E7C}.Debug|x64.ActiveCfg = Debug|Any CPU
		{C1239448-07E3-4E26-A8B2-AF9687E99E7C}.Debug|x64.Build.0 = Debug|Any CPU
		{C1239448-07E3-4E26-A8B2-AF9687E99E7C}.Debug|x86.ActiveCfg = Debug|Any CPU
		{C1239448-07E3-4E26-A8B2-AF9687E99E7C}.Debug|x86.Build.0 = Debug|Any CPU
		{C1239448-07E3-4E26-A8B2-AF9687E99E7C}.Release|Any CPU.ActiveCfg = Release|Any CPU
		{C1239448-07E3-4E26-A8B2-AF9687E99E7C}.Release|Any CPU.Build.0 = Release|Any CPU
		{C1239448-07E3-4E26-A8B2-AF9687E99E7C}.Release|x64.ActiveCfg = Release|Any CPU
		{C1239448-07E3-4E26-A8B2-AF9687E99E7C}.Release|x64.Build.0 = Release|Any CPU
		{C1239448-07E3-4E26-A8B2-AF9687E99E7C}.Release|x86.ActiveCfg = Release|Any CPU
		{C1239448-07E3-4E26-A8B2-AF9687E99E7C}.Release|x86.Build.0 = Release|Any CPU
		{03FA0763-6D41-44C0-911D-662AE2B10084}.Debug|Any CPU.ActiveCfg = Debug|Any CPU
		{03FA0763-6D41-44C0-911D-662AE2B10084}.Debug|Any CPU.Build.0 = Debug|Any CPU
		{03FA0763-6D41-44C0-911D-662AE2B10084}.Debug|x64.ActiveCfg = Debug|Any CPU
		{03FA0763-6D41-44C0-911D-662AE2B10084}.Debug|x64.Build.0 = Debug|Any CPU
		{03FA0763-6D41-44C0-911D-662AE2B10084}.Debug|x86.ActiveCfg = Debug|Any CPU
		{03FA0763-6D41-44C0-911D-662AE2B10084}.Debug|x86.Build.0 = Debug|Any CPU
		{03FA0763-6D41-44C0-911D-662AE2B10084}.Release|Any CPU.ActiveCfg = Release|Any CPU
		{03FA0763-6D41-44C0-911D-662AE2B10084}.Release|Any CPU.Build.0 = Release|Any CPU
		{03FA0763-6D41-44C0-911D-662AE2B10084}.Release|x64.ActiveCfg = Release|Any CPU
		{03FA0763-6D41-44C0-911D-662AE2B10084}.Release|x64.Build.0 = Release|Any CPU
		{03FA0763-6D41-44C0-911D-662AE2B10084}.Release|x86.ActiveCfg = Release|Any CPU
		{03FA0763-6D41-44C0-911D-662AE2B10084}.Release|x86.Build.0 = Release|Any CPU
		{647867C2-54FA-4C2C-9BCD-7F85A4A8F787}.Debug|Any CPU.ActiveCfg = Debug|Any CPU
		{647867C2-54FA-4C2C-9BCD-7F85A4A8F787}.Debug|Any CPU.Build.0 = Debug|Any CPU
		{647867C2-54FA-4C2C-9BCD-7F85A4A8F787}.Debug|x64.ActiveCfg = Debug|Any CPU
		{647867C2-54FA-4C2C-9BCD-7F85A4A8F787}.Debug|x64.Build.0 = Debug|Any CPU
		{647867C2-54FA-4C2C-9BCD-7F85A4A8F787}.Debug|x86.ActiveCfg = Debug|Any CPU
		{647867C2-54FA-4C2C-9BCD-7F85A4A8F787}.Debug|x86.Build.0 = Debug|Any CPU
		{647867C2-54FA-4C2C-9BCD-7F85A4A8F787}.Release|Any CPU.ActiveCfg = Release|Any CPU
		{647867C2-54FA-4C2C-9BCD-7F85A4A8F787}.Release|Any CPU.Build.0 = Release|Any CPU
		{647867C2-54FA-4C2C-9BCD-7F85A4A8F787}.Release|x64.ActiveCfg = Release|Any CPU
		{647867C2-54FA-4C2C-9BCD-7F85A4A8F787}.Release|x64.Build.0 = Release|Any CPU
		{647867C2-54FA-4C2C-9BCD-7F85A4A8F787}.Release|x86.ActiveCfg = Release|Any CPU
		{647867C2-54FA-4C2C-9BCD-7F85A4A8F787}.Release|x86.Build.0 = Release|Any CPU
	EndGlobalSection
	GlobalSection(SolutionProperties) = preSolution
		HideSolutionNode = FALSE
	EndGlobalSection
	GlobalSection(ExtensibilityGlobals) = postSolution
		SolutionGuid = {CD63E89D-F4FA-42A7-A10B-50CF854078FA}
	EndGlobalSection
EndGlobal
