
Microsoft Visual Studio Solution File, Format Version 12.00
# Visual Studio Version 16
VisualStudioVersion = 16.0.29521.150
MinimumVisualStudioVersion = 15.0.26124.0
Project("{9A19103F-16F7-4668-BE54-9A1E7A4F7556}") = "EventStore.BufferManagement", "EventStore.BufferManagement\EventStore.BufferManagement.csproj", "{C7B79854-21DB-48A9-89E3-136404F13DF5}"
EndProject
Project("{9A19103F-16F7-4668-BE54-9A1E7A4F7556}") = "EventStore.BufferManagement.Tests", "EventStore.BufferManagement.Tests\EventStore.BufferManagement.Tests.csproj", "{289B2A5C-9EC6-47C4-9C1B-15D4C2ADFDCD}"
EndProject
Project("{9A19103F-16F7-4668-BE54-9A1E7A4F7556}") = "EventStore.Projections.Core.Tests", "EventStore.Projections.Core.Tests\EventStore.Projections.Core.Tests.csproj", "{96FC74C3-8E5D-4090-B4C7-2B7ED46AE187}"
EndProject
Project("{9A19103F-16F7-4668-BE54-9A1E7A4F7556}") = "EventStore.ClusterNode.Web", "EventStore.ClusterNode.Web\EventStore.ClusterNode.Web.csproj", "{401862D3-E12F-470C-9137-B9DE10591AC6}"
EndProject
Project("{9A19103F-16F7-4668-BE54-9A1E7A4F7556}") = "EventStore.Common", "EventStore.Common\EventStore.Common.csproj", "{3F955137-DC23-4AC1-B7F8-6D0857234CCB}"
EndProject
Project("{9A19103F-16F7-4668-BE54-9A1E7A4F7556}") = "EventStore.Core.Tests", "EventStore.Core.Tests\EventStore.Core.Tests.csproj", "{F0E1719C-88FF-4E44-BCBE-8B59ADA29134}"
EndProject
Project("{9A19103F-16F7-4668-BE54-9A1E7A4F7556}") = "EventStore.Projections.Core", "EventStore.Projections.Core\EventStore.Projections.Core.csproj", "{800E7456-4BC4-49B5-940F-1D634B687C6E}"
EndProject
Project("{9A19103F-16F7-4668-BE54-9A1E7A4F7556}") = "EventStore.TestClient", "EventStore.TestClient\EventStore.TestClient.csproj", "{68011903-5E41-41E2-891B-2C0B3B13C189}"
EndProject
Project("{9A19103F-16F7-4668-BE54-9A1E7A4F7556}") = "EventStore.Transport.Http", "EventStore.Transport.Http\EventStore.Transport.Http.csproj", "{EB8587FE-7805-4306-AD50-EBE45AB0A189}"
EndProject
Project("{9A19103F-16F7-4668-BE54-9A1E7A4F7556}") = "EventStore.Core", "EventStore.Core\EventStore.Core.csproj", "{9957CA10-8A8A-419F-92BD-7A8BE3014345}"
EndProject
Project("{9A19103F-16F7-4668-BE54-9A1E7A4F7556}") = "EventStore.Transport.Tcp", "EventStore.Transport.Tcp\EventStore.Transport.Tcp.csproj", "{DCAD0184-4AFE-49EA-BE31-5D68CA4B59CA}"
EndProject
Project("{9A19103F-16F7-4668-BE54-9A1E7A4F7556}") = "EventStore.ClusterNode", "EventStore.ClusterNode\EventStore.ClusterNode.csproj", "{FDFCE363-84A4-4A6F-B97C-D9F57D8D124F}"
EndProject
Project("{9A19103F-16F7-4668-BE54-9A1E7A4F7556}") = "EventStore.Native", "EventStore.Native\EventStore.Native.csproj", "{03FA0763-6D41-44C0-911D-662AE2B10084}"
EndProject
Project("{2150E333-8FDC-42A3-9474-1A3956D46DE8}") = "Solution Items", "Solution Items", "{A19631BB-65CF-4726-8732-4EFD977E9B32}"
	ProjectSection(SolutionItems) = preProject
		.editorconfig = .editorconfig
		..\.github\workflows\ci.yml = ..\.github\workflows\ci.yml
		default.runsettings = default.runsettings
		Directory.Build.props = Directory.Build.props
		Directory.Build.targets = Directory.Build.targets
		..\Dockerfile = ..\Dockerfile
	EndProjectSection
EndProject
Project("{9A19103F-16F7-4668-BE54-9A1E7A4F7556}") = "EventStore.Common.Utils", "EventStore.Common.Utils\EventStore.Common.Utils.csproj", "{647867C2-54FA-4C2C-9BCD-7F85A4A8F787}"
EndProject
Project("{9A19103F-16F7-4668-BE54-9A1E7A4F7556}") = "EventStore.NETCore.Compatibility", "EventStore.NETCore.Compatibility\EventStore.NETCore.Compatibility.csproj", "{066B6514-86A0-41D8-BB6A-D9B05141D026}"
EndProject
Project("{9A19103F-16F7-4668-BE54-9A1E7A4F7556}") = "EventStore.LogV3", "EventStore.LogV3\EventStore.LogV3.csproj", "{0A8829D0-0A6F-43A5-ACD4-970690296C52}"
EndProject
Project("{9A19103F-16F7-4668-BE54-9A1E7A4F7556}") = "EventStore.LogV3.Tests", "EventStore.LogV3.Tests\EventStore.LogV3.Tests.csproj", "{97EDD08B-0E2F-4445-A4CA-36285954BBDC}"
EndProject
Project("{9A19103F-16F7-4668-BE54-9A1E7A4F7556}") = "EventStore.LogCommon", "EventStore.LogCommon\EventStore.LogCommon.csproj", "{B1185D46-45AE-49DD-99BF-602B9359BACF}"
EndProject
Project("{9A19103F-16F7-4668-BE54-9A1E7A4F7556}") = "EventStore.Core.XUnit.Tests", "EventStore.Core.XUnit.Tests\EventStore.Core.XUnit.Tests.csproj", "{101DD668-2140-4183-8C97-F641173AF736}"
EndProject
Project("{9A19103F-16F7-4668-BE54-9A1E7A4F7556}") = "EventStore.Projections.Core.Javascript.Tests", "EventStore.Projections.Core.Javascript.Tests\EventStore.Projections.Core.Javascript.Tests.csproj", "{1826D544-16E6-460F-A8F2-1D56B5041AE7}"
EndProject
Global
	GlobalSection(SolutionConfigurationPlatforms) = preSolution
		Debug|ARM64 = Debug|ARM64
		Debug|x64 = Debug|x64
		Release|ARM64 = Release|ARM64
		Release|x64 = Release|x64
	EndGlobalSection
	GlobalSection(ProjectConfigurationPlatforms) = postSolution
		{C7B79854-21DB-48A9-89E3-136404F13DF5}.Debug|ARM64.ActiveCfg = Debug|ARM64
		{C7B79854-21DB-48A9-89E3-136404F13DF5}.Debug|ARM64.Build.0 = Debug|ARM64
		{C7B79854-21DB-48A9-89E3-136404F13DF5}.Debug|x64.ActiveCfg = Debug|x64
		{C7B79854-21DB-48A9-89E3-136404F13DF5}.Debug|x64.Build.0 = Debug|x64
		{C7B79854-21DB-48A9-89E3-136404F13DF5}.Release|ARM64.ActiveCfg = Release|ARM64
		{C7B79854-21DB-48A9-89E3-136404F13DF5}.Release|ARM64.Build.0 = Release|ARM64
		{C7B79854-21DB-48A9-89E3-136404F13DF5}.Release|x64.ActiveCfg = Release|x64
		{C7B79854-21DB-48A9-89E3-136404F13DF5}.Release|x64.Build.0 = Release|x64
		{289B2A5C-9EC6-47C4-9C1B-15D4C2ADFDCD}.Debug|ARM64.ActiveCfg = Debug|ARM64
		{289B2A5C-9EC6-47C4-9C1B-15D4C2ADFDCD}.Debug|ARM64.Build.0 = Debug|ARM64
		{289B2A5C-9EC6-47C4-9C1B-15D4C2ADFDCD}.Debug|x64.ActiveCfg = Debug|x64
		{289B2A5C-9EC6-47C4-9C1B-15D4C2ADFDCD}.Debug|x64.Build.0 = Debug|x64
		{289B2A5C-9EC6-47C4-9C1B-15D4C2ADFDCD}.Release|ARM64.ActiveCfg = Release|ARM64
		{289B2A5C-9EC6-47C4-9C1B-15D4C2ADFDCD}.Release|ARM64.Build.0 = Release|ARM64
		{289B2A5C-9EC6-47C4-9C1B-15D4C2ADFDCD}.Release|x64.ActiveCfg = Release|x64
		{289B2A5C-9EC6-47C4-9C1B-15D4C2ADFDCD}.Release|x64.Build.0 = Release|x64
		{96FC74C3-8E5D-4090-B4C7-2B7ED46AE187}.Debug|ARM64.ActiveCfg = Debug|ARM64
		{96FC74C3-8E5D-4090-B4C7-2B7ED46AE187}.Debug|ARM64.Build.0 = Debug|ARM64
		{96FC74C3-8E5D-4090-B4C7-2B7ED46AE187}.Debug|x64.ActiveCfg = Debug|x64
		{96FC74C3-8E5D-4090-B4C7-2B7ED46AE187}.Debug|x64.Build.0 = Debug|x64
		{96FC74C3-8E5D-4090-B4C7-2B7ED46AE187}.Release|ARM64.ActiveCfg = Release|ARM64
		{96FC74C3-8E5D-4090-B4C7-2B7ED46AE187}.Release|ARM64.Build.0 = Release|ARM64
		{96FC74C3-8E5D-4090-B4C7-2B7ED46AE187}.Release|x64.ActiveCfg = Release|x64
		{96FC74C3-8E5D-4090-B4C7-2B7ED46AE187}.Release|x64.Build.0 = Release|x64
		{401862D3-E12F-470C-9137-B9DE10591AC6}.Debug|ARM64.ActiveCfg = Debug|ARM64
		{401862D3-E12F-470C-9137-B9DE10591AC6}.Debug|ARM64.Build.0 = Debug|ARM64
		{401862D3-E12F-470C-9137-B9DE10591AC6}.Debug|x64.ActiveCfg = Debug|x64
		{401862D3-E12F-470C-9137-B9DE10591AC6}.Debug|x64.Build.0 = Debug|x64
		{401862D3-E12F-470C-9137-B9DE10591AC6}.Release|ARM64.ActiveCfg = Release|ARM64
		{401862D3-E12F-470C-9137-B9DE10591AC6}.Release|ARM64.Build.0 = Release|ARM64
		{401862D3-E12F-470C-9137-B9DE10591AC6}.Release|x64.ActiveCfg = Release|x64
		{401862D3-E12F-470C-9137-B9DE10591AC6}.Release|x64.Build.0 = Release|x64
		{3F955137-DC23-4AC1-B7F8-6D0857234CCB}.Debug|ARM64.ActiveCfg = Debug|ARM64
		{3F955137-DC23-4AC1-B7F8-6D0857234CCB}.Debug|ARM64.Build.0 = Debug|ARM64
		{3F955137-DC23-4AC1-B7F8-6D0857234CCB}.Debug|x64.ActiveCfg = Debug|x64
		{3F955137-DC23-4AC1-B7F8-6D0857234CCB}.Debug|x64.Build.0 = Debug|x64
		{3F955137-DC23-4AC1-B7F8-6D0857234CCB}.Release|ARM64.ActiveCfg = Release|ARM64
		{3F955137-DC23-4AC1-B7F8-6D0857234CCB}.Release|ARM64.Build.0 = Release|ARM64
		{3F955137-DC23-4AC1-B7F8-6D0857234CCB}.Release|x64.ActiveCfg = Release|x64
		{3F955137-DC23-4AC1-B7F8-6D0857234CCB}.Release|x64.Build.0 = Release|x64
		{F0E1719C-88FF-4E44-BCBE-8B59ADA29134}.Debug|ARM64.ActiveCfg = Debug|ARM64
		{F0E1719C-88FF-4E44-BCBE-8B59ADA29134}.Debug|ARM64.Build.0 = Debug|ARM64
		{F0E1719C-88FF-4E44-BCBE-8B59ADA29134}.Debug|x64.ActiveCfg = Debug|x64
		{F0E1719C-88FF-4E44-BCBE-8B59ADA29134}.Debug|x64.Build.0 = Debug|x64
		{F0E1719C-88FF-4E44-BCBE-8B59ADA29134}.Release|ARM64.ActiveCfg = Release|ARM64
		{F0E1719C-88FF-4E44-BCBE-8B59ADA29134}.Release|ARM64.Build.0 = Release|ARM64
		{F0E1719C-88FF-4E44-BCBE-8B59ADA29134}.Release|x64.ActiveCfg = Release|x64
		{F0E1719C-88FF-4E44-BCBE-8B59ADA29134}.Release|x64.Build.0 = Release|x64
		{800E7456-4BC4-49B5-940F-1D634B687C6E}.Debug|ARM64.ActiveCfg = Debug|ARM64
		{800E7456-4BC4-49B5-940F-1D634B687C6E}.Debug|ARM64.Build.0 = Debug|ARM64
		{800E7456-4BC4-49B5-940F-1D634B687C6E}.Debug|x64.ActiveCfg = Debug|x64
		{800E7456-4BC4-49B5-940F-1D634B687C6E}.Debug|x64.Build.0 = Debug|x64
		{800E7456-4BC4-49B5-940F-1D634B687C6E}.Release|ARM64.ActiveCfg = Release|ARM64
		{800E7456-4BC4-49B5-940F-1D634B687C6E}.Release|ARM64.Build.0 = Release|ARM64
		{800E7456-4BC4-49B5-940F-1D634B687C6E}.Release|x64.ActiveCfg = Release|x64
		{800E7456-4BC4-49B5-940F-1D634B687C6E}.Release|x64.Build.0 = Release|x64
		{68011903-5E41-41E2-891B-2C0B3B13C189}.Debug|ARM64.ActiveCfg = Debug|ARM64
		{68011903-5E41-41E2-891B-2C0B3B13C189}.Debug|ARM64.Build.0 = Debug|ARM64
		{68011903-5E41-41E2-891B-2C0B3B13C189}.Debug|x64.ActiveCfg = Debug|x64
		{68011903-5E41-41E2-891B-2C0B3B13C189}.Debug|x64.Build.0 = Debug|x64
		{68011903-5E41-41E2-891B-2C0B3B13C189}.Release|ARM64.ActiveCfg = Release|ARM64
		{68011903-5E41-41E2-891B-2C0B3B13C189}.Release|ARM64.Build.0 = Release|ARM64
		{68011903-5E41-41E2-891B-2C0B3B13C189}.Release|x64.ActiveCfg = Release|x64
		{68011903-5E41-41E2-891B-2C0B3B13C189}.Release|x64.Build.0 = Release|x64
		{EB8587FE-7805-4306-AD50-EBE45AB0A189}.Debug|ARM64.ActiveCfg = Debug|ARM64
		{EB8587FE-7805-4306-AD50-EBE45AB0A189}.Debug|ARM64.Build.0 = Debug|ARM64
		{EB8587FE-7805-4306-AD50-EBE45AB0A189}.Debug|x64.ActiveCfg = Debug|x64
		{EB8587FE-7805-4306-AD50-EBE45AB0A189}.Debug|x64.Build.0 = Debug|x64
		{EB8587FE-7805-4306-AD50-EBE45AB0A189}.Release|ARM64.ActiveCfg = Release|ARM64
		{EB8587FE-7805-4306-AD50-EBE45AB0A189}.Release|ARM64.Build.0 = Release|ARM64
		{EB8587FE-7805-4306-AD50-EBE45AB0A189}.Release|x64.ActiveCfg = Release|x64
		{EB8587FE-7805-4306-AD50-EBE45AB0A189}.Release|x64.Build.0 = Release|x64
		{9957CA10-8A8A-419F-92BD-7A8BE3014345}.Debug|ARM64.ActiveCfg = Debug|ARM64
		{9957CA10-8A8A-419F-92BD-7A8BE3014345}.Debug|ARM64.Build.0 = Debug|ARM64
		{9957CA10-8A8A-419F-92BD-7A8BE3014345}.Debug|x64.ActiveCfg = Debug|x64
		{9957CA10-8A8A-419F-92BD-7A8BE3014345}.Debug|x64.Build.0 = Debug|x64
		{9957CA10-8A8A-419F-92BD-7A8BE3014345}.Release|ARM64.ActiveCfg = Release|ARM64
		{9957CA10-8A8A-419F-92BD-7A8BE3014345}.Release|ARM64.Build.0 = Release|ARM64
		{9957CA10-8A8A-419F-92BD-7A8BE3014345}.Release|x64.ActiveCfg = Release|x64
		{9957CA10-8A8A-419F-92BD-7A8BE3014345}.Release|x64.Build.0 = Release|x64
		{DCAD0184-4AFE-49EA-BE31-5D68CA4B59CA}.Debug|ARM64.ActiveCfg = Debug|ARM64
		{DCAD0184-4AFE-49EA-BE31-5D68CA4B59CA}.Debug|ARM64.Build.0 = Debug|ARM64
		{DCAD0184-4AFE-49EA-BE31-5D68CA4B59CA}.Debug|x64.ActiveCfg = Debug|x64
		{DCAD0184-4AFE-49EA-BE31-5D68CA4B59CA}.Debug|x64.Build.0 = Debug|x64
		{DCAD0184-4AFE-49EA-BE31-5D68CA4B59CA}.Release|ARM64.ActiveCfg = Release|ARM64
		{DCAD0184-4AFE-49EA-BE31-5D68CA4B59CA}.Release|ARM64.Build.0 = Release|ARM64
		{DCAD0184-4AFE-49EA-BE31-5D68CA4B59CA}.Release|x64.ActiveCfg = Release|x64
		{DCAD0184-4AFE-49EA-BE31-5D68CA4B59CA}.Release|x64.Build.0 = Release|x64
		{FDFCE363-84A4-4A6F-B97C-D9F57D8D124F}.Debug|ARM64.ActiveCfg = Debug|ARM64
		{FDFCE363-84A4-4A6F-B97C-D9F57D8D124F}.Debug|ARM64.Build.0 = Debug|ARM64
		{FDFCE363-84A4-4A6F-B97C-D9F57D8D124F}.Debug|x64.ActiveCfg = Debug|x64
		{FDFCE363-84A4-4A6F-B97C-D9F57D8D124F}.Debug|x64.Build.0 = Debug|x64
		{FDFCE363-84A4-4A6F-B97C-D9F57D8D124F}.Release|ARM64.ActiveCfg = Release|ARM64
		{FDFCE363-84A4-4A6F-B97C-D9F57D8D124F}.Release|ARM64.Build.0 = Release|ARM64
		{FDFCE363-84A4-4A6F-B97C-D9F57D8D124F}.Release|x64.ActiveCfg = Release|x64
		{FDFCE363-84A4-4A6F-B97C-D9F57D8D124F}.Release|x64.Build.0 = Release|x64
		{03FA0763-6D41-44C0-911D-662AE2B10084}.Debug|ARM64.ActiveCfg = Debug|ARM64
		{03FA0763-6D41-44C0-911D-662AE2B10084}.Debug|ARM64.Build.0 = Debug|ARM64
		{03FA0763-6D41-44C0-911D-662AE2B10084}.Debug|x64.ActiveCfg = Debug|x64
		{03FA0763-6D41-44C0-911D-662AE2B10084}.Debug|x64.Build.0 = Debug|x64
		{03FA0763-6D41-44C0-911D-662AE2B10084}.Release|ARM64.ActiveCfg = Release|ARM64
		{03FA0763-6D41-44C0-911D-662AE2B10084}.Release|ARM64.Build.0 = Release|ARM64
		{03FA0763-6D41-44C0-911D-662AE2B10084}.Release|x64.ActiveCfg = Release|x64
		{03FA0763-6D41-44C0-911D-662AE2B10084}.Release|x64.Build.0 = Release|x64
		{647867C2-54FA-4C2C-9BCD-7F85A4A8F787}.Debug|ARM64.ActiveCfg = Debug|ARM64
		{647867C2-54FA-4C2C-9BCD-7F85A4A8F787}.Debug|ARM64.Build.0 = Debug|ARM64
		{647867C2-54FA-4C2C-9BCD-7F85A4A8F787}.Debug|x64.ActiveCfg = Debug|x64
		{647867C2-54FA-4C2C-9BCD-7F85A4A8F787}.Debug|x64.Build.0 = Debug|x64
		{647867C2-54FA-4C2C-9BCD-7F85A4A8F787}.Release|ARM64.ActiveCfg = Release|ARM64
		{647867C2-54FA-4C2C-9BCD-7F85A4A8F787}.Release|ARM64.Build.0 = Release|ARM64
		{647867C2-54FA-4C2C-9BCD-7F85A4A8F787}.Release|x64.ActiveCfg = Release|x64
		{647867C2-54FA-4C2C-9BCD-7F85A4A8F787}.Release|x64.Build.0 = Release|x64
		{066B6514-86A0-41D8-BB6A-D9B05141D026}.Debug|ARM64.ActiveCfg = Debug|ARM64
		{066B6514-86A0-41D8-BB6A-D9B05141D026}.Debug|ARM64.Build.0 = Debug|ARM64
		{066B6514-86A0-41D8-BB6A-D9B05141D026}.Debug|x64.ActiveCfg = Debug|x64
		{066B6514-86A0-41D8-BB6A-D9B05141D026}.Debug|x64.Build.0 = Debug|x64
		{066B6514-86A0-41D8-BB6A-D9B05141D026}.Release|ARM64.ActiveCfg = Release|ARM64
		{066B6514-86A0-41D8-BB6A-D9B05141D026}.Release|ARM64.Build.0 = Release|ARM64
		{066B6514-86A0-41D8-BB6A-D9B05141D026}.Release|x64.ActiveCfg = Release|x64
		{066B6514-86A0-41D8-BB6A-D9B05141D026}.Release|x64.Build.0 = Release|x64
		{0A8829D0-0A6F-43A5-ACD4-970690296C52}.Debug|ARM64.ActiveCfg = Debug|ARM64
		{0A8829D0-0A6F-43A5-ACD4-970690296C52}.Debug|ARM64.Build.0 = Debug|ARM64
		{0A8829D0-0A6F-43A5-ACD4-970690296C52}.Debug|x64.ActiveCfg = Debug|x64
		{0A8829D0-0A6F-43A5-ACD4-970690296C52}.Debug|x64.Build.0 = Debug|x64
		{0A8829D0-0A6F-43A5-ACD4-970690296C52}.Release|ARM64.ActiveCfg = Release|ARM64
		{0A8829D0-0A6F-43A5-ACD4-970690296C52}.Release|ARM64.Build.0 = Release|ARM64
		{0A8829D0-0A6F-43A5-ACD4-970690296C52}.Release|x64.ActiveCfg = Release|x64
		{0A8829D0-0A6F-43A5-ACD4-970690296C52}.Release|x64.Build.0 = Release|x64
		{97EDD08B-0E2F-4445-A4CA-36285954BBDC}.Debug|ARM64.ActiveCfg = Debug|ARM64
		{97EDD08B-0E2F-4445-A4CA-36285954BBDC}.Debug|ARM64.Build.0 = Debug|ARM64
		{97EDD08B-0E2F-4445-A4CA-36285954BBDC}.Debug|x64.ActiveCfg = Debug|x64
		{97EDD08B-0E2F-4445-A4CA-36285954BBDC}.Debug|x64.Build.0 = Debug|x64
		{97EDD08B-0E2F-4445-A4CA-36285954BBDC}.Release|ARM64.ActiveCfg = Release|ARM64
		{97EDD08B-0E2F-4445-A4CA-36285954BBDC}.Release|ARM64.Build.0 = Release|ARM64
		{97EDD08B-0E2F-4445-A4CA-36285954BBDC}.Release|x64.ActiveCfg = Release|x64
		{97EDD08B-0E2F-4445-A4CA-36285954BBDC}.Release|x64.Build.0 = Release|x64
		{B1185D46-45AE-49DD-99BF-602B9359BACF}.Debug|ARM64.ActiveCfg = Debug|ARM64
		{B1185D46-45AE-49DD-99BF-602B9359BACF}.Debug|ARM64.Build.0 = Debug|ARM64
		{B1185D46-45AE-49DD-99BF-602B9359BACF}.Debug|x64.ActiveCfg = Debug|x64
		{B1185D46-45AE-49DD-99BF-602B9359BACF}.Debug|x64.Build.0 = Debug|x64
		{B1185D46-45AE-49DD-99BF-602B9359BACF}.Release|ARM64.ActiveCfg = Release|ARM64
		{B1185D46-45AE-49DD-99BF-602B9359BACF}.Release|ARM64.Build.0 = Release|ARM64
		{B1185D46-45AE-49DD-99BF-602B9359BACF}.Release|x64.ActiveCfg = Release|x64
		{B1185D46-45AE-49DD-99BF-602B9359BACF}.Release|x64.Build.0 = Release|x64
		{101DD668-2140-4183-8C97-F641173AF736}.Debug|ARM64.ActiveCfg = Debug|ARM64
		{101DD668-2140-4183-8C97-F641173AF736}.Debug|ARM64.Build.0 = Debug|ARM64
		{101DD668-2140-4183-8C97-F641173AF736}.Debug|x64.ActiveCfg = Debug|x64
		{101DD668-2140-4183-8C97-F641173AF736}.Debug|x64.Build.0 = Debug|x64
		{101DD668-2140-4183-8C97-F641173AF736}.Release|ARM64.ActiveCfg = Release|ARM64
		{101DD668-2140-4183-8C97-F641173AF736}.Release|ARM64.Build.0 = Release|ARM64
		{101DD668-2140-4183-8C97-F641173AF736}.Release|x64.ActiveCfg = Release|x64
		{101DD668-2140-4183-8C97-F641173AF736}.Release|x64.Build.0 = Release|x64
		{1826D544-16E6-460F-A8F2-1D56B5041AE7}.Debug|ARM64.ActiveCfg = Debug|ARM64
		{1826D544-16E6-460F-A8F2-1D56B5041AE7}.Debug|ARM64.Build.0 = Debug|ARM64
		{1826D544-16E6-460F-A8F2-1D56B5041AE7}.Debug|x64.ActiveCfg = Debug|x64
		{1826D544-16E6-460F-A8F2-1D56B5041AE7}.Debug|x64.Build.0 = Debug|x64
		{1826D544-16E6-460F-A8F2-1D56B5041AE7}.Release|ARM64.ActiveCfg = Release|ARM64
		{1826D544-16E6-460F-A8F2-1D56B5041AE7}.Release|ARM64.Build.0 = Release|ARM64
		{1826D544-16E6-460F-A8F2-1D56B5041AE7}.Release|x64.ActiveCfg = Release|x64
		{1826D544-16E6-460F-A8F2-1D56B5041AE7}.Release|x64.Build.0 = Release|x64
	EndGlobalSection
	GlobalSection(SolutionProperties) = preSolution
		HideSolutionNode = FALSE
	EndGlobalSection
	GlobalSection(ExtensibilityGlobals) = postSolution
		SolutionGuid = {CD63E89D-F4FA-42A7-A10B-50CF854078FA}
	EndGlobalSection
EndGlobal
